// !$*UTF8*$!
{
	archiveVersion = 1;
	classes = {
	};
	objectVersion = 55;
	objects = {

/* Begin PBXBuildFile section */
		2502533D277AB30F0049F342 /* SchoolDTO.swift in Sources */ = {isa = PBXBuildFile; fileRef = 2502533C277AB30F0049F342 /* SchoolDTO.swift */; };
		2502533F277AB7500049F342 /* SchoolSearchUseCase.swift in Sources */ = {isa = PBXBuildFile; fileRef = 2502533E277AB7500049F342 /* SchoolSearchUseCase.swift */; };
		250D82432772C43400AF1A46 /* String.swift in Sources */ = {isa = PBXBuildFile; fileRef = 250D82422772C43400AF1A46 /* String.swift */; };
		252AC36027787145008AD5E4 /* UnivFinderView.swift in Sources */ = {isa = PBXBuildFile; fileRef = 252AC35F27787145008AD5E4 /* UnivFinderView.swift */; };
		257B8E3F27774DB100C1C856 /* SettingUserView.swift in Sources */ = {isa = PBXBuildFile; fileRef = 257B8E3E27774DB100C1C856 /* SettingUserView.swift */; };
		25B98808277AEC3500EE6ED7 /* SettingViewController.swift in Sources */ = {isa = PBXBuildFile; fileRef = 25B98807277AEC3500EE6ED7 /* SettingViewController.swift */; };
		25D9E10527799775009256B7 /* LoginSchoolSearchView.swift in Sources */ = {isa = PBXBuildFile; fileRef = 25D9E10427799775009256B7 /* LoginSchoolSearchView.swift */; };
		871B6E51276EE48D008CEEBA /* AppDelegate.swift in Sources */ = {isa = PBXBuildFile; fileRef = 871B6E50276EE48D008CEEBA /* AppDelegate.swift */; };
		871B6E53276EE48D008CEEBA /* SceneDelegate.swift in Sources */ = {isa = PBXBuildFile; fileRef = 871B6E52276EE48D008CEEBA /* SceneDelegate.swift */; };
		871B6E58276EE48D008CEEBA /* Main.storyboard in Resources */ = {isa = PBXBuildFile; fileRef = 871B6E56276EE48D008CEEBA /* Main.storyboard */; };
		871B6E5A276EE48D008CEEBA /* Assets.xcassets in Resources */ = {isa = PBXBuildFile; fileRef = 871B6E59276EE48D008CEEBA /* Assets.xcassets */; };
		871B6E5D276EE48D008CEEBA /* LaunchScreen.storyboard in Resources */ = {isa = PBXBuildFile; fileRef = 871B6E5B276EE48D008CEEBA /* LaunchScreen.storyboard */; };
		871B6E66276EE584008CEEBA /* Kingfisher in Frameworks */ = {isa = PBXBuildFile; productRef = 871B6E65276EE584008CEEBA /* Kingfisher */; };
		871B6E69276EE5AB008CEEBA /* Alamofire in Frameworks */ = {isa = PBXBuildFile; productRef = 871B6E68276EE5AB008CEEBA /* Alamofire */; };
		871B6E6C276EE5E7008CEEBA /* GoogleSignIn in Frameworks */ = {isa = PBXBuildFile; productRef = 871B6E6B276EE5E7008CEEBA /* GoogleSignIn */; };
		8726CB0B278D1458004D9CC0 /* StartViewController.swift in Sources */ = {isa = PBXBuildFile; fileRef = 8726CB0A278D1458004D9CC0 /* StartViewController.swift */; };
		8726CB0D278D156F004D9CC0 /* SelectFavoriteViewController.swift in Sources */ = {isa = PBXBuildFile; fileRef = 8726CB0C278D156F004D9CC0 /* SelectFavoriteViewController.swift */; };
		8726CB10278D2051004D9CC0 /* UserDefaultsManager.swift in Sources */ = {isa = PBXBuildFile; fileRef = 8726CB0F278D2051004D9CC0 /* UserDefaultsManager.swift */; };
		8733159427799B77004E4A98 /* Categorys.swift in Sources */ = {isa = PBXBuildFile; fileRef = 8733159327799B77004E4A98 /* Categorys.swift */; };
		873315962779A181004E4A98 /* Majors.swift in Sources */ = {isa = PBXBuildFile; fileRef = 873315952779A181004E4A98 /* Majors.swift */; };
		8742544827795D3900D60264 /* QueryListButton.swift in Sources */ = {isa = PBXBuildFile; fileRef = 8742544727795D3900D60264 /* QueryListButton.swift */; };
		8755ABD627731E7600752745 /* ProblemTimerView.swift in Sources */ = {isa = PBXBuildFile; fileRef = 8755ABD527731E7600752745 /* ProblemTimerView.swift */; };
		8766B1F6277C44A600061CE6 /* CollectionCellDelegate.swift in Sources */ = {isa = PBXBuildFile; fileRef = 8766B1F5277C44A600061CE6 /* CollectionCellDelegate.swift */; };
		879B172A2772C6F70042478F /* UserCoreData.swift in Sources */ = {isa = PBXBuildFile; fileRef = 879B17282772C6F70042478F /* UserCoreData.swift */; };
		87AD6CEE2774196C00996937 /* ProblemTextResultView.swift in Sources */ = {isa = PBXBuildFile; fileRef = 87AD6CED2774196C00996937 /* ProblemTextResultView.swift */; };
		87B6F0BC2782BC8900E6FF8A /* SemomunColor.swift in Sources */ = {isa = PBXBuildFile; fileRef = 87B6F0BB2782BC8900E6FF8A /* SemomunColor.swift */; };
		87B6F0BF2782C40100E6FF8A /* SemomunImage.swift in Sources */ = {isa = PBXBuildFile; fileRef = 87B6F0BE2782C40100E6FF8A /* SemomunImage.swift */; };
		87C85E36276F6656001C9C4A /* PersonalSettingViewController.swift in Sources */ = {isa = PBXBuildFile; fileRef = 87C85E35276F6656001C9C4A /* PersonalSettingViewController.swift */; };
		87C85E38276F6688001C9C4A /* PersonalSettingNameViewController.swift in Sources */ = {isa = PBXBuildFile; fileRef = 87C85E37276F6688001C9C4A /* PersonalSettingNameViewController.swift */; };
		87C85E3C276F66BC001C9C4A /* PKDrawing.swift in Sources */ = {isa = PBXBuildFile; fileRef = 87C85E3B276F66BC001C9C4A /* PKDrawing.swift */; };
		87C85E3E276F66CC001C9C4A /* UIButton.swift in Sources */ = {isa = PBXBuildFile; fileRef = 87C85E3D276F66CC001C9C4A /* UIButton.swift */; };
		87C85E40276F66DF001C9C4A /* UIViewController.swift in Sources */ = {isa = PBXBuildFile; fileRef = 87C85E3F276F66DF001C9C4A /* UIViewController.swift */; };
		87C85E42276F66F8001C9C4A /* Int64.swift in Sources */ = {isa = PBXBuildFile; fileRef = 87C85E41276F66F8001C9C4A /* Int64.swift */; };
		87C85E44276F6708001C9C4A /* UICollectionViewCell.swift in Sources */ = {isa = PBXBuildFile; fileRef = 87C85E43276F6708001C9C4A /* UICollectionViewCell.swift */; };
		87C85E46276F6717001C9C4A /* NotificationName.swift in Sources */ = {isa = PBXBuildFile; fileRef = 87C85E45276F6717001C9C4A /* NotificationName.swift */; };
		87C85E48276F6726001C9C4A /* UIView.swift in Sources */ = {isa = PBXBuildFile; fileRef = 87C85E47276F6726001C9C4A /* UIView.swift */; };
		87C85E4A276F676C001C9C4A /* UserInfoToggleView.swift in Sources */ = {isa = PBXBuildFile; fileRef = 87C85E49276F676C001C9C4A /* UserInfoToggleView.swift */; };
		87C85E4C276F6794001C9C4A /* CircularProgressView.swift in Sources */ = {isa = PBXBuildFile; fileRef = 87C85E4B276F6794001C9C4A /* CircularProgressView.swift */; };
		87C85E4E276F67AD001C9C4A /* LoadingIndicator.swift in Sources */ = {isa = PBXBuildFile; fileRef = 87C85E4D276F67AD001C9C4A /* LoadingIndicator.swift */; };
		87C85E50276F67C5001C9C4A /* LoginViewController.swift in Sources */ = {isa = PBXBuildFile; fileRef = 87C85E4F276F67C5001C9C4A /* LoginViewController.swift */; };
		87C85E52276F67D7001C9C4A /* CertificationViewController.swift in Sources */ = {isa = PBXBuildFile; fileRef = 87C85E51276F67D7001C9C4A /* CertificationViewController.swift */; };
		87C85E56276F67F8001C9C4A /* SurveyViewController.swift in Sources */ = {isa = PBXBuildFile; fileRef = 87C85E55276F67F8001C9C4A /* SurveyViewController.swift */; };
		87C85E58276F680D001C9C4A /* PersonalInfoViewController.swift in Sources */ = {isa = PBXBuildFile; fileRef = 87C85E57276F680D001C9C4A /* PersonalInfoViewController.swift */; };
		87C85E61276F68CE001C9C4A /* CertificationUseCase.swift in Sources */ = {isa = PBXBuildFile; fileRef = 87C85E60276F68CE001C9C4A /* CertificationUseCase.swift */; };
		87C85E63276F68E1001C9C4A /* CategoryViewController.swift in Sources */ = {isa = PBXBuildFile; fileRef = 87C85E62276F68E1001C9C4A /* CategoryViewController.swift */; };
		87C85E65276F68F0001C9C4A /* MajorViewController.swift in Sources */ = {isa = PBXBuildFile; fileRef = 87C85E64276F68F0001C9C4A /* MajorViewController.swift */; };
		87C85E67276F68FE001C9C4A /* MajorDetailViewController.swift in Sources */ = {isa = PBXBuildFile; fileRef = 87C85E66276F68FE001C9C4A /* MajorDetailViewController.swift */; };
		87C85E69276F6910001C9C4A /* CategoryManager.swift in Sources */ = {isa = PBXBuildFile; fileRef = 87C85E68276F6910001C9C4A /* CategoryManager.swift */; };
		87C85E6B276F691F001C9C4A /* MajorManager.swift in Sources */ = {isa = PBXBuildFile; fileRef = 87C85E6A276F691F001C9C4A /* MajorManager.swift */; };
		87C85E6D276F693A001C9C4A /* MajorDetailManager.swift in Sources */ = {isa = PBXBuildFile; fileRef = 87C85E6C276F693A001C9C4A /* MajorDetailManager.swift */; };
		87C85E6F276F6957001C9C4A /* FavoriteCategoryCell.swift in Sources */ = {isa = PBXBuildFile; fileRef = 87C85E6E276F6957001C9C4A /* FavoriteCategoryCell.swift */; };
		87C85E71276F6967001C9C4A /* MajorCell.swift in Sources */ = {isa = PBXBuildFile; fileRef = 87C85E70276F6967001C9C4A /* MajorCell.swift */; };
		87C85E73276F6975001C9C4A /* MajorDetailCell.swift in Sources */ = {isa = PBXBuildFile; fileRef = 87C85E72276F6975001C9C4A /* MajorDetailCell.swift */; };
		87C85E7D276F69BD001C9C4A /* KeychainItem.swift in Sources */ = {isa = PBXBuildFile; fileRef = 87C85E7C276F69BD001C9C4A /* KeychainItem.swift */; };
		87C85E7F276F69CD001C9C4A /* UserInfo.swift in Sources */ = {isa = PBXBuildFile; fileRef = 87C85E7E276F69CD001C9C4A /* UserInfo.swift */; };
		87C85E81276F69E9001C9C4A /* Validate.swift in Sources */ = {isa = PBXBuildFile; fileRef = 87C85E80276F69E9001C9C4A /* Validate.swift */; };
		87C85E83276F6A54001C9C4A /* MainViewController.swift in Sources */ = {isa = PBXBuildFile; fileRef = 87C85E82276F6A54001C9C4A /* MainViewController.swift */; };
		87C85E85276F6A6A001C9C4A /* MainViewController+Extension.swift in Sources */ = {isa = PBXBuildFile; fileRef = 87C85E84276F6A6A001C9C4A /* MainViewController+Extension.swift */; };
		87C85E87276F6A7A001C9C4A /* SideMenuViewController.swift in Sources */ = {isa = PBXBuildFile; fileRef = 87C85E86276F6A7A001C9C4A /* SideMenuViewController.swift */; };
		87C85E8A276F6AA5001C9C4A /* CategoryCell.swift in Sources */ = {isa = PBXBuildFile; fileRef = 87C85E89276F6AA5001C9C4A /* CategoryCell.swift */; };
		87C85E8C276F6AB6001C9C4A /* PreviewCell.swift in Sources */ = {isa = PBXBuildFile; fileRef = 87C85E8B276F6AB6001C9C4A /* PreviewCell.swift */; };
		87C85E90276F6B03001C9C4A /* PreviewManager.swift in Sources */ = {isa = PBXBuildFile; fileRef = 87C85E8F276F6B03001C9C4A /* PreviewManager.swift */; };
		87C85E92276F6B16001C9C4A /* CoreUsecase.swift in Sources */ = {isa = PBXBuildFile; fileRef = 87C85E91276F6B16001C9C4A /* CoreUsecase.swift */; };
		87C85E94276F6B36001C9C4A /* CoreDataManager.swift in Sources */ = {isa = PBXBuildFile; fileRef = 87C85E93276F6B36001C9C4A /* CoreDataManager.swift */; };
		87C85E96276F6B50001C9C4A /* Preview_Core.swift in Sources */ = {isa = PBXBuildFile; fileRef = 87C85E95276F6B50001C9C4A /* Preview_Core.swift */; };
		87C85E98276F6B60001C9C4A /* SectionHeader_Core.swift in Sources */ = {isa = PBXBuildFile; fileRef = 87C85E97276F6B60001C9C4A /* SectionHeader_Core.swift */; };
		87C85E9A276F6B70001C9C4A /* Section_Core.swift in Sources */ = {isa = PBXBuildFile; fileRef = 87C85E99276F6B70001C9C4A /* Section_Core.swift */; };
		87C85E9C276F6B7F001C9C4A /* Page_Core.swift in Sources */ = {isa = PBXBuildFile; fileRef = 87C85E9B276F6B7F001C9C4A /* Page_Core.swift */; };
		87C85E9E276F6B8E001C9C4A /* Problem_Core.swift in Sources */ = {isa = PBXBuildFile; fileRef = 87C85E9D276F6B8E001C9C4A /* Problem_Core.swift */; };
		87C85EA0276F6BD3001C9C4A /* SearchWorkbookViewController.swift in Sources */ = {isa = PBXBuildFile; fileRef = 87C85E9F276F6BD3001C9C4A /* SearchWorkbookViewController.swift */; };
		87C85EA2276F6BF0001C9C4A /* SearchWorkbookManager.swift in Sources */ = {isa = PBXBuildFile; fileRef = 87C85EA1276F6BF0001C9C4A /* SearchWorkbookManager.swift */; };
		87C85EA4276F6C03001C9C4A /* SearchPreviewCell.swift in Sources */ = {isa = PBXBuildFile; fileRef = 87C85EA3276F6C03001C9C4A /* SearchPreviewCell.swift */; };
		87C85EAD276F6C83001C9C4A /* SolvingViewController.swift in Sources */ = {isa = PBXBuildFile; fileRef = 87C85EAC276F6C83001C9C4A /* SolvingViewController.swift */; };
		87C85EAF276F6C9B001C9C4A /* ExplanationViewController.swift in Sources */ = {isa = PBXBuildFile; fileRef = 87C85EAE276F6C9B001C9C4A /* ExplanationViewController.swift */; };
		87C85EB1276F6CAE001C9C4A /* SectionResultViewController.swift in Sources */ = {isa = PBXBuildFile; fileRef = 87C85EB0276F6CAE001C9C4A /* SectionResultViewController.swift */; };
		87C85EB3276F6CBE001C9C4A /* SectionManager.swift in Sources */ = {isa = PBXBuildFile; fileRef = 87C85EB2276F6CBE001C9C4A /* SectionManager.swift */; };
		87C85EB5276F6CD0001C9C4A /* SaveSectionUsecase.swift in Sources */ = {isa = PBXBuildFile; fileRef = 87C85EB4276F6CD0001C9C4A /* SaveSectionUsecase.swift */; };
		87C85EB7276F6CE3001C9C4A /* ProblemNameCell.swift in Sources */ = {isa = PBXBuildFile; fileRef = 87C85EB6276F6CE3001C9C4A /* ProblemNameCell.swift */; };
		87C85EB9276F6CF1001C9C4A /* MultipleWith5Cell.swift in Sources */ = {isa = PBXBuildFile; fileRef = 87C85EB8276F6CF1001C9C4A /* MultipleWith5Cell.swift */; };
		87C85EBB276F6D00001C9C4A /* MultipleWithNoCell.swift in Sources */ = {isa = PBXBuildFile; fileRef = 87C85EBA276F6D00001C9C4A /* MultipleWithNoCell.swift */; };
		87C85EBD276F6D13001C9C4A /* PageData.swift in Sources */ = {isa = PBXBuildFile; fileRef = 87C85EBC276F6D13001C9C4A /* PageData.swift */; };
		87C85EBF276F6D26001C9C4A /* SectionResult.swift in Sources */ = {isa = PBXBuildFile; fileRef = 87C85EBE276F6D26001C9C4A /* SectionResult.swift */; };
		87C85EC1276F6D32001C9C4A /* Submission.swift in Sources */ = {isa = PBXBuildFile; fileRef = 87C85EC0276F6D32001C9C4A /* Submission.swift */; };
		87C85EC3276F6D44001C9C4A /* SingleWith5Answer.swift in Sources */ = {isa = PBXBuildFile; fileRef = 87C85EC2276F6D44001C9C4A /* SingleWith5Answer.swift */; };
		87C85EC5276F6D55001C9C4A /* SingleWithTextAnswer.swift in Sources */ = {isa = PBXBuildFile; fileRef = 87C85EC4276F6D55001C9C4A /* SingleWithTextAnswer.swift */; };
		87C85EC7276F6D67001C9C4A /* MultipleWith5Answer.swift in Sources */ = {isa = PBXBuildFile; fileRef = 87C85EC6276F6D67001C9C4A /* MultipleWith5Answer.swift */; };
		87C85EC9276F6D77001C9C4A /* SingleWith4Answer.swift in Sources */ = {isa = PBXBuildFile; fileRef = 87C85EC8276F6D77001C9C4A /* SingleWith4Answer.swift */; };
		87C85ECB276F6D86001C9C4A /* MultipleWithNoAnswer.swift in Sources */ = {isa = PBXBuildFile; fileRef = 87C85ECA276F6D86001C9C4A /* MultipleWithNoAnswer.swift */; };
		87C85ECD276F6D9A001C9C4A /* SingleWith5AnswerViewModel.swift in Sources */ = {isa = PBXBuildFile; fileRef = 87C85ECC276F6D9A001C9C4A /* SingleWith5AnswerViewModel.swift */; };
		87C85ECF276F6DA8001C9C4A /* SingleWithTextAnswerViewModel.swift in Sources */ = {isa = PBXBuildFile; fileRef = 87C85ECE276F6DA8001C9C4A /* SingleWithTextAnswerViewModel.swift */; };
		87C85ED1276F6DB5001C9C4A /* MultipleWith5AnswerViewModel.swift in Sources */ = {isa = PBXBuildFile; fileRef = 87C85ED0276F6DB5001C9C4A /* MultipleWith5AnswerViewModel.swift */; };
		87C85ED3276F6DC4001C9C4A /* SingleWith4AnswerViewModel.swift in Sources */ = {isa = PBXBuildFile; fileRef = 87C85ED2276F6DC4001C9C4A /* SingleWith4AnswerViewModel.swift */; };
		87C85ED5276F6DD2001C9C4A /* MultipleWithNoAnswerViewModel.swift in Sources */ = {isa = PBXBuildFile; fileRef = 87C85ED4276F6DD2001C9C4A /* MultipleWithNoAnswerViewModel.swift */; };
		87C85ED7276F6E10001C9C4A /* ShowDetailOfWorkbookViewController.swift in Sources */ = {isa = PBXBuildFile; fileRef = 87C85ED6276F6E10001C9C4A /* ShowDetailOfWorkbookViewController.swift */; };
		87C85EE9276F6E95001C9C4A /* Network.swift in Sources */ = {isa = PBXBuildFile; fileRef = 87C85EE8276F6E95001C9C4A /* Network.swift */; };
		87C85EEB276F6EBB001C9C4A /* NetworkUsecase.swift in Sources */ = {isa = PBXBuildFile; fileRef = 87C85EEA276F6EBB001C9C4A /* NetworkUsecase.swift */; };
		87C85EEE276F6ED6001C9C4A /* PreviewOfDB.swift in Sources */ = {isa = PBXBuildFile; fileRef = 87C85EED276F6ED6001C9C4A /* PreviewOfDB.swift */; };
		87C85EF0276F6EE3001C9C4A /* WorkbookOfDB.swift in Sources */ = {isa = PBXBuildFile; fileRef = 87C85EEF276F6EE3001C9C4A /* WorkbookOfDB.swift */; };
		87C85EF2276F6EF0001C9C4A /* SectionOfDB.swift in Sources */ = {isa = PBXBuildFile; fileRef = 87C85EF1276F6EF0001C9C4A /* SectionOfDB.swift */; };
		87C85EF4276F6EFE001C9C4A /* PageOfDB.swift in Sources */ = {isa = PBXBuildFile; fileRef = 87C85EF3276F6EFE001C9C4A /* PageOfDB.swift */; };
		87C85EF6276F6F0C001C9C4A /* ProblemOfDB.swift in Sources */ = {isa = PBXBuildFile; fileRef = 87C85EF5276F6F0C001C9C4A /* ProblemOfDB.swift */; };
		87C85EF8276F6F21001C9C4A /* CoreGraphics+Z.swift in Sources */ = {isa = PBXBuildFile; fileRef = 87C85EF7276F6F21001C9C4A /* CoreGraphics+Z.swift */; };
		87C85EFB276F7055001C9C4A /* semomun.xcdatamodeld in Sources */ = {isa = PBXBuildFile; fileRef = 87C85EF9276F7055001C9C4A /* semomun.xcdatamodeld */; };
		87DB962E277AF640002203AA /* SideMenuCell.swift in Sources */ = {isa = PBXBuildFile; fileRef = 87DB962D277AF640002203AA /* SideMenuCell.swift */; };
		87E23A672774E64500260C5E /* WrongProblemCell.swift in Sources */ = {isa = PBXBuildFile; fileRef = 87E23A662774E64500260C5E /* WrongProblemCell.swift */; };
		87E7A549277EBD4600359BAE /* LongTextPopupViewController.swift in Sources */ = {isa = PBXBuildFile; fileRef = 87E7A548277EBD4600359BAE /* LongTextPopupViewController.swift */; };
		87E7A54B277EBEB000359BAE /* termsAndConditions.txt in Resources */ = {isa = PBXBuildFile; fileRef = 87E7A54A277EBEB000359BAE /* termsAndConditions.txt */; };
		87E7A54D277EC1BB00359BAE /* SemomunInfoDTO.swift in Sources */ = {isa = PBXBuildFile; fileRef = 87E7A54C277EC1BB00359BAE /* SemomunInfoDTO.swift */; };
		87E7A54F277EC64500359BAE /* personalInformationProcessingPolicy.txt in Resources */ = {isa = PBXBuildFile; fileRef = 87E7A54E277EC64500359BAE /* personalInformationProcessingPolicy.txt */; };
		87EA7FF02784727500B6EFC3 /* RequestResult.swift in Sources */ = {isa = PBXBuildFile; fileRef = 87EA7FEF2784727500B6EFC3 /* RequestResult.swift */; };
		87EA7FF22785475000B6EFC3 /* ServiceInfoViewController.swift in Sources */ = {isa = PBXBuildFile; fileRef = 87EA7FF12785475000B6EFC3 /* ServiceInfoViewController.swift */; };
		87EA7FF427855FB100B6EFC3 /* StartLoginViewController.swift in Sources */ = {isa = PBXBuildFile; fileRef = 87EA7FF327855FB100B6EFC3 /* StartLoginViewController.swift */; };
		87EB46962783454700052BCE /* ScreenProtector.swift in Sources */ = {isa = PBXBuildFile; fileRef = 87EB46952783454700052BCE /* ScreenProtector.swift */; };
/* End PBXBuildFile section */

/* Begin PBXFileReference section */
		2502533C277AB30F0049F342 /* SchoolDTO.swift */ = {isa = PBXFileReference; lastKnownFileType = sourcecode.swift; path = SchoolDTO.swift; sourceTree = "<group>"; };
		2502533E277AB7500049F342 /* SchoolSearchUseCase.swift */ = {isa = PBXFileReference; lastKnownFileType = sourcecode.swift; path = SchoolSearchUseCase.swift; sourceTree = "<group>"; };
		250D82422772C43400AF1A46 /* String.swift */ = {isa = PBXFileReference; lastKnownFileType = sourcecode.swift; path = String.swift; sourceTree = "<group>"; };
		252AC35F27787145008AD5E4 /* UnivFinderView.swift */ = {isa = PBXFileReference; lastKnownFileType = sourcecode.swift; path = UnivFinderView.swift; sourceTree = "<group>"; };
		2539E6BC27886C140012645F /* ko */ = {isa = PBXFileReference; lastKnownFileType = text.plist.strings; name = ko; path = ko.lproj/Main.strings; sourceTree = "<group>"; };
		2539E6BD27886C140012645F /* ko */ = {isa = PBXFileReference; lastKnownFileType = text.plist.strings; name = ko; path = ko.lproj/LaunchScreen.strings; sourceTree = "<group>"; };
		257B8E3E27774DB100C1C856 /* SettingUserView.swift */ = {isa = PBXFileReference; lastKnownFileType = sourcecode.swift; path = SettingUserView.swift; sourceTree = "<group>"; };
		2583AC25277B1A8900619F03 /* schoolToken.xcconfig */ = {isa = PBXFileReference; lastKnownFileType = text.xcconfig; path = schoolToken.xcconfig; sourceTree = "<group>"; };
		25B98807277AEC3500EE6ED7 /* SettingViewController.swift */ = {isa = PBXFileReference; lastKnownFileType = sourcecode.swift; path = SettingViewController.swift; sourceTree = "<group>"; };
		25D9E10427799775009256B7 /* LoginSchoolSearchView.swift */ = {isa = PBXFileReference; lastKnownFileType = sourcecode.swift; path = LoginSchoolSearchView.swift; sourceTree = "<group>"; };
		871B6E4D276EE48D008CEEBA /* semomun.app */ = {isa = PBXFileReference; explicitFileType = wrapper.application; includeInIndex = 0; path = semomun.app; sourceTree = BUILT_PRODUCTS_DIR; };
		871B6E50276EE48D008CEEBA /* AppDelegate.swift */ = {isa = PBXFileReference; lastKnownFileType = sourcecode.swift; path = AppDelegate.swift; sourceTree = "<group>"; };
		871B6E52276EE48D008CEEBA /* SceneDelegate.swift */ = {isa = PBXFileReference; lastKnownFileType = sourcecode.swift; path = SceneDelegate.swift; sourceTree = "<group>"; };
		871B6E57276EE48D008CEEBA /* Base */ = {isa = PBXFileReference; lastKnownFileType = file.storyboard; name = Base; path = Base.lproj/Main.storyboard; sourceTree = "<group>"; };
		871B6E59276EE48D008CEEBA /* Assets.xcassets */ = {isa = PBXFileReference; lastKnownFileType = folder.assetcatalog; path = Assets.xcassets; sourceTree = "<group>"; };
		871B6E5C276EE48D008CEEBA /* Base */ = {isa = PBXFileReference; lastKnownFileType = file.storyboard; name = Base; path = Base.lproj/LaunchScreen.storyboard; sourceTree = "<group>"; };
		871B6E5E276EE48D008CEEBA /* Info.plist */ = {isa = PBXFileReference; lastKnownFileType = text.plist.xml; path = Info.plist; sourceTree = "<group>"; };
		8726CB0A278D1458004D9CC0 /* StartViewController.swift */ = {isa = PBXFileReference; lastKnownFileType = sourcecode.swift; path = StartViewController.swift; sourceTree = "<group>"; };
		8726CB0C278D156F004D9CC0 /* SelectFavoriteViewController.swift */ = {isa = PBXFileReference; lastKnownFileType = sourcecode.swift; path = SelectFavoriteViewController.swift; sourceTree = "<group>"; };
		8726CB0F278D2051004D9CC0 /* UserDefaultsManager.swift */ = {isa = PBXFileReference; lastKnownFileType = sourcecode.swift; path = UserDefaultsManager.swift; sourceTree = "<group>"; };
		8733159327799B77004E4A98 /* Categorys.swift */ = {isa = PBXFileReference; lastKnownFileType = sourcecode.swift; path = Categorys.swift; sourceTree = "<group>"; };
		873315952779A181004E4A98 /* Majors.swift */ = {isa = PBXFileReference; lastKnownFileType = sourcecode.swift; path = Majors.swift; sourceTree = "<group>"; };
		8742544727795D3900D60264 /* QueryListButton.swift */ = {isa = PBXFileReference; lastKnownFileType = sourcecode.swift; path = QueryListButton.swift; sourceTree = "<group>"; };
		8745569C27701BB700E3CBEE /* semomun.entitlements */ = {isa = PBXFileReference; lastKnownFileType = text.plist.entitlements; path = semomun.entitlements; sourceTree = "<group>"; };
		8755ABD527731E7600752745 /* ProblemTimerView.swift */ = {isa = PBXFileReference; lastKnownFileType = sourcecode.swift; path = ProblemTimerView.swift; sourceTree = "<group>"; };
		8766B1F5277C44A600061CE6 /* CollectionCellDelegate.swift */ = {isa = PBXFileReference; lastKnownFileType = sourcecode.swift; path = CollectionCellDelegate.swift; sourceTree = "<group>"; };
		879B17282772C6F70042478F /* UserCoreData.swift */ = {isa = PBXFileReference; lastKnownFileType = sourcecode.swift; path = UserCoreData.swift; sourceTree = "<group>"; };
		87AD6CED2774196C00996937 /* ProblemTextResultView.swift */ = {isa = PBXFileReference; lastKnownFileType = sourcecode.swift; path = ProblemTextResultView.swift; sourceTree = "<group>"; };
		87B6F0BB2782BC8900E6FF8A /* SemomunColor.swift */ = {isa = PBXFileReference; lastKnownFileType = sourcecode.swift; path = SemomunColor.swift; sourceTree = "<group>"; };
		87B6F0BE2782C40100E6FF8A /* SemomunImage.swift */ = {isa = PBXFileReference; lastKnownFileType = sourcecode.swift; path = SemomunImage.swift; sourceTree = "<group>"; };
		87C85E35276F6656001C9C4A /* PersonalSettingViewController.swift */ = {isa = PBXFileReference; lastKnownFileType = sourcecode.swift; path = PersonalSettingViewController.swift; sourceTree = "<group>"; };
		87C85E37276F6688001C9C4A /* PersonalSettingNameViewController.swift */ = {isa = PBXFileReference; lastKnownFileType = sourcecode.swift; path = PersonalSettingNameViewController.swift; sourceTree = "<group>"; };
		87C85E3B276F66BC001C9C4A /* PKDrawing.swift */ = {isa = PBXFileReference; lastKnownFileType = sourcecode.swift; path = PKDrawing.swift; sourceTree = "<group>"; };
		87C85E3D276F66CC001C9C4A /* UIButton.swift */ = {isa = PBXFileReference; lastKnownFileType = sourcecode.swift; path = UIButton.swift; sourceTree = "<group>"; };
		87C85E3F276F66DF001C9C4A /* UIViewController.swift */ = {isa = PBXFileReference; lastKnownFileType = sourcecode.swift; path = UIViewController.swift; sourceTree = "<group>"; };
		87C85E41276F66F8001C9C4A /* Int64.swift */ = {isa = PBXFileReference; lastKnownFileType = sourcecode.swift; path = Int64.swift; sourceTree = "<group>"; };
		87C85E43276F6708001C9C4A /* UICollectionViewCell.swift */ = {isa = PBXFileReference; lastKnownFileType = sourcecode.swift; path = UICollectionViewCell.swift; sourceTree = "<group>"; };
		87C85E45276F6717001C9C4A /* NotificationName.swift */ = {isa = PBXFileReference; lastKnownFileType = sourcecode.swift; path = NotificationName.swift; sourceTree = "<group>"; };
		87C85E47276F6726001C9C4A /* UIView.swift */ = {isa = PBXFileReference; lastKnownFileType = sourcecode.swift; path = UIView.swift; sourceTree = "<group>"; };
		87C85E49276F676C001C9C4A /* UserInfoToggleView.swift */ = {isa = PBXFileReference; lastKnownFileType = sourcecode.swift; path = UserInfoToggleView.swift; sourceTree = "<group>"; };
		87C85E4B276F6794001C9C4A /* CircularProgressView.swift */ = {isa = PBXFileReference; lastKnownFileType = sourcecode.swift; path = CircularProgressView.swift; sourceTree = "<group>"; };
		87C85E4D276F67AD001C9C4A /* LoadingIndicator.swift */ = {isa = PBXFileReference; lastKnownFileType = sourcecode.swift; path = LoadingIndicator.swift; sourceTree = "<group>"; };
		87C85E4F276F67C5001C9C4A /* LoginViewController.swift */ = {isa = PBXFileReference; lastKnownFileType = sourcecode.swift; path = LoginViewController.swift; sourceTree = "<group>"; };
		87C85E51276F67D7001C9C4A /* CertificationViewController.swift */ = {isa = PBXFileReference; lastKnownFileType = sourcecode.swift; path = CertificationViewController.swift; sourceTree = "<group>"; };
		87C85E55276F67F8001C9C4A /* SurveyViewController.swift */ = {isa = PBXFileReference; lastKnownFileType = sourcecode.swift; path = SurveyViewController.swift; sourceTree = "<group>"; };
		87C85E57276F680D001C9C4A /* PersonalInfoViewController.swift */ = {isa = PBXFileReference; lastKnownFileType = sourcecode.swift; path = PersonalInfoViewController.swift; sourceTree = "<group>"; };
		87C85E60276F68CE001C9C4A /* CertificationUseCase.swift */ = {isa = PBXFileReference; lastKnownFileType = sourcecode.swift; path = CertificationUseCase.swift; sourceTree = "<group>"; };
		87C85E62276F68E1001C9C4A /* CategoryViewController.swift */ = {isa = PBXFileReference; lastKnownFileType = sourcecode.swift; path = CategoryViewController.swift; sourceTree = "<group>"; };
		87C85E64276F68F0001C9C4A /* MajorViewController.swift */ = {isa = PBXFileReference; lastKnownFileType = sourcecode.swift; path = MajorViewController.swift; sourceTree = "<group>"; };
		87C85E66276F68FE001C9C4A /* MajorDetailViewController.swift */ = {isa = PBXFileReference; lastKnownFileType = sourcecode.swift; path = MajorDetailViewController.swift; sourceTree = "<group>"; };
		87C85E68276F6910001C9C4A /* CategoryManager.swift */ = {isa = PBXFileReference; lastKnownFileType = sourcecode.swift; path = CategoryManager.swift; sourceTree = "<group>"; };
		87C85E6A276F691F001C9C4A /* MajorManager.swift */ = {isa = PBXFileReference; lastKnownFileType = sourcecode.swift; path = MajorManager.swift; sourceTree = "<group>"; };
		87C85E6C276F693A001C9C4A /* MajorDetailManager.swift */ = {isa = PBXFileReference; lastKnownFileType = sourcecode.swift; path = MajorDetailManager.swift; sourceTree = "<group>"; };
		87C85E6E276F6957001C9C4A /* FavoriteCategoryCell.swift */ = {isa = PBXFileReference; lastKnownFileType = sourcecode.swift; path = FavoriteCategoryCell.swift; sourceTree = "<group>"; };
		87C85E70276F6967001C9C4A /* MajorCell.swift */ = {isa = PBXFileReference; lastKnownFileType = sourcecode.swift; path = MajorCell.swift; sourceTree = "<group>"; };
		87C85E72276F6975001C9C4A /* MajorDetailCell.swift */ = {isa = PBXFileReference; lastKnownFileType = sourcecode.swift; path = MajorDetailCell.swift; sourceTree = "<group>"; };
		87C85E7C276F69BD001C9C4A /* KeychainItem.swift */ = {isa = PBXFileReference; lastKnownFileType = sourcecode.swift; path = KeychainItem.swift; sourceTree = "<group>"; };
		87C85E7E276F69CD001C9C4A /* UserInfo.swift */ = {isa = PBXFileReference; lastKnownFileType = sourcecode.swift; path = UserInfo.swift; sourceTree = "<group>"; };
		87C85E80276F69E9001C9C4A /* Validate.swift */ = {isa = PBXFileReference; lastKnownFileType = sourcecode.swift; path = Validate.swift; sourceTree = "<group>"; };
		87C85E82276F6A54001C9C4A /* MainViewController.swift */ = {isa = PBXFileReference; lastKnownFileType = sourcecode.swift; path = MainViewController.swift; sourceTree = "<group>"; };
		87C85E84276F6A6A001C9C4A /* MainViewController+Extension.swift */ = {isa = PBXFileReference; lastKnownFileType = sourcecode.swift; path = "MainViewController+Extension.swift"; sourceTree = "<group>"; };
		87C85E86276F6A7A001C9C4A /* SideMenuViewController.swift */ = {isa = PBXFileReference; lastKnownFileType = sourcecode.swift; path = SideMenuViewController.swift; sourceTree = "<group>"; };
		87C85E89276F6AA5001C9C4A /* CategoryCell.swift */ = {isa = PBXFileReference; lastKnownFileType = sourcecode.swift; path = CategoryCell.swift; sourceTree = "<group>"; };
		87C85E8B276F6AB6001C9C4A /* PreviewCell.swift */ = {isa = PBXFileReference; lastKnownFileType = sourcecode.swift; path = PreviewCell.swift; sourceTree = "<group>"; };
		87C85E8F276F6B03001C9C4A /* PreviewManager.swift */ = {isa = PBXFileReference; lastKnownFileType = sourcecode.swift; path = PreviewManager.swift; sourceTree = "<group>"; };
		87C85E91276F6B16001C9C4A /* CoreUsecase.swift */ = {isa = PBXFileReference; lastKnownFileType = sourcecode.swift; path = CoreUsecase.swift; sourceTree = "<group>"; };
		87C85E93276F6B36001C9C4A /* CoreDataManager.swift */ = {isa = PBXFileReference; lastKnownFileType = sourcecode.swift; path = CoreDataManager.swift; sourceTree = "<group>"; };
		87C85E95276F6B50001C9C4A /* Preview_Core.swift */ = {isa = PBXFileReference; lastKnownFileType = sourcecode.swift; path = Preview_Core.swift; sourceTree = "<group>"; };
		87C85E97276F6B60001C9C4A /* SectionHeader_Core.swift */ = {isa = PBXFileReference; lastKnownFileType = sourcecode.swift; path = SectionHeader_Core.swift; sourceTree = "<group>"; };
		87C85E99276F6B70001C9C4A /* Section_Core.swift */ = {isa = PBXFileReference; lastKnownFileType = sourcecode.swift; path = Section_Core.swift; sourceTree = "<group>"; };
		87C85E9B276F6B7F001C9C4A /* Page_Core.swift */ = {isa = PBXFileReference; lastKnownFileType = sourcecode.swift; path = Page_Core.swift; sourceTree = "<group>"; };
		87C85E9D276F6B8E001C9C4A /* Problem_Core.swift */ = {isa = PBXFileReference; lastKnownFileType = sourcecode.swift; path = Problem_Core.swift; sourceTree = "<group>"; };
		87C85E9F276F6BD3001C9C4A /* SearchWorkbookViewController.swift */ = {isa = PBXFileReference; lastKnownFileType = sourcecode.swift; path = SearchWorkbookViewController.swift; sourceTree = "<group>"; };
		87C85EA1276F6BF0001C9C4A /* SearchWorkbookManager.swift */ = {isa = PBXFileReference; lastKnownFileType = sourcecode.swift; path = SearchWorkbookManager.swift; sourceTree = "<group>"; };
		87C85EA3276F6C03001C9C4A /* SearchPreviewCell.swift */ = {isa = PBXFileReference; lastKnownFileType = sourcecode.swift; path = SearchPreviewCell.swift; sourceTree = "<group>"; };
		87C85EAC276F6C83001C9C4A /* SolvingViewController.swift */ = {isa = PBXFileReference; lastKnownFileType = sourcecode.swift; path = SolvingViewController.swift; sourceTree = "<group>"; };
		87C85EAE276F6C9B001C9C4A /* ExplanationViewController.swift */ = {isa = PBXFileReference; lastKnownFileType = sourcecode.swift; path = ExplanationViewController.swift; sourceTree = "<group>"; };
		87C85EB0276F6CAE001C9C4A /* SectionResultViewController.swift */ = {isa = PBXFileReference; lastKnownFileType = sourcecode.swift; path = SectionResultViewController.swift; sourceTree = "<group>"; };
		87C85EB2276F6CBE001C9C4A /* SectionManager.swift */ = {isa = PBXFileReference; lastKnownFileType = sourcecode.swift; path = SectionManager.swift; sourceTree = "<group>"; };
		87C85EB4276F6CD0001C9C4A /* SaveSectionUsecase.swift */ = {isa = PBXFileReference; lastKnownFileType = sourcecode.swift; path = SaveSectionUsecase.swift; sourceTree = "<group>"; };
		87C85EB6276F6CE3001C9C4A /* ProblemNameCell.swift */ = {isa = PBXFileReference; lastKnownFileType = sourcecode.swift; path = ProblemNameCell.swift; sourceTree = "<group>"; };
		87C85EB8276F6CF1001C9C4A /* MultipleWith5Cell.swift */ = {isa = PBXFileReference; lastKnownFileType = sourcecode.swift; path = MultipleWith5Cell.swift; sourceTree = "<group>"; };
		87C85EBA276F6D00001C9C4A /* MultipleWithNoCell.swift */ = {isa = PBXFileReference; lastKnownFileType = sourcecode.swift; path = MultipleWithNoCell.swift; sourceTree = "<group>"; };
		87C85EBC276F6D13001C9C4A /* PageData.swift */ = {isa = PBXFileReference; lastKnownFileType = sourcecode.swift; path = PageData.swift; sourceTree = "<group>"; };
		87C85EBE276F6D26001C9C4A /* SectionResult.swift */ = {isa = PBXFileReference; lastKnownFileType = sourcecode.swift; path = SectionResult.swift; sourceTree = "<group>"; };
		87C85EC0276F6D32001C9C4A /* Submission.swift */ = {isa = PBXFileReference; lastKnownFileType = sourcecode.swift; path = Submission.swift; sourceTree = "<group>"; };
		87C85EC2276F6D44001C9C4A /* SingleWith5Answer.swift */ = {isa = PBXFileReference; lastKnownFileType = sourcecode.swift; path = SingleWith5Answer.swift; sourceTree = "<group>"; };
		87C85EC4276F6D55001C9C4A /* SingleWithTextAnswer.swift */ = {isa = PBXFileReference; lastKnownFileType = sourcecode.swift; path = SingleWithTextAnswer.swift; sourceTree = "<group>"; };
		87C85EC6276F6D67001C9C4A /* MultipleWith5Answer.swift */ = {isa = PBXFileReference; lastKnownFileType = sourcecode.swift; path = MultipleWith5Answer.swift; sourceTree = "<group>"; };
		87C85EC8276F6D77001C9C4A /* SingleWith4Answer.swift */ = {isa = PBXFileReference; lastKnownFileType = sourcecode.swift; path = SingleWith4Answer.swift; sourceTree = "<group>"; };
		87C85ECA276F6D86001C9C4A /* MultipleWithNoAnswer.swift */ = {isa = PBXFileReference; lastKnownFileType = sourcecode.swift; path = MultipleWithNoAnswer.swift; sourceTree = "<group>"; };
		87C85ECC276F6D9A001C9C4A /* SingleWith5AnswerViewModel.swift */ = {isa = PBXFileReference; lastKnownFileType = sourcecode.swift; path = SingleWith5AnswerViewModel.swift; sourceTree = "<group>"; };
		87C85ECE276F6DA8001C9C4A /* SingleWithTextAnswerViewModel.swift */ = {isa = PBXFileReference; lastKnownFileType = sourcecode.swift; path = SingleWithTextAnswerViewModel.swift; sourceTree = "<group>"; };
		87C85ED0276F6DB5001C9C4A /* MultipleWith5AnswerViewModel.swift */ = {isa = PBXFileReference; lastKnownFileType = sourcecode.swift; path = MultipleWith5AnswerViewModel.swift; sourceTree = "<group>"; };
		87C85ED2276F6DC4001C9C4A /* SingleWith4AnswerViewModel.swift */ = {isa = PBXFileReference; lastKnownFileType = sourcecode.swift; path = SingleWith4AnswerViewModel.swift; sourceTree = "<group>"; };
		87C85ED4276F6DD2001C9C4A /* MultipleWithNoAnswerViewModel.swift */ = {isa = PBXFileReference; lastKnownFileType = sourcecode.swift; path = MultipleWithNoAnswerViewModel.swift; sourceTree = "<group>"; };
		87C85ED6276F6E10001C9C4A /* ShowDetailOfWorkbookViewController.swift */ = {isa = PBXFileReference; lastKnownFileType = sourcecode.swift; path = ShowDetailOfWorkbookViewController.swift; sourceTree = "<group>"; };
		87C85EE8276F6E95001C9C4A /* Network.swift */ = {isa = PBXFileReference; lastKnownFileType = sourcecode.swift; path = Network.swift; sourceTree = "<group>"; };
		87C85EEA276F6EBB001C9C4A /* NetworkUsecase.swift */ = {isa = PBXFileReference; lastKnownFileType = sourcecode.swift; path = NetworkUsecase.swift; sourceTree = "<group>"; };
		87C85EED276F6ED6001C9C4A /* PreviewOfDB.swift */ = {isa = PBXFileReference; lastKnownFileType = sourcecode.swift; path = PreviewOfDB.swift; sourceTree = "<group>"; };
		87C85EEF276F6EE3001C9C4A /* WorkbookOfDB.swift */ = {isa = PBXFileReference; lastKnownFileType = sourcecode.swift; path = WorkbookOfDB.swift; sourceTree = "<group>"; };
		87C85EF1276F6EF0001C9C4A /* SectionOfDB.swift */ = {isa = PBXFileReference; lastKnownFileType = sourcecode.swift; path = SectionOfDB.swift; sourceTree = "<group>"; };
		87C85EF3276F6EFE001C9C4A /* PageOfDB.swift */ = {isa = PBXFileReference; lastKnownFileType = sourcecode.swift; path = PageOfDB.swift; sourceTree = "<group>"; };
		87C85EF5276F6F0C001C9C4A /* ProblemOfDB.swift */ = {isa = PBXFileReference; lastKnownFileType = sourcecode.swift; path = ProblemOfDB.swift; sourceTree = "<group>"; };
		87C85EF7276F6F21001C9C4A /* CoreGraphics+Z.swift */ = {isa = PBXFileReference; lastKnownFileType = sourcecode.swift; path = "CoreGraphics+Z.swift"; sourceTree = "<group>"; };
		87C85EFA276F7055001C9C4A /* semomun.xcdatamodel */ = {isa = PBXFileReference; lastKnownFileType = wrapper.xcdatamodel; path = semomun.xcdatamodel; sourceTree = "<group>"; };
		87DB962D277AF640002203AA /* SideMenuCell.swift */ = {isa = PBXFileReference; lastKnownFileType = sourcecode.swift; path = SideMenuCell.swift; sourceTree = "<group>"; };
		87E23A662774E64500260C5E /* WrongProblemCell.swift */ = {isa = PBXFileReference; lastKnownFileType = sourcecode.swift; path = WrongProblemCell.swift; sourceTree = "<group>"; };
		87E7A548277EBD4600359BAE /* LongTextPopupViewController.swift */ = {isa = PBXFileReference; lastKnownFileType = sourcecode.swift; path = LongTextPopupViewController.swift; sourceTree = "<group>"; };
		87E7A54A277EBEB000359BAE /* termsAndConditions.txt */ = {isa = PBXFileReference; lastKnownFileType = text; path = termsAndConditions.txt; sourceTree = "<group>"; };
		87E7A54C277EC1BB00359BAE /* SemomunInfoDTO.swift */ = {isa = PBXFileReference; lastKnownFileType = sourcecode.swift; path = SemomunInfoDTO.swift; sourceTree = "<group>"; };
		87E7A54E277EC64500359BAE /* personalInformationProcessingPolicy.txt */ = {isa = PBXFileReference; lastKnownFileType = text; path = personalInformationProcessingPolicy.txt; sourceTree = "<group>"; };
		87EA7FEF2784727500B6EFC3 /* RequestResult.swift */ = {isa = PBXFileReference; lastKnownFileType = sourcecode.swift; path = RequestResult.swift; sourceTree = "<group>"; };
		87EA7FF12785475000B6EFC3 /* ServiceInfoViewController.swift */ = {isa = PBXFileReference; lastKnownFileType = sourcecode.swift; path = ServiceInfoViewController.swift; sourceTree = "<group>"; };
		87EA7FF327855FB100B6EFC3 /* StartLoginViewController.swift */ = {isa = PBXFileReference; lastKnownFileType = sourcecode.swift; path = StartLoginViewController.swift; sourceTree = "<group>"; };
		87EB46952783454700052BCE /* ScreenProtector.swift */ = {isa = PBXFileReference; lastKnownFileType = sourcecode.swift; path = ScreenProtector.swift; sourceTree = "<group>"; };
/* End PBXFileReference section */

/* Begin PBXFrameworksBuildPhase section */
		871B6E4A276EE48D008CEEBA /* Frameworks */ = {
			isa = PBXFrameworksBuildPhase;
			buildActionMask = 2147483647;
			files = (
				871B6E66276EE584008CEEBA /* Kingfisher in Frameworks */,
				871B6E69276EE5AB008CEEBA /* Alamofire in Frameworks */,
				871B6E6C276EE5E7008CEEBA /* GoogleSignIn in Frameworks */,
			);
			runOnlyForDeploymentPostprocessing = 0;
		};
/* End PBXFrameworksBuildPhase section */

/* Begin PBXGroup section */
		871B6E44276EE48D008CEEBA = {
			isa = PBXGroup;
			children = (
				871B6E4F276EE48D008CEEBA /* semomun */,
				871B6E4E276EE48D008CEEBA /* Products */,
			);
			sourceTree = "<group>";
		};
		871B6E4E276EE48D008CEEBA /* Products */ = {
			isa = PBXGroup;
			children = (
				871B6E4D276EE48D008CEEBA /* semomun.app */,
			);
			name = Products;
			sourceTree = "<group>";
		};
		871B6E4F276EE48D008CEEBA /* semomun */ = {
			isa = PBXGroup;
			children = (
				8745569C27701BB700E3CBEE /* semomun.entitlements */,
				87C85E28276F65A0001C9C4A /* Global */,
				8726CB09278D1447004D9CC0 /* Start */,
				87C85E2C276F65D6001C9C4A /* Login */,
				87C85E2D276F65E1001C9C4A /* Main */,
				87C85E27276F6596001C9C4A /* PersonalSetting */,
				87E7A547277EBCF100359BAE /* Setting */,
				87C85E2E276F65EC001C9C4A /* SearchWorkbook */,
				87C85E2F276F65F4001C9C4A /* Solving */,
				87C85EAA276F6C5C001C9C4A /* Layouts */,
				87C85E33276F6613001C9C4A /* CoreData */,
				87C85E2A276F65B3001C9C4A /* Network */,
				87C85E29276F65AA001C9C4A /* Unused */,
				87C85E57276F680D001C9C4A /* PersonalInfoViewController.swift */,
				871B6E50276EE48D008CEEBA /* AppDelegate.swift */,
				871B6E52276EE48D008CEEBA /* SceneDelegate.swift */,
				871B6E56276EE48D008CEEBA /* Main.storyboard */,
				871B6E59276EE48D008CEEBA /* Assets.xcassets */,
				871B6E5B276EE48D008CEEBA /* LaunchScreen.storyboard */,
				871B6E5E276EE48D008CEEBA /* Info.plist */,
				87C85EF9276F7055001C9C4A /* semomun.xcdatamodeld */,
			);
			path = semomun;
			sourceTree = "<group>";
		};
		8726CB09278D1447004D9CC0 /* Start */ = {
			isa = PBXGroup;
			children = (
				8726CB0A278D1458004D9CC0 /* StartViewController.swift */,
				8726CB0C278D156F004D9CC0 /* SelectFavoriteViewController.swift */,
				8726CB11278DBCAD004D9CC0 /* Manager */,
				8726CB12278DBCBB004D9CC0 /* Cell */,
			);
			path = Start;
			sourceTree = "<group>";
		};
		8726CB0E278D2040004D9CC0 /* Manager */ = {
			isa = PBXGroup;
			children = (
				8726CB0F278D2051004D9CC0 /* UserDefaultsManager.swift */,
			);
			path = Manager;
			sourceTree = "<group>";
		};
		8726CB11278DBCAD004D9CC0 /* Manager */ = {
			isa = PBXGroup;
			children = (
				87C85E68276F6910001C9C4A /* CategoryManager.swift */,
			);
			path = Manager;
			sourceTree = "<group>";
		};
		8726CB12278DBCBB004D9CC0 /* Cell */ = {
			isa = PBXGroup;
			children = (
				87C85E6E276F6957001C9C4A /* FavoriteCategoryCell.swift */,
			);
			path = Cell;
			sourceTree = "<group>";
		};
		8766B1F4277C448300061CE6 /* MutipleCellDelegate */ = {
			isa = PBXGroup;
			children = (
				8766B1F5277C44A600061CE6 /* CollectionCellDelegate.swift */,
			);
			path = MutipleCellDelegate;
			sourceTree = "<group>";
		};
		879B172C2772CC030042478F /* UseCase */ = {
			isa = PBXGroup;
			children = (
				87C85E91276F6B16001C9C4A /* CoreUsecase.swift */,
				2502533E277AB7500049F342 /* SchoolSearchUseCase.swift */,
			);
			path = UseCase;
			sourceTree = "<group>";
		};
		87B6F0BA2782BC7300E6FF8A /* SemomunColor */ = {
			isa = PBXGroup;
			children = (
				87B6F0BB2782BC8900E6FF8A /* SemomunColor.swift */,
			);
			path = SemomunColor;
			sourceTree = "<group>";
		};
		87B6F0BD2782C3E300E6FF8A /* SemomunImage */ = {
			isa = PBXGroup;
			children = (
				87B6F0BE2782C40100E6FF8A /* SemomunImage.swift */,
			);
			path = SemomunImage;
			sourceTree = "<group>";
		};
		87C85E27276F6596001C9C4A /* PersonalSetting */ = {
			isa = PBXGroup;
			children = (
				87C85E35276F6656001C9C4A /* PersonalSettingViewController.swift */,
				87C85E37276F6688001C9C4A /* PersonalSettingNameViewController.swift */,
				257B8E3E27774DB100C1C856 /* SettingUserView.swift */,
				252AC35F27787145008AD5E4 /* UnivFinderView.swift */,
			);
			path = PersonalSetting;
			sourceTree = "<group>";
		};
		87C85E28276F65A0001C9C4A /* Global */ = {
			isa = PBXGroup;
			children = (
				2583AC25277B1A8900619F03 /* schoolToken.xcconfig */,
				8726CB0E278D2040004D9CC0 /* Manager */,
				87E151612787DBE20080D39A /* ViewController */,
				87C85E3A276F66AB001C9C4A /* View */,
				879B172C2772CC030042478F /* UseCase */,
				87EB46942783452100052BCE /* Secure */,
				87C85E39276F66A3001C9C4A /* Extension */,
				87B6F0BA2782BC7300E6FF8A /* SemomunColor */,
				87B6F0BD2782C3E300E6FF8A /* SemomunImage */,
			);
			path = Global;
			sourceTree = "<group>";
		};
		87C85E29276F65AA001C9C4A /* Unused */ = {
			isa = PBXGroup;
			children = (
				87C85E62276F68E1001C9C4A /* CategoryViewController.swift */,
				87C85E51276F67D7001C9C4A /* CertificationViewController.swift */,
				87C85ED6276F6E10001C9C4A /* ShowDetailOfWorkbookViewController.swift */,
				87C85EF7276F6F21001C9C4A /* CoreGraphics+Z.swift */,
			);
			path = Unused;
			sourceTree = "<group>";
		};
		87C85E2A276F65B3001C9C4A /* Network */ = {
			isa = PBXGroup;
			children = (
				87C85EE8276F6E95001C9C4A /* Network.swift */,
				87C85EEA276F6EBB001C9C4A /* NetworkUsecase.swift */,
				87C85EEC276F6EC9001C9C4A /* DTO */,
			);
			path = Network;
			sourceTree = "<group>";
		};
		87C85E2C276F65D6001C9C4A /* Login */ = {
			isa = PBXGroup;
			children = (
				87EA7FF327855FB100B6EFC3 /* StartLoginViewController.swift */,
				87C85E55276F67F8001C9C4A /* SurveyViewController.swift */,
				87C85E4F276F67C5001C9C4A /* LoginViewController.swift */,
				87EA7FF12785475000B6EFC3 /* ServiceInfoViewController.swift */,
				25D9E10427799775009256B7 /* LoginSchoolSearchView.swift */,
				87C85E59276F6836001C9C4A /* UseCase */,
				87C85E5A276F683E001C9C4A /* CollecitonViews */,
				87C85E5B276F6845001C9C4A /* CollectionViewManagers */,
				87C85E5C276F684C001C9C4A /* CollecitonCells */,
			);
			path = Login;
			sourceTree = "<group>";
		};
		87C85E2D276F65E1001C9C4A /* Main */ = {
			isa = PBXGroup;
			children = (
				87C85E82276F6A54001C9C4A /* MainViewController.swift */,
				87C85E84276F6A6A001C9C4A /* MainViewController+Extension.swift */,
				87C85E86276F6A7A001C9C4A /* SideMenuViewController.swift */,
				87C85E88276F6A8E001C9C4A /* Cell */,
				87C85E8D276F6ACB001C9C4A /* PreviewManager */,
			);
			path = Main;
			sourceTree = "<group>";
		};
		87C85E2E276F65EC001C9C4A /* SearchWorkbook */ = {
			isa = PBXGroup;
			children = (
				87C85E9F276F6BD3001C9C4A /* SearchWorkbookViewController.swift */,
				87C85EA1276F6BF0001C9C4A /* SearchWorkbookManager.swift */,
				87C85EA3276F6C03001C9C4A /* SearchPreviewCell.swift */,
			);
			path = SearchWorkbook;
			sourceTree = "<group>";
		};
		87C85E2F276F65F4001C9C4A /* Solving */ = {
			isa = PBXGroup;
			children = (
				87C85EAC276F6C83001C9C4A /* SolvingViewController.swift */,
				87C85EAE276F6C9B001C9C4A /* ExplanationViewController.swift */,
				87C85EB0276F6CAE001C9C4A /* SectionResultViewController.swift */,
				87C85EB2276F6CBE001C9C4A /* SectionManager.swift */,
				87C85EB4276F6CD0001C9C4A /* SaveSectionUsecase.swift */,
				87C85EA8276F6C4F001C9C4A /* Cell */,
				87C85EA9276F6C55001C9C4A /* Models */,
				8766B1F4277C448300061CE6 /* MutipleCellDelegate */,
			);
			path = Solving;
			sourceTree = "<group>";
		};
		87C85E33276F6613001C9C4A /* CoreData */ = {
			isa = PBXGroup;
			children = (
				879B17282772C6F70042478F /* UserCoreData.swift */,
				87C85E93276F6B36001C9C4A /* CoreDataManager.swift */,
				87C85E95276F6B50001C9C4A /* Preview_Core.swift */,
				87C85E97276F6B60001C9C4A /* SectionHeader_Core.swift */,
				87C85E99276F6B70001C9C4A /* Section_Core.swift */,
				87C85E9B276F6B7F001C9C4A /* Page_Core.swift */,
				87C85E9D276F6B8E001C9C4A /* Problem_Core.swift */,
			);
			path = CoreData;
			sourceTree = "<group>";
		};
		87C85E39276F66A3001C9C4A /* Extension */ = {
			isa = PBXGroup;
			children = (
				87C85E3B276F66BC001C9C4A /* PKDrawing.swift */,
				87C85E3D276F66CC001C9C4A /* UIButton.swift */,
				87C85E3F276F66DF001C9C4A /* UIViewController.swift */,
				87C85E41276F66F8001C9C4A /* Int64.swift */,
				87C85E43276F6708001C9C4A /* UICollectionViewCell.swift */,
				87C85E45276F6717001C9C4A /* NotificationName.swift */,
				87C85E47276F6726001C9C4A /* UIView.swift */,
				250D82422772C43400AF1A46 /* String.swift */,
			);
			path = Extension;
			sourceTree = "<group>";
		};
		87C85E3A276F66AB001C9C4A /* View */ = {
			isa = PBXGroup;
			children = (
				87C85E49276F676C001C9C4A /* UserInfoToggleView.swift */,
				8755ABD527731E7600752745 /* ProblemTimerView.swift */,
				87AD6CED2774196C00996937 /* ProblemTextResultView.swift */,
			);
			path = View;
			sourceTree = "<group>";
		};
		87C85E59276F6836001C9C4A /* UseCase */ = {
			isa = PBXGroup;
			children = (
				87C85E60276F68CE001C9C4A /* CertificationUseCase.swift */,
			);
			path = UseCase;
			sourceTree = "<group>";
		};
		87C85E5A276F683E001C9C4A /* CollecitonViews */ = {
			isa = PBXGroup;
			children = (
				87C85E64276F68F0001C9C4A /* MajorViewController.swift */,
				87C85E66276F68FE001C9C4A /* MajorDetailViewController.swift */,
			);
			path = CollecitonViews;
			sourceTree = "<group>";
		};
		87C85E5B276F6845001C9C4A /* CollectionViewManagers */ = {
			isa = PBXGroup;
			children = (
				87C85E6A276F691F001C9C4A /* MajorManager.swift */,
				87C85E6C276F693A001C9C4A /* MajorDetailManager.swift */,
			);
			path = CollectionViewManagers;
			sourceTree = "<group>";
		};
		87C85E5C276F684C001C9C4A /* CollecitonCells */ = {
			isa = PBXGroup;
			children = (
				87C85E70276F6967001C9C4A /* MajorCell.swift */,
				87C85E72276F6975001C9C4A /* MajorDetailCell.swift */,
			);
			path = CollecitonCells;
			sourceTree = "<group>";
		};
		87C85E88276F6A8E001C9C4A /* Cell */ = {
			isa = PBXGroup;
			children = (
				87C85E89276F6AA5001C9C4A /* CategoryCell.swift */,
				87C85E8B276F6AB6001C9C4A /* PreviewCell.swift */,
				87DB962D277AF640002203AA /* SideMenuCell.swift */,
			);
			path = Cell;
			sourceTree = "<group>";
		};
		87C85E8D276F6ACB001C9C4A /* PreviewManager */ = {
			isa = PBXGroup;
			children = (
				87C85E8F276F6B03001C9C4A /* PreviewManager.swift */,
			);
			path = PreviewManager;
			sourceTree = "<group>";
		};
		87C85EA8276F6C4F001C9C4A /* Cell */ = {
			isa = PBXGroup;
			children = (
				87C85EB6276F6CE3001C9C4A /* ProblemNameCell.swift */,
				87E23A662774E64500260C5E /* WrongProblemCell.swift */,
			);
			path = Cell;
			sourceTree = "<group>";
		};
		87C85EA9276F6C55001C9C4A /* Models */ = {
			isa = PBXGroup;
			children = (
				87C85EBC276F6D13001C9C4A /* PageData.swift */,
				87C85EBE276F6D26001C9C4A /* SectionResult.swift */,
				87C85EC0276F6D32001C9C4A /* Submission.swift */,
			);
			path = Models;
			sourceTree = "<group>";
		};
		87C85EAA276F6C5C001C9C4A /* Layouts */ = {
			isa = PBXGroup;
			children = (
				87C85EC2276F6D44001C9C4A /* SingleWith5Answer.swift */,
				87C85EC4276F6D55001C9C4A /* SingleWithTextAnswer.swift */,
				87C85EC6276F6D67001C9C4A /* MultipleWith5Answer.swift */,
				87C85EC8276F6D77001C9C4A /* SingleWith4Answer.swift */,
				87C85ECA276F6D86001C9C4A /* MultipleWithNoAnswer.swift */,
				87C85EAB276F6C62001C9C4A /* LayoutViewModels */,
				87E151622787DD160080D39A /* Cell */,
			);
			path = Layouts;
			sourceTree = "<group>";
		};
		87C85EAB276F6C62001C9C4A /* LayoutViewModels */ = {
			isa = PBXGroup;
			children = (
				87C85ECC276F6D9A001C9C4A /* SingleWith5AnswerViewModel.swift */,
				87C85ECE276F6DA8001C9C4A /* SingleWithTextAnswerViewModel.swift */,
				87C85ED0276F6DB5001C9C4A /* MultipleWith5AnswerViewModel.swift */,
				87C85ED2276F6DC4001C9C4A /* SingleWith4AnswerViewModel.swift */,
				87C85ED4276F6DD2001C9C4A /* MultipleWithNoAnswerViewModel.swift */,
			);
			path = LayoutViewModels;
			sourceTree = "<group>";
		};
		87C85EEC276F6EC9001C9C4A /* DTO */ = {
			isa = PBXGroup;
			children = (
				87C85E7E276F69CD001C9C4A /* UserInfo.swift */,
				87C85EED276F6ED6001C9C4A /* PreviewOfDB.swift */,
				87C85EEF276F6EE3001C9C4A /* WorkbookOfDB.swift */,
				87C85EF1276F6EF0001C9C4A /* SectionOfDB.swift */,
				87C85EF3276F6EFE001C9C4A /* PageOfDB.swift */,
				87C85EF5276F6F0C001C9C4A /* ProblemOfDB.swift */,
				8742544727795D3900D60264 /* QueryListButton.swift */,
				8733159327799B77004E4A98 /* Categorys.swift */,
				873315952779A181004E4A98 /* Majors.swift */,
				2502533C277AB30F0049F342 /* SchoolDTO.swift */,
				87EA7FEF2784727500B6EFC3 /* RequestResult.swift */,
				87C85E80276F69E9001C9C4A /* Validate.swift */,
			);
			path = DTO;
			sourceTree = "<group>";
		};
		87E151612787DBE20080D39A /* ViewController */ = {
			isa = PBXGroup;
			children = (
				87E7A548277EBD4600359BAE /* LongTextPopupViewController.swift */,
				87C85E4D276F67AD001C9C4A /* LoadingIndicator.swift */,
				87C85E4B276F6794001C9C4A /* CircularProgressView.swift */,
			);
			path = ViewController;
			sourceTree = "<group>";
		};
		87E151622787DD160080D39A /* Cell */ = {
			isa = PBXGroup;
			children = (
				87C85EB8276F6CF1001C9C4A /* MultipleWith5Cell.swift */,
				87C85EBA276F6D00001C9C4A /* MultipleWithNoCell.swift */,
			);
			path = Cell;
			sourceTree = "<group>";
		};
		87E7A547277EBCF100359BAE /* Setting */ = {
			isa = PBXGroup;
			children = (
				25B98807277AEC3500EE6ED7 /* SettingViewController.swift */,
				87E7A54C277EC1BB00359BAE /* SemomunInfoDTO.swift */,
				87E7A54A277EBEB000359BAE /* termsAndConditions.txt */,
				87E7A54E277EC64500359BAE /* personalInformationProcessingPolicy.txt */,
			);
			path = Setting;
			sourceTree = "<group>";
		};
		87EB46942783452100052BCE /* Secure */ = {
			isa = PBXGroup;
			children = (
				87C85E7C276F69BD001C9C4A /* KeychainItem.swift */,
				87EB46952783454700052BCE /* ScreenProtector.swift */,
			);
			path = Secure;
			sourceTree = "<group>";
		};
/* End PBXGroup section */

/* Begin PBXNativeTarget section */
		871B6E4C276EE48D008CEEBA /* semomun */ = {
			isa = PBXNativeTarget;
			buildConfigurationList = 871B6E61276EE48D008CEEBA /* Build configuration list for PBXNativeTarget "semomun" */;
			buildPhases = (
				871B6E49276EE48D008CEEBA /* Sources */,
				871B6E4A276EE48D008CEEBA /* Frameworks */,
				871B6E4B276EE48D008CEEBA /* Resources */,
			);
			buildRules = (
			);
			dependencies = (
			);
			name = semomun;
			packageProductDependencies = (
				871B6E65276EE584008CEEBA /* Kingfisher */,
				871B6E68276EE5AB008CEEBA /* Alamofire */,
				871B6E6B276EE5E7008CEEBA /* GoogleSignIn */,
			);
			productName = semomun;
			productReference = 871B6E4D276EE48D008CEEBA /* semomun.app */;
			productType = "com.apple.product-type.application";
		};
/* End PBXNativeTarget section */

/* Begin PBXProject section */
		871B6E45276EE48D008CEEBA /* Project object */ = {
			isa = PBXProject;
			attributes = {
				BuildIndependentTargetsInParallel = 1;
				LastSwiftUpdateCheck = 1310;
				LastUpgradeCheck = 1310;
				TargetAttributes = {
					871B6E4C276EE48D008CEEBA = {
						CreatedOnToolsVersion = 13.1;
					};
				};
			};
			buildConfigurationList = 871B6E48276EE48D008CEEBA /* Build configuration list for PBXProject "semomun" */;
			compatibilityVersion = "Xcode 13.0";
			developmentRegion = en;
			hasScannedForEncodings = 0;
			knownRegions = (
				en,
				Base,
				ko,
			);
			mainGroup = 871B6E44276EE48D008CEEBA;
			packageReferences = (
				871B6E64276EE584008CEEBA /* XCRemoteSwiftPackageReference "Kingfisher" */,
				871B6E67276EE5AB008CEEBA /* XCRemoteSwiftPackageReference "Alamofire" */,
				871B6E6A276EE5E7008CEEBA /* XCRemoteSwiftPackageReference "GoogleSignIn-iOS" */,
			);
			productRefGroup = 871B6E4E276EE48D008CEEBA /* Products */;
			projectDirPath = "";
			projectRoot = "";
			targets = (
				871B6E4C276EE48D008CEEBA /* semomun */,
			);
		};
/* End PBXProject section */

/* Begin PBXResourcesBuildPhase section */
		871B6E4B276EE48D008CEEBA /* Resources */ = {
			isa = PBXResourcesBuildPhase;
			buildActionMask = 2147483647;
			files = (
				871B6E5D276EE48D008CEEBA /* LaunchScreen.storyboard in Resources */,
				87E7A54F277EC64500359BAE /* personalInformationProcessingPolicy.txt in Resources */,
				871B6E5A276EE48D008CEEBA /* Assets.xcassets in Resources */,
				871B6E58276EE48D008CEEBA /* Main.storyboard in Resources */,
				87E7A54B277EBEB000359BAE /* termsAndConditions.txt in Resources */,
			);
			runOnlyForDeploymentPostprocessing = 0;
		};
/* End PBXResourcesBuildPhase section */

/* Begin PBXSourcesBuildPhase section */
		871B6E49276EE48D008CEEBA /* Sources */ = {
			isa = PBXSourcesBuildPhase;
			buildActionMask = 2147483647;
			files = (
				87C85E71276F6967001C9C4A /* MajorCell.swift in Sources */,
				87C85ED5276F6DD2001C9C4A /* MultipleWithNoAnswerViewModel.swift in Sources */,
				87C85EBF276F6D26001C9C4A /* SectionResult.swift in Sources */,
				2502533F277AB7500049F342 /* SchoolSearchUseCase.swift in Sources */,
				8726CB0D278D156F004D9CC0 /* SelectFavoriteViewController.swift in Sources */,
				87C85E92276F6B16001C9C4A /* CoreUsecase.swift in Sources */,
				87C85E96276F6B50001C9C4A /* Preview_Core.swift in Sources */,
				87C85ECF276F6DA8001C9C4A /* SingleWithTextAnswerViewModel.swift in Sources */,
				87C85E50276F67C5001C9C4A /* LoginViewController.swift in Sources */,
				25D9E10527799775009256B7 /* LoginSchoolSearchView.swift in Sources */,
				87C85EE9276F6E95001C9C4A /* Network.swift in Sources */,
				87E7A54D277EC1BB00359BAE /* SemomunInfoDTO.swift in Sources */,
				87C85EC5276F6D55001C9C4A /* SingleWithTextAnswer.swift in Sources */,
				87C85E56276F67F8001C9C4A /* SurveyViewController.swift in Sources */,
				87C85E83276F6A54001C9C4A /* MainViewController.swift in Sources */,
				87C85E73276F6975001C9C4A /* MajorDetailCell.swift in Sources */,
				87C85E46276F6717001C9C4A /* NotificationName.swift in Sources */,
				879B172A2772C6F70042478F /* UserCoreData.swift in Sources */,
				87C85E87276F6A7A001C9C4A /* SideMenuViewController.swift in Sources */,
				87C85EC3276F6D44001C9C4A /* SingleWith5Answer.swift in Sources */,
				87C85E7D276F69BD001C9C4A /* KeychainItem.swift in Sources */,
				87C85EB3276F6CBE001C9C4A /* SectionManager.swift in Sources */,
				87C85EA0276F6BD3001C9C4A /* SearchWorkbookViewController.swift in Sources */,
				25B98808277AEC3500EE6ED7 /* SettingViewController.swift in Sources */,
				87C85E90276F6B03001C9C4A /* PreviewManager.swift in Sources */,
				87C85EAD276F6C83001C9C4A /* SolvingViewController.swift in Sources */,
				257B8E3F27774DB100C1C856 /* SettingUserView.swift in Sources */,
				8766B1F6277C44A600061CE6 /* CollectionCellDelegate.swift in Sources */,
				871B6E51276EE48D008CEEBA /* AppDelegate.swift in Sources */,
				87C85E4A276F676C001C9C4A /* UserInfoToggleView.swift in Sources */,
				87C85E44276F6708001C9C4A /* UICollectionViewCell.swift in Sources */,
				8726CB0B278D1458004D9CC0 /* StartViewController.swift in Sources */,
				87C85E85276F6A6A001C9C4A /* MainViewController+Extension.swift in Sources */,
				87C85E48276F6726001C9C4A /* UIView.swift in Sources */,
				87DB962E277AF640002203AA /* SideMenuCell.swift in Sources */,
				871B6E53276EE48D008CEEBA /* SceneDelegate.swift in Sources */,
				87C85E52276F67D7001C9C4A /* CertificationViewController.swift in Sources */,
				87C85E8A276F6AA5001C9C4A /* CategoryCell.swift in Sources */,
				87C85ECB276F6D86001C9C4A /* MultipleWithNoAnswer.swift in Sources */,
				8755ABD627731E7600752745 /* ProblemTimerView.swift in Sources */,
				87C85E98276F6B60001C9C4A /* SectionHeader_Core.swift in Sources */,
				87C85EC9276F6D77001C9C4A /* SingleWith4Answer.swift in Sources */,
				87EA7FF22785475000B6EFC3 /* ServiceInfoViewController.swift in Sources */,
				87C85E3C276F66BC001C9C4A /* PKDrawing.swift in Sources */,
				87E7A549277EBD4600359BAE /* LongTextPopupViewController.swift in Sources */,
				87C85E9E276F6B8E001C9C4A /* Problem_Core.swift in Sources */,
				87C85EAF276F6C9B001C9C4A /* ExplanationViewController.swift in Sources */,
				87C85E3E276F66CC001C9C4A /* UIButton.swift in Sources */,
				87C85E9C276F6B7F001C9C4A /* Page_Core.swift in Sources */,
				87C85E6D276F693A001C9C4A /* MajorDetailManager.swift in Sources */,
				87C85EA2276F6BF0001C9C4A /* SearchWorkbookManager.swift in Sources */,
				87C85ED1276F6DB5001C9C4A /* MultipleWith5AnswerViewModel.swift in Sources */,
				87C85EB9276F6CF1001C9C4A /* MultipleWith5Cell.swift in Sources */,
				87C85E9A276F6B70001C9C4A /* Section_Core.swift in Sources */,
				87C85E65276F68F0001C9C4A /* MajorViewController.swift in Sources */,
				87C85E58276F680D001C9C4A /* PersonalInfoViewController.swift in Sources */,
				87EB46962783454700052BCE /* ScreenProtector.swift in Sources */,
				87C85E81276F69E9001C9C4A /* Validate.swift in Sources */,
				87C85ECD276F6D9A001C9C4A /* SingleWith5AnswerViewModel.swift in Sources */,
				87E23A672774E64500260C5E /* WrongProblemCell.swift in Sources */,
				87C85EC1276F6D32001C9C4A /* Submission.swift in Sources */,
				87C85EB7276F6CE3001C9C4A /* ProblemNameCell.swift in Sources */,
				87C85EBB276F6D00001C9C4A /* MultipleWithNoCell.swift in Sources */,
				87C85EB1276F6CAE001C9C4A /* SectionResultViewController.swift in Sources */,
				87C85E36276F6656001C9C4A /* PersonalSettingViewController.swift in Sources */,
				87EA7FF02784727500B6EFC3 /* RequestResult.swift in Sources */,
				87AD6CEE2774196C00996937 /* ProblemTextResultView.swift in Sources */,
				87C85EB5276F6CD0001C9C4A /* SaveSectionUsecase.swift in Sources */,
				87C85E7F276F69CD001C9C4A /* UserInfo.swift in Sources */,
				87C85EF8276F6F21001C9C4A /* CoreGraphics+Z.swift in Sources */,
				2502533D277AB30F0049F342 /* SchoolDTO.swift in Sources */,
				87C85EF6276F6F0C001C9C4A /* ProblemOfDB.swift in Sources */,
				87C85EF0276F6EE3001C9C4A /* WorkbookOfDB.swift in Sources */,
				87C85EFB276F7055001C9C4A /* semomun.xcdatamodeld in Sources */,
				87C85E6B276F691F001C9C4A /* MajorManager.swift in Sources */,
				87C85EBD276F6D13001C9C4A /* PageData.swift in Sources */,
				252AC36027787145008AD5E4 /* UnivFinderView.swift in Sources */,
				87C85E69276F6910001C9C4A /* CategoryManager.swift in Sources */,
				87C85E4C276F6794001C9C4A /* CircularProgressView.swift in Sources */,
				87C85E94276F6B36001C9C4A /* CoreDataManager.swift in Sources */,
				87C85ED7276F6E10001C9C4A /* ShowDetailOfWorkbookViewController.swift in Sources */,
				873315962779A181004E4A98 /* Majors.swift in Sources */,
				87C85E6F276F6957001C9C4A /* FavoriteCategoryCell.swift in Sources */,
				87C85E61276F68CE001C9C4A /* CertificationUseCase.swift in Sources */,
				87C85EF4276F6EFE001C9C4A /* PageOfDB.swift in Sources */,
				87C85ED3276F6DC4001C9C4A /* SingleWith4AnswerViewModel.swift in Sources */,
				87C85EC7276F6D67001C9C4A /* MultipleWith5Answer.swift in Sources */,
				87B6F0BC2782BC8900E6FF8A /* SemomunColor.swift in Sources */,
				87C85E40276F66DF001C9C4A /* UIViewController.swift in Sources */,
				87C85EA4276F6C03001C9C4A /* SearchPreviewCell.swift in Sources */,
				87C85E4E276F67AD001C9C4A /* LoadingIndicator.swift in Sources */,
				250D82432772C43400AF1A46 /* String.swift in Sources */,
				8742544827795D3900D60264 /* QueryListButton.swift in Sources */,
				87C85EEE276F6ED6001C9C4A /* PreviewOfDB.swift in Sources */,
				87C85E38276F6688001C9C4A /* PersonalSettingNameViewController.swift in Sources */,
				87EA7FF427855FB100B6EFC3 /* StartLoginViewController.swift in Sources */,
				87C85E8C276F6AB6001C9C4A /* PreviewCell.swift in Sources */,
				8733159427799B77004E4A98 /* Categorys.swift in Sources */,
				87C85EEB276F6EBB001C9C4A /* NetworkUsecase.swift in Sources */,
				87C85E67276F68FE001C9C4A /* MajorDetailViewController.swift in Sources */,
				87B6F0BF2782C40100E6FF8A /* SemomunImage.swift in Sources */,
				8726CB10278D2051004D9CC0 /* UserDefaultsManager.swift in Sources */,
				87C85E63276F68E1001C9C4A /* CategoryViewController.swift in Sources */,
				87C85EF2276F6EF0001C9C4A /* SectionOfDB.swift in Sources */,
				87C85E42276F66F8001C9C4A /* Int64.swift in Sources */,
			);
			runOnlyForDeploymentPostprocessing = 0;
		};
/* End PBXSourcesBuildPhase section */

/* Begin PBXVariantGroup section */
		871B6E56276EE48D008CEEBA /* Main.storyboard */ = {
			isa = PBXVariantGroup;
			children = (
				871B6E57276EE48D008CEEBA /* Base */,
				2539E6BC27886C140012645F /* ko */,
			);
			name = Main.storyboard;
			sourceTree = "<group>";
		};
		871B6E5B276EE48D008CEEBA /* LaunchScreen.storyboard */ = {
			isa = PBXVariantGroup;
			children = (
				871B6E5C276EE48D008CEEBA /* Base */,
				2539E6BD27886C140012645F /* ko */,
			);
			name = LaunchScreen.storyboard;
			sourceTree = "<group>";
		};
/* End PBXVariantGroup section */

/* Begin XCBuildConfiguration section */
		871B6E5F276EE48D008CEEBA /* Debug */ = {
			isa = XCBuildConfiguration;
			buildSettings = {
				ALWAYS_SEARCH_USER_PATHS = NO;
				CLANG_ANALYZER_LOCALIZABILITY_NONLOCALIZED = YES;
				CLANG_ANALYZER_NONNULL = YES;
				CLANG_ANALYZER_NUMBER_OBJECT_CONVERSION = YES_AGGRESSIVE;
				CLANG_CXX_LANGUAGE_STANDARD = "gnu++17";
				CLANG_CXX_LIBRARY = "libc++";
				CLANG_ENABLE_MODULES = YES;
				CLANG_ENABLE_OBJC_ARC = YES;
				CLANG_ENABLE_OBJC_WEAK = YES;
				CLANG_WARN_BLOCK_CAPTURE_AUTORELEASING = YES;
				CLANG_WARN_BOOL_CONVERSION = YES;
				CLANG_WARN_COMMA = YES;
				CLANG_WARN_CONSTANT_CONVERSION = YES;
				CLANG_WARN_DEPRECATED_OBJC_IMPLEMENTATIONS = YES;
				CLANG_WARN_DIRECT_OBJC_ISA_USAGE = YES_ERROR;
				CLANG_WARN_DOCUMENTATION_COMMENTS = YES;
				CLANG_WARN_EMPTY_BODY = YES;
				CLANG_WARN_ENUM_CONVERSION = YES;
				CLANG_WARN_INFINITE_RECURSION = YES;
				CLANG_WARN_INT_CONVERSION = YES;
				CLANG_WARN_NON_LITERAL_NULL_CONVERSION = YES;
				CLANG_WARN_OBJC_IMPLICIT_RETAIN_SELF = YES;
				CLANG_WARN_OBJC_LITERAL_CONVERSION = YES;
				CLANG_WARN_OBJC_ROOT_CLASS = YES_ERROR;
				CLANG_WARN_QUOTED_INCLUDE_IN_FRAMEWORK_HEADER = YES;
				CLANG_WARN_RANGE_LOOP_ANALYSIS = YES;
				CLANG_WARN_STRICT_PROTOTYPES = YES;
				CLANG_WARN_SUSPICIOUS_MOVE = YES;
				CLANG_WARN_UNGUARDED_AVAILABILITY = YES_AGGRESSIVE;
				CLANG_WARN_UNREACHABLE_CODE = YES;
				CLANG_WARN__DUPLICATE_METHOD_MATCH = YES;
				COPY_PHASE_STRIP = NO;
				DEBUG_INFORMATION_FORMAT = dwarf;
				ENABLE_STRICT_OBJC_MSGSEND = YES;
				ENABLE_TESTABILITY = YES;
				GCC_C_LANGUAGE_STANDARD = gnu11;
				GCC_DYNAMIC_NO_PIC = NO;
				GCC_NO_COMMON_BLOCKS = YES;
				GCC_OPTIMIZATION_LEVEL = 0;
				GCC_PREPROCESSOR_DEFINITIONS = (
					"DEBUG=1",
					"$(inherited)",
				);
				GCC_WARN_64_TO_32_BIT_CONVERSION = YES;
				GCC_WARN_ABOUT_RETURN_TYPE = YES_ERROR;
				GCC_WARN_UNDECLARED_SELECTOR = YES;
				GCC_WARN_UNINITIALIZED_AUTOS = YES_AGGRESSIVE;
				GCC_WARN_UNUSED_FUNCTION = YES;
				GCC_WARN_UNUSED_VARIABLE = YES;
				IPHONEOS_DEPLOYMENT_TARGET = 14.0;
				MTL_ENABLE_DEBUG_INFO = INCLUDE_SOURCE;
				MTL_FAST_MATH = YES;
				ONLY_ACTIVE_ARCH = YES;
				SDKROOT = iphoneos;
				SWIFT_ACTIVE_COMPILATION_CONDITIONS = DEBUG;
				SWIFT_OPTIMIZATION_LEVEL = "-Onone";
			};
			name = Debug;
		};
		871B6E60276EE48D008CEEBA /* Release */ = {
			isa = XCBuildConfiguration;
			buildSettings = {
				ALWAYS_SEARCH_USER_PATHS = NO;
				CLANG_ANALYZER_LOCALIZABILITY_NONLOCALIZED = YES;
				CLANG_ANALYZER_NONNULL = YES;
				CLANG_ANALYZER_NUMBER_OBJECT_CONVERSION = YES_AGGRESSIVE;
				CLANG_CXX_LANGUAGE_STANDARD = "gnu++17";
				CLANG_CXX_LIBRARY = "libc++";
				CLANG_ENABLE_MODULES = YES;
				CLANG_ENABLE_OBJC_ARC = YES;
				CLANG_ENABLE_OBJC_WEAK = YES;
				CLANG_WARN_BLOCK_CAPTURE_AUTORELEASING = YES;
				CLANG_WARN_BOOL_CONVERSION = YES;
				CLANG_WARN_COMMA = YES;
				CLANG_WARN_CONSTANT_CONVERSION = YES;
				CLANG_WARN_DEPRECATED_OBJC_IMPLEMENTATIONS = YES;
				CLANG_WARN_DIRECT_OBJC_ISA_USAGE = YES_ERROR;
				CLANG_WARN_DOCUMENTATION_COMMENTS = YES;
				CLANG_WARN_EMPTY_BODY = YES;
				CLANG_WARN_ENUM_CONVERSION = YES;
				CLANG_WARN_INFINITE_RECURSION = YES;
				CLANG_WARN_INT_CONVERSION = YES;
				CLANG_WARN_NON_LITERAL_NULL_CONVERSION = YES;
				CLANG_WARN_OBJC_IMPLICIT_RETAIN_SELF = YES;
				CLANG_WARN_OBJC_LITERAL_CONVERSION = YES;
				CLANG_WARN_OBJC_ROOT_CLASS = YES_ERROR;
				CLANG_WARN_QUOTED_INCLUDE_IN_FRAMEWORK_HEADER = YES;
				CLANG_WARN_RANGE_LOOP_ANALYSIS = YES;
				CLANG_WARN_STRICT_PROTOTYPES = YES;
				CLANG_WARN_SUSPICIOUS_MOVE = YES;
				CLANG_WARN_UNGUARDED_AVAILABILITY = YES_AGGRESSIVE;
				CLANG_WARN_UNREACHABLE_CODE = YES;
				CLANG_WARN__DUPLICATE_METHOD_MATCH = YES;
				COPY_PHASE_STRIP = NO;
				DEBUG_INFORMATION_FORMAT = "dwarf-with-dsym";
				ENABLE_NS_ASSERTIONS = NO;
				ENABLE_STRICT_OBJC_MSGSEND = YES;
				GCC_C_LANGUAGE_STANDARD = gnu11;
				GCC_NO_COMMON_BLOCKS = YES;
				GCC_WARN_64_TO_32_BIT_CONVERSION = YES;
				GCC_WARN_ABOUT_RETURN_TYPE = YES_ERROR;
				GCC_WARN_UNDECLARED_SELECTOR = YES;
				GCC_WARN_UNINITIALIZED_AUTOS = YES_AGGRESSIVE;
				GCC_WARN_UNUSED_FUNCTION = YES;
				GCC_WARN_UNUSED_VARIABLE = YES;
				IPHONEOS_DEPLOYMENT_TARGET = 14.0;
				MTL_ENABLE_DEBUG_INFO = NO;
				MTL_FAST_MATH = YES;
				SDKROOT = iphoneos;
				SWIFT_COMPILATION_MODE = wholemodule;
				SWIFT_OPTIMIZATION_LEVEL = "-O";
				VALIDATE_PRODUCT = YES;
			};
			name = Release;
		};
		871B6E62276EE48D008CEEBA /* Debug */ = {
			isa = XCBuildConfiguration;
			baseConfigurationReference = 2583AC25277B1A8900619F03 /* schoolToken.xcconfig */;
			buildSettings = {
				ASSETCATALOG_COMPILER_APPICON_NAME = AppIcon;
				ASSETCATALOG_COMPILER_GLOBAL_ACCENT_COLOR_NAME = AccentColor;
				CODE_SIGN_ENTITLEMENTS = semomun/semomun.entitlements;
				CODE_SIGN_STYLE = Automatic;
				CURRENT_PROJECT_VERSION = 17;
				DEVELOPMENT_TEAM = 4K9NF6L78D;
				GENERATE_INFOPLIST_FILE = YES;
				INFOPLIST_FILE = semomun/Info.plist;
				INFOPLIST_KEY_CFBundleDisplayName = "세모문";
				INFOPLIST_KEY_UIApplicationSupportsIndirectInputEvents = YES;
				INFOPLIST_KEY_UILaunchStoryboardName = LaunchScreen;
				INFOPLIST_KEY_UIMainStoryboardFile = Main;
				INFOPLIST_KEY_UIRequiredDeviceCapabilities = armv7;
				INFOPLIST_KEY_UIRequiresFullScreen = YES;
				INFOPLIST_KEY_UISupportedInterfaceOrientations = "UIInterfaceOrientationPortrait UIInterfaceOrientationPortraitUpsideDown";
				INFOPLIST_KEY_UISupportedInterfaceOrientations_iPad = "UIInterfaceOrientationPortrait UIInterfaceOrientationPortraitUpsideDown";
				INFOPLIST_KEY_UISupportedInterfaceOrientations_iPhone = "UIInterfaceOrientationPortrait UIInterfaceOrientationLandscapeLeft UIInterfaceOrientationLandscapeRight";
				INFOPLIST_KEY_UIUserInterfaceStyle = Light;
				IPHONEOS_DEPLOYMENT_TARGET = 14.0;
				LD_RUNPATH_SEARCH_PATHS = (
					"$(inherited)",
					"@executable_path/Frameworks",
				);
				MARKETING_VERSION = 1.0;
				PRODUCT_BUNDLE_IDENTIFIER = com.skyon.semomun;
				PRODUCT_NAME = "$(TARGET_NAME)";
				SWIFT_EMIT_LOC_STRINGS = YES;
				SWIFT_VERSION = 5.0;
				TARGETED_DEVICE_FAMILY = 2;
			};
			name = Debug;
		};
		871B6E63276EE48D008CEEBA /* Release */ = {
			isa = XCBuildConfiguration;
			baseConfigurationReference = 2583AC25277B1A8900619F03 /* schoolToken.xcconfig */;
			buildSettings = {
				ASSETCATALOG_COMPILER_APPICON_NAME = AppIcon;
				ASSETCATALOG_COMPILER_GLOBAL_ACCENT_COLOR_NAME = AccentColor;
				CODE_SIGN_ENTITLEMENTS = semomun/semomun.entitlements;
				CODE_SIGN_STYLE = Automatic;
				CURRENT_PROJECT_VERSION = 17;
				DEVELOPMENT_TEAM = 4K9NF6L78D;
				GENERATE_INFOPLIST_FILE = YES;
				INFOPLIST_FILE = semomun/Info.plist;
				INFOPLIST_KEY_CFBundleDisplayName = "세모문";
				INFOPLIST_KEY_UIApplicationSupportsIndirectInputEvents = YES;
				INFOPLIST_KEY_UILaunchStoryboardName = LaunchScreen;
				INFOPLIST_KEY_UIMainStoryboardFile = Main;
				INFOPLIST_KEY_UIRequiredDeviceCapabilities = armv7;
				INFOPLIST_KEY_UIRequiresFullScreen = YES;
				INFOPLIST_KEY_UISupportedInterfaceOrientations = "UIInterfaceOrientationPortrait UIInterfaceOrientationPortraitUpsideDown";
				INFOPLIST_KEY_UISupportedInterfaceOrientations_iPad = "UIInterfaceOrientationPortrait UIInterfaceOrientationPortraitUpsideDown";
				INFOPLIST_KEY_UISupportedInterfaceOrientations_iPhone = "UIInterfaceOrientationPortrait UIInterfaceOrientationLandscapeLeft UIInterfaceOrientationLandscapeRight";
				INFOPLIST_KEY_UIUserInterfaceStyle = Light;
				IPHONEOS_DEPLOYMENT_TARGET = 14.0;
				LD_RUNPATH_SEARCH_PATHS = (
					"$(inherited)",
					"@executable_path/Frameworks",
				);
				MARKETING_VERSION = 1.0;
				PRODUCT_BUNDLE_IDENTIFIER = com.skyon.semomun;
				PRODUCT_NAME = "$(TARGET_NAME)";
				SWIFT_EMIT_LOC_STRINGS = YES;
				SWIFT_VERSION = 5.0;
				TARGETED_DEVICE_FAMILY = 2;
			};
			name = Release;
		};
/* End XCBuildConfiguration section */

/* Begin XCConfigurationList section */
		871B6E48276EE48D008CEEBA /* Build configuration list for PBXProject "semomun" */ = {
			isa = XCConfigurationList;
			buildConfigurations = (
				871B6E5F276EE48D008CEEBA /* Debug */,
				871B6E60276EE48D008CEEBA /* Release */,
			);
			defaultConfigurationIsVisible = 0;
			defaultConfigurationName = Release;
		};
		871B6E61276EE48D008CEEBA /* Build configuration list for PBXNativeTarget "semomun" */ = {
			isa = XCConfigurationList;
			buildConfigurations = (
				871B6E62276EE48D008CEEBA /* Debug */,
				871B6E63276EE48D008CEEBA /* Release */,
			);
			defaultConfigurationIsVisible = 0;
			defaultConfigurationName = Release;
		};
/* End XCConfigurationList section */

/* Begin XCRemoteSwiftPackageReference section */
		871B6E64276EE584008CEEBA /* XCRemoteSwiftPackageReference "Kingfisher" */ = {
			isa = XCRemoteSwiftPackageReference;
			repositoryURL = "https://github.com/onevcat/Kingfisher";
			requirement = {
				kind = upToNextMajorVersion;
				minimumVersion = 7.0.0;
			};
		};
		871B6E67276EE5AB008CEEBA /* XCRemoteSwiftPackageReference "Alamofire" */ = {
			isa = XCRemoteSwiftPackageReference;
			repositoryURL = "https://github.com/Alamofire/Alamofire";
			requirement = {
				kind = upToNextMajorVersion;
				minimumVersion = 5.0.0;
			};
		};
		871B6E6A276EE5E7008CEEBA /* XCRemoteSwiftPackageReference "GoogleSignIn-iOS" */ = {
			isa = XCRemoteSwiftPackageReference;
			repositoryURL = "https://github.com/google/GoogleSignIn-iOS";
			requirement = {
				kind = upToNextMajorVersion;
				minimumVersion = 6.0.0;
			};
		};
/* End XCRemoteSwiftPackageReference section */

/* Begin XCSwiftPackageProductDependency section */
		871B6E65276EE584008CEEBA /* Kingfisher */ = {
			isa = XCSwiftPackageProductDependency;
			package = 871B6E64276EE584008CEEBA /* XCRemoteSwiftPackageReference "Kingfisher" */;
			productName = Kingfisher;
		};
		871B6E68276EE5AB008CEEBA /* Alamofire */ = {
			isa = XCSwiftPackageProductDependency;
			package = 871B6E67276EE5AB008CEEBA /* XCRemoteSwiftPackageReference "Alamofire" */;
			productName = Alamofire;
		};
		871B6E6B276EE5E7008CEEBA /* GoogleSignIn */ = {
			isa = XCSwiftPackageProductDependency;
			package = 871B6E6A276EE5E7008CEEBA /* XCRemoteSwiftPackageReference "GoogleSignIn-iOS" */;
			productName = GoogleSignIn;
		};
/* End XCSwiftPackageProductDependency section */

/* Begin XCVersionGroup section */
		87C85EF9276F7055001C9C4A /* semomun.xcdatamodeld */ = {
			isa = XCVersionGroup;
			children = (
				87C85EFA276F7055001C9C4A /* semomun.xcdatamodel */,
			);
			currentVersion = 87C85EFA276F7055001C9C4A /* semomun.xcdatamodel */;
			path = semomun.xcdatamodeld;
			sourceTree = "<group>";
			versionGroupType = wrapper.xcdatamodel;
		};
/* End XCVersionGroup section */
	};
	rootObject = 871B6E45276EE48D008CEEBA /* Project object */;
}
