// !$*UTF8*$!
{
	archiveVersion = 1;
	classes = {
	};
	objectVersion = 55;
	objects = {

/* Begin PBXBuildFile section */
		871B6E51276EE48D008CEEBA /* AppDelegate.swift in Sources */ = {isa = PBXBuildFile; fileRef = 871B6E50276EE48D008CEEBA /* AppDelegate.swift */; };
		871B6E53276EE48D008CEEBA /* SceneDelegate.swift in Sources */ = {isa = PBXBuildFile; fileRef = 871B6E52276EE48D008CEEBA /* SceneDelegate.swift */; };
		871B6E55276EE48D008CEEBA /* ViewController.swift in Sources */ = {isa = PBXBuildFile; fileRef = 871B6E54276EE48D008CEEBA /* ViewController.swift */; };
		871B6E58276EE48D008CEEBA /* Main.storyboard in Resources */ = {isa = PBXBuildFile; fileRef = 871B6E56276EE48D008CEEBA /* Main.storyboard */; };
		871B6E5A276EE48D008CEEBA /* Assets.xcassets in Resources */ = {isa = PBXBuildFile; fileRef = 871B6E59276EE48D008CEEBA /* Assets.xcassets */; };
		871B6E5D276EE48D008CEEBA /* LaunchScreen.storyboard in Resources */ = {isa = PBXBuildFile; fileRef = 871B6E5B276EE48D008CEEBA /* LaunchScreen.storyboard */; };
		871B6E66276EE584008CEEBA /* Kingfisher in Frameworks */ = {isa = PBXBuildFile; productRef = 871B6E65276EE584008CEEBA /* Kingfisher */; };
		871B6E69276EE5AB008CEEBA /* Alamofire in Frameworks */ = {isa = PBXBuildFile; productRef = 871B6E68276EE5AB008CEEBA /* Alamofire */; };
		871B6E6C276EE5E7008CEEBA /* GoogleSignIn in Frameworks */ = {isa = PBXBuildFile; productRef = 871B6E6B276EE5E7008CEEBA /* GoogleSignIn */; };
		87D15DF8276EF7F400A1BF5B /* Cache in Resources */ = {isa = PBXBuildFile; fileRef = 87D15DF7276EF7F400A1BF5B /* Cache */; };
		87D15E01276EF83D00A1BF5B /* CoreData in Resources */ = {isa = PBXBuildFile; fileRef = 87D15E00276EF83D00A1BF5B /* CoreData */; };
		87D15E03276EF84400A1BF5B /* Global in Resources */ = {isa = PBXBuildFile; fileRef = 87D15E02276EF84400A1BF5B /* Global */; };
		87D15E05276EF84A00A1BF5B /* Loading in Resources */ = {isa = PBXBuildFile; fileRef = 87D15E04276EF84A00A1BF5B /* Loading */; };
		87D15E07276EF85200A1BF5B /* Login in Resources */ = {isa = PBXBuildFile; fileRef = 87D15E06276EF85200A1BF5B /* Login */; };
		87D15E09276EF85900A1BF5B /* Main in Resources */ = {isa = PBXBuildFile; fileRef = 87D15E08276EF85900A1BF5B /* Main */; };
		87D15E0B276EF86000A1BF5B /* Model in Resources */ = {isa = PBXBuildFile; fileRef = 87D15E0A276EF86000A1BF5B /* Model */; };
		87D15E0D276EF86B00A1BF5B /* Network in Resources */ = {isa = PBXBuildFile; fileRef = 87D15E0C276EF86B00A1BF5B /* Network */; };
		87D15E0F276EF87100A1BF5B /* PersonalSetting in Resources */ = {isa = PBXBuildFile; fileRef = 87D15E0E276EF87100A1BF5B /* PersonalSetting */; };
		87D15E11276EF87E00A1BF5B /* SearchWorkbook in Resources */ = {isa = PBXBuildFile; fileRef = 87D15E10276EF87E00A1BF5B /* SearchWorkbook */; };
		87D15E13276EF88700A1BF5B /* Solving in Resources */ = {isa = PBXBuildFile; fileRef = 87D15E12276EF88700A1BF5B /* Solving */; };
		87D15E15276EF88E00A1BF5B /* test in Resources */ = {isa = PBXBuildFile; fileRef = 87D15E14276EF88E00A1BF5B /* test */; };
		87D15E17276EF89600A1BF5B /* ViewController in Resources */ = {isa = PBXBuildFile; fileRef = 87D15E16276EF89600A1BF5B /* ViewController */; };
/* End PBXBuildFile section */

/* Begin PBXFileReference section */
		871B6E4D276EE48D008CEEBA /* semomun.app */ = {isa = PBXFileReference; explicitFileType = wrapper.application; includeInIndex = 0; path = semomun.app; sourceTree = BUILT_PRODUCTS_DIR; };
		871B6E50276EE48D008CEEBA /* AppDelegate.swift */ = {isa = PBXFileReference; lastKnownFileType = sourcecode.swift; path = AppDelegate.swift; sourceTree = "<group>"; };
		871B6E52276EE48D008CEEBA /* SceneDelegate.swift */ = {isa = PBXFileReference; lastKnownFileType = sourcecode.swift; path = SceneDelegate.swift; sourceTree = "<group>"; };
		871B6E54276EE48D008CEEBA /* ViewController.swift */ = {isa = PBXFileReference; lastKnownFileType = sourcecode.swift; path = ViewController.swift; sourceTree = "<group>"; };
		871B6E57276EE48D008CEEBA /* Base */ = {isa = PBXFileReference; lastKnownFileType = file.storyboard; name = Base; path = Base.lproj/Main.storyboard; sourceTree = "<group>"; };
		871B6E59276EE48D008CEEBA /* Assets.xcassets */ = {isa = PBXFileReference; lastKnownFileType = folder.assetcatalog; path = Assets.xcassets; sourceTree = "<group>"; };
		871B6E5C276EE48D008CEEBA /* Base */ = {isa = PBXFileReference; lastKnownFileType = file.storyboard; name = Base; path = Base.lproj/LaunchScreen.storyboard; sourceTree = "<group>"; };
		871B6E5E276EE48D008CEEBA /* Info.plist */ = {isa = PBXFileReference; lastKnownFileType = text.plist.xml; path = Info.plist; sourceTree = "<group>"; };
		87D15DF7276EF7F400A1BF5B /* Cache */ = {isa = PBXFileReference; lastKnownFileType = folder; path = Cache; sourceTree = "<group>"; };
		87D15E00276EF83D00A1BF5B /* CoreData */ = {isa = PBXFileReference; lastKnownFileType = folder; path = CoreData; sourceTree = "<group>"; };
		87D15E02276EF84400A1BF5B /* Global */ = {isa = PBXFileReference; lastKnownFileType = folder; path = Global; sourceTree = "<group>"; };
		87D15E04276EF84A00A1BF5B /* Loading */ = {isa = PBXFileReference; lastKnownFileType = folder; path = Loading; sourceTree = "<group>"; };
		87D15E06276EF85200A1BF5B /* Login */ = {isa = PBXFileReference; lastKnownFileType = folder; path = Login; sourceTree = "<group>"; };
		87D15E08276EF85900A1BF5B /* Main */ = {isa = PBXFileReference; lastKnownFileType = folder; path = Main; sourceTree = "<group>"; };
		87D15E0A276EF86000A1BF5B /* Model */ = {isa = PBXFileReference; lastKnownFileType = folder; path = Model; sourceTree = "<group>"; };
		87D15E0C276EF86B00A1BF5B /* Network */ = {isa = PBXFileReference; lastKnownFileType = folder; path = Network; sourceTree = "<group>"; };
		87D15E0E276EF87100A1BF5B /* PersonalSetting */ = {isa = PBXFileReference; lastKnownFileType = folder; path = PersonalSetting; sourceTree = "<group>"; };
		87D15E10276EF87E00A1BF5B /* SearchWorkbook */ = {isa = PBXFileReference; lastKnownFileType = folder; path = SearchWorkbook; sourceTree = "<group>"; };
		87D15E12276EF88700A1BF5B /* Solving */ = {isa = PBXFileReference; lastKnownFileType = folder; path = Solving; sourceTree = "<group>"; };
		87D15E14276EF88E00A1BF5B /* test */ = {isa = PBXFileReference; lastKnownFileType = folder; path = test; sourceTree = "<group>"; };
		87D15E16276EF89600A1BF5B /* ViewController */ = {isa = PBXFileReference; lastKnownFileType = folder; path = ViewController; sourceTree = "<group>"; };
/* End PBXFileReference section */

/* Begin PBXFrameworksBuildPhase section */
		871B6E4A276EE48D008CEEBA /* Frameworks */ = {
			isa = PBXFrameworksBuildPhase;
			buildActionMask = 2147483647;
			files = (
				871B6E66276EE584008CEEBA /* Kingfisher in Frameworks */,
				871B6E69276EE5AB008CEEBA /* Alamofire in Frameworks */,
				871B6E6C276EE5E7008CEEBA /* GoogleSignIn in Frameworks */,
			);
			runOnlyForDeploymentPostprocessing = 0;
		};
/* End PBXFrameworksBuildPhase section */

/* Begin PBXGroup section */
		871B6E44276EE48D008CEEBA = {
			isa = PBXGroup;
			children = (
				871B6E4F276EE48D008CEEBA /* semomun */,
				871B6E4E276EE48D008CEEBA /* Products */,
			);
			sourceTree = "<group>";
		};
		871B6E4E276EE48D008CEEBA /* Products */ = {
			isa = PBXGroup;
			children = (
				871B6E4D276EE48D008CEEBA /* semomun.app */,
			);
			name = Products;
			sourceTree = "<group>";
		};
		871B6E4F276EE48D008CEEBA /* semomun */ = {
			isa = PBXGroup;
			children = (
				87D15E06276EF85200A1BF5B /* Login */,
				87D15E08276EF85900A1BF5B /* Main */,
				87D15E0E276EF87100A1BF5B /* PersonalSetting */,
				87D15E10276EF87E00A1BF5B /* SearchWorkbook */,
				87D15E12276EF88700A1BF5B /* Solving */,
				87D15DF7276EF7F400A1BF5B /* Cache */,
				87D15E00276EF83D00A1BF5B /* CoreData */,
				87D15E02276EF84400A1BF5B /* Global */,
				87D15E04276EF84A00A1BF5B /* Loading */,
				87D15E0A276EF86000A1BF5B /* Model */,
				87D15E0C276EF86B00A1BF5B /* Network */,
				87D15E16276EF89600A1BF5B /* ViewController */,
				87D15E14276EF88E00A1BF5B /* test */,
				871B6E50276EE48D008CEEBA /* AppDelegate.swift */,
				871B6E52276EE48D008CEEBA /* SceneDelegate.swift */,
				871B6E54276EE48D008CEEBA /* ViewController.swift */,
				871B6E56276EE48D008CEEBA /* Main.storyboard */,
				871B6E59276EE48D008CEEBA /* Assets.xcassets */,
				871B6E5B276EE48D008CEEBA /* LaunchScreen.storyboard */,
				871B6E5E276EE48D008CEEBA /* Info.plist */,
			);
			path = semomun;
			sourceTree = "<group>";
		};
/* End PBXGroup section */

/* Begin PBXNativeTarget section */
		871B6E4C276EE48D008CEEBA /* semomun */ = {
			isa = PBXNativeTarget;
			buildConfigurationList = 871B6E61276EE48D008CEEBA /* Build configuration list for PBXNativeTarget "semomun" */;
			buildPhases = (
				871B6E49276EE48D008CEEBA /* Sources */,
				871B6E4A276EE48D008CEEBA /* Frameworks */,
				871B6E4B276EE48D008CEEBA /* Resources */,
			);
			buildRules = (
			);
			dependencies = (
			);
			name = semomun;
			packageProductDependencies = (
				871B6E65276EE584008CEEBA /* Kingfisher */,
				871B6E68276EE5AB008CEEBA /* Alamofire */,
				871B6E6B276EE5E7008CEEBA /* GoogleSignIn */,
			);
			productName = semomun;
			productReference = 871B6E4D276EE48D008CEEBA /* semomun.app */;
			productType = "com.apple.product-type.application";
		};
/* End PBXNativeTarget section */

/* Begin PBXProject section */
		871B6E45276EE48D008CEEBA /* Project object */ = {
			isa = PBXProject;
			attributes = {
				BuildIndependentTargetsInParallel = 1;
				LastSwiftUpdateCheck = 1310;
				LastUpgradeCheck = 1310;
				TargetAttributes = {
					871B6E4C276EE48D008CEEBA = {
						CreatedOnToolsVersion = 13.1;
					};
				};
			};
			buildConfigurationList = 871B6E48276EE48D008CEEBA /* Build configuration list for PBXProject "semomun" */;
			compatibilityVersion = "Xcode 13.0";
			developmentRegion = en;
			hasScannedForEncodings = 0;
			knownRegions = (
				en,
				Base,
			);
			mainGroup = 871B6E44276EE48D008CEEBA;
			packageReferences = (
				871B6E64276EE584008CEEBA /* XCRemoteSwiftPackageReference "Kingfisher" */,
				871B6E67276EE5AB008CEEBA /* XCRemoteSwiftPackageReference "Alamofire" */,
				871B6E6A276EE5E7008CEEBA /* XCRemoteSwiftPackageReference "GoogleSignIn-iOS" */,
			);
			productRefGroup = 871B6E4E276EE48D008CEEBA /* Products */;
			projectDirPath = "";
			projectRoot = "";
			targets = (
				871B6E4C276EE48D008CEEBA /* semomun */,
			);
		};
/* End PBXProject section */

/* Begin PBXResourcesBuildPhase section */
		871B6E4B276EE48D008CEEBA /* Resources */ = {
			isa = PBXResourcesBuildPhase;
			buildActionMask = 2147483647;
			files = (
				87D15E0B276EF86000A1BF5B /* Model in Resources */,
				87D15E13276EF88700A1BF5B /* Solving in Resources */,
				871B6E5D276EE48D008CEEBA /* LaunchScreen.storyboard in Resources */,
				87D15E03276EF84400A1BF5B /* Global in Resources */,
				87D15E01276EF83D00A1BF5B /* CoreData in Resources */,
				87D15E05276EF84A00A1BF5B /* Loading in Resources */,
				87D15E11276EF87E00A1BF5B /* SearchWorkbook in Resources */,
				87D15DF8276EF7F400A1BF5B /* Cache in Resources */,
				87D15E09276EF85900A1BF5B /* Main in Resources */,
				87D15E0D276EF86B00A1BF5B /* Network in Resources */,
				871B6E5A276EE48D008CEEBA /* Assets.xcassets in Resources */,
				87D15E15276EF88E00A1BF5B /* test in Resources */,
				87D15E0F276EF87100A1BF5B /* PersonalSetting in Resources */,
				87D15E17276EF89600A1BF5B /* ViewController in Resources */,
				87D15E07276EF85200A1BF5B /* Login in Resources */,
				871B6E58276EE48D008CEEBA /* Main.storyboard in Resources */,
			);
			runOnlyForDeploymentPostprocessing = 0;
		};
/* End PBXResourcesBuildPhase section */

/* Begin PBXSourcesBuildPhase section */
		871B6E49276EE48D008CEEBA /* Sources */ = {
			isa = PBXSourcesBuildPhase;
			buildActionMask = 2147483647;
			files = (
				871B6E55276EE48D008CEEBA /* ViewController.swift in Sources */,
				871B6E51276EE48D008CEEBA /* AppDelegate.swift in Sources */,
				871B6E53276EE48D008CEEBA /* SceneDelegate.swift in Sources */,
			);
			runOnlyForDeploymentPostprocessing = 0;
		};
/* End PBXSourcesBuildPhase section */

/* Begin PBXVariantGroup section */
		871B6E56276EE48D008CEEBA /* Main.storyboard */ = {
			isa = PBXVariantGroup;
			children = (
				871B6E57276EE48D008CEEBA /* Base */,
			);
			name = Main.storyboard;
			sourceTree = "<group>";
		};
		871B6E5B276EE48D008CEEBA /* LaunchScreen.storyboard */ = {
			isa = PBXVariantGroup;
			children = (
				871B6E5C276EE48D008CEEBA /* Base */,
			);
			name = LaunchScreen.storyboard;
			sourceTree = "<group>";
		};
/* End PBXVariantGroup section */

/* Begin XCBuildConfiguration section */
		871B6E5F276EE48D008CEEBA /* Debug */ = {
			isa = XCBuildConfiguration;
			buildSettings = {
				ALWAYS_SEARCH_USER_PATHS = NO;
				CLANG_ANALYZER_NONNULL = YES;
				CLANG_ANALYZER_NUMBER_OBJECT_CONVERSION = YES_AGGRESSIVE;
				CLANG_CXX_LANGUAGE_STANDARD = "gnu++17";
				CLANG_CXX_LIBRARY = "libc++";
				CLANG_ENABLE_MODULES = YES;
				CLANG_ENABLE_OBJC_ARC = YES;
				CLANG_ENABLE_OBJC_WEAK = YES;
				CLANG_WARN_BLOCK_CAPTURE_AUTORELEASING = YES;
				CLANG_WARN_BOOL_CONVERSION = YES;
				CLANG_WARN_COMMA = YES;
				CLANG_WARN_CONSTANT_CONVERSION = YES;
				CLANG_WARN_DEPRECATED_OBJC_IMPLEMENTATIONS = YES;
				CLANG_WARN_DIRECT_OBJC_ISA_USAGE = YES_ERROR;
				CLANG_WARN_DOCUMENTATION_COMMENTS = YES;
				CLANG_WARN_EMPTY_BODY = YES;
				CLANG_WARN_ENUM_CONVERSION = YES;
				CLANG_WARN_INFINITE_RECURSION = YES;
				CLANG_WARN_INT_CONVERSION = YES;
				CLANG_WARN_NON_LITERAL_NULL_CONVERSION = YES;
				CLANG_WARN_OBJC_IMPLICIT_RETAIN_SELF = YES;
				CLANG_WARN_OBJC_LITERAL_CONVERSION = YES;
				CLANG_WARN_OBJC_ROOT_CLASS = YES_ERROR;
				CLANG_WARN_QUOTED_INCLUDE_IN_FRAMEWORK_HEADER = YES;
				CLANG_WARN_RANGE_LOOP_ANALYSIS = YES;
				CLANG_WARN_STRICT_PROTOTYPES = YES;
				CLANG_WARN_SUSPICIOUS_MOVE = YES;
				CLANG_WARN_UNGUARDED_AVAILABILITY = YES_AGGRESSIVE;
				CLANG_WARN_UNREACHABLE_CODE = YES;
				CLANG_WARN__DUPLICATE_METHOD_MATCH = YES;
				COPY_PHASE_STRIP = NO;
				DEBUG_INFORMATION_FORMAT = dwarf;
				ENABLE_STRICT_OBJC_MSGSEND = YES;
				ENABLE_TESTABILITY = YES;
				GCC_C_LANGUAGE_STANDARD = gnu11;
				GCC_DYNAMIC_NO_PIC = NO;
				GCC_NO_COMMON_BLOCKS = YES;
				GCC_OPTIMIZATION_LEVEL = 0;
				GCC_PREPROCESSOR_DEFINITIONS = (
					"DEBUG=1",
					"$(inherited)",
				);
				GCC_WARN_64_TO_32_BIT_CONVERSION = YES;
				GCC_WARN_ABOUT_RETURN_TYPE = YES_ERROR;
				GCC_WARN_UNDECLARED_SELECTOR = YES;
				GCC_WARN_UNINITIALIZED_AUTOS = YES_AGGRESSIVE;
				GCC_WARN_UNUSED_FUNCTION = YES;
				GCC_WARN_UNUSED_VARIABLE = YES;
				IPHONEOS_DEPLOYMENT_TARGET = 14.0;
				MTL_ENABLE_DEBUG_INFO = INCLUDE_SOURCE;
				MTL_FAST_MATH = YES;
				ONLY_ACTIVE_ARCH = YES;
				SDKROOT = iphoneos;
				SWIFT_ACTIVE_COMPILATION_CONDITIONS = DEBUG;
				SWIFT_OPTIMIZATION_LEVEL = "-Onone";
			};
			name = Debug;
		};
		871B6E60276EE48D008CEEBA /* Release */ = {
			isa = XCBuildConfiguration;
			buildSettings = {
				ALWAYS_SEARCH_USER_PATHS = NO;
				CLANG_ANALYZER_NONNULL = YES;
				CLANG_ANALYZER_NUMBER_OBJECT_CONVERSION = YES_AGGRESSIVE;
				CLANG_CXX_LANGUAGE_STANDARD = "gnu++17";
				CLANG_CXX_LIBRARY = "libc++";
				CLANG_ENABLE_MODULES = YES;
				CLANG_ENABLE_OBJC_ARC = YES;
				CLANG_ENABLE_OBJC_WEAK = YES;
				CLANG_WARN_BLOCK_CAPTURE_AUTORELEASING = YES;
				CLANG_WARN_BOOL_CONVERSION = YES;
				CLANG_WARN_COMMA = YES;
				CLANG_WARN_CONSTANT_CONVERSION = YES;
				CLANG_WARN_DEPRECATED_OBJC_IMPLEMENTATIONS = YES;
				CLANG_WARN_DIRECT_OBJC_ISA_USAGE = YES_ERROR;
				CLANG_WARN_DOCUMENTATION_COMMENTS = YES;
				CLANG_WARN_EMPTY_BODY = YES;
				CLANG_WARN_ENUM_CONVERSION = YES;
				CLANG_WARN_INFINITE_RECURSION = YES;
				CLANG_WARN_INT_CONVERSION = YES;
				CLANG_WARN_NON_LITERAL_NULL_CONVERSION = YES;
				CLANG_WARN_OBJC_IMPLICIT_RETAIN_SELF = YES;
				CLANG_WARN_OBJC_LITERAL_CONVERSION = YES;
				CLANG_WARN_OBJC_ROOT_CLASS = YES_ERROR;
				CLANG_WARN_QUOTED_INCLUDE_IN_FRAMEWORK_HEADER = YES;
				CLANG_WARN_RANGE_LOOP_ANALYSIS = YES;
				CLANG_WARN_STRICT_PROTOTYPES = YES;
				CLANG_WARN_SUSPICIOUS_MOVE = YES;
				CLANG_WARN_UNGUARDED_AVAILABILITY = YES_AGGRESSIVE;
				CLANG_WARN_UNREACHABLE_CODE = YES;
				CLANG_WARN__DUPLICATE_METHOD_MATCH = YES;
				COPY_PHASE_STRIP = NO;
				DEBUG_INFORMATION_FORMAT = "dwarf-with-dsym";
				ENABLE_NS_ASSERTIONS = NO;
				ENABLE_STRICT_OBJC_MSGSEND = YES;
				GCC_C_LANGUAGE_STANDARD = gnu11;
				GCC_NO_COMMON_BLOCKS = YES;
				GCC_WARN_64_TO_32_BIT_CONVERSION = YES;
				GCC_WARN_ABOUT_RETURN_TYPE = YES_ERROR;
				GCC_WARN_UNDECLARED_SELECTOR = YES;
				GCC_WARN_UNINITIALIZED_AUTOS = YES_AGGRESSIVE;
				GCC_WARN_UNUSED_FUNCTION = YES;
				GCC_WARN_UNUSED_VARIABLE = YES;
				IPHONEOS_DEPLOYMENT_TARGET = 14.0;
				MTL_ENABLE_DEBUG_INFO = NO;
				MTL_FAST_MATH = YES;
				SDKROOT = iphoneos;
				SWIFT_COMPILATION_MODE = wholemodule;
				SWIFT_OPTIMIZATION_LEVEL = "-O";
				VALIDATE_PRODUCT = YES;
			};
			name = Release;
		};
		871B6E62276EE48D008CEEBA /* Debug */ = {
			isa = XCBuildConfiguration;
			buildSettings = {
				ASSETCATALOG_COMPILER_APPICON_NAME = AppIcon;
				ASSETCATALOG_COMPILER_GLOBAL_ACCENT_COLOR_NAME = AccentColor;
				CODE_SIGN_STYLE = Automatic;
				CURRENT_PROJECT_VERSION = 1;
				DEVELOPMENT_TEAM = 4K9NF6L78D;
				GENERATE_INFOPLIST_FILE = YES;
				INFOPLIST_FILE = semomun/Info.plist;
				INFOPLIST_KEY_CFBundleDisplayName = "세모문";
				INFOPLIST_KEY_UIApplicationSupportsIndirectInputEvents = YES;
				INFOPLIST_KEY_UILaunchStoryboardName = LaunchScreen;
				INFOPLIST_KEY_UIMainStoryboardFile = Main;
				INFOPLIST_KEY_UIRequiresFullScreen = YES;
				INFOPLIST_KEY_UISupportedInterfaceOrientations_iPad = "UIInterfaceOrientationPortrait UIInterfaceOrientationPortraitUpsideDown";
				INFOPLIST_KEY_UISupportedInterfaceOrientations_iPhone = "UIInterfaceOrientationPortrait UIInterfaceOrientationLandscapeLeft UIInterfaceOrientationLandscapeRight";
				IPHONEOS_DEPLOYMENT_TARGET = 14.0;
				LD_RUNPATH_SEARCH_PATHS = (
					"$(inherited)",
					"@executable_path/Frameworks",
				);
				MARKETING_VERSION = 1.0;
				PRODUCT_BUNDLE_IDENTIFIER = com.skyon.semomun;
				PRODUCT_NAME = "$(TARGET_NAME)";
				SWIFT_EMIT_LOC_STRINGS = YES;
				SWIFT_VERSION = 5.0;
				TARGETED_DEVICE_FAMILY = 2;
			};
			name = Debug;
		};
		871B6E63276EE48D008CEEBA /* Release */ = {
			isa = XCBuildConfiguration;
			buildSettings = {
				ASSETCATALOG_COMPILER_APPICON_NAME = AppIcon;
				ASSETCATALOG_COMPILER_GLOBAL_ACCENT_COLOR_NAME = AccentColor;
				CODE_SIGN_STYLE = Automatic;
				CURRENT_PROJECT_VERSION = 1;
				DEVELOPMENT_TEAM = 4K9NF6L78D;
				GENERATE_INFOPLIST_FILE = YES;
				INFOPLIST_FILE = semomun/Info.plist;
				INFOPLIST_KEY_CFBundleDisplayName = "세모문";
				INFOPLIST_KEY_UIApplicationSupportsIndirectInputEvents = YES;
				INFOPLIST_KEY_UILaunchStoryboardName = LaunchScreen;
				INFOPLIST_KEY_UIMainStoryboardFile = Main;
				INFOPLIST_KEY_UIRequiresFullScreen = YES;
				INFOPLIST_KEY_UISupportedInterfaceOrientations_iPad = "UIInterfaceOrientationPortrait UIInterfaceOrientationPortraitUpsideDown";
				INFOPLIST_KEY_UISupportedInterfaceOrientations_iPhone = "UIInterfaceOrientationPortrait UIInterfaceOrientationLandscapeLeft UIInterfaceOrientationLandscapeRight";
				IPHONEOS_DEPLOYMENT_TARGET = 14.0;
				LD_RUNPATH_SEARCH_PATHS = (
					"$(inherited)",
					"@executable_path/Frameworks",
				);
				MARKETING_VERSION = 1.0;
				PRODUCT_BUNDLE_IDENTIFIER = com.skyon.semomun;
				PRODUCT_NAME = "$(TARGET_NAME)";
				SWIFT_EMIT_LOC_STRINGS = YES;
				SWIFT_VERSION = 5.0;
				TARGETED_DEVICE_FAMILY = 2;
			};
			name = Release;
		};
/* End XCBuildConfiguration section */

/* Begin XCConfigurationList section */
		871B6E48276EE48D008CEEBA /* Build configuration list for PBXProject "semomun" */ = {
			isa = XCConfigurationList;
			buildConfigurations = (
				871B6E5F276EE48D008CEEBA /* Debug */,
				871B6E60276EE48D008CEEBA /* Release */,
			);
			defaultConfigurationIsVisible = 0;
			defaultConfigurationName = Release;
		};
		871B6E61276EE48D008CEEBA /* Build configuration list for PBXNativeTarget "semomun" */ = {
			isa = XCConfigurationList;
			buildConfigurations = (
				871B6E62276EE48D008CEEBA /* Debug */,
				871B6E63276EE48D008CEEBA /* Release */,
			);
			defaultConfigurationIsVisible = 0;
			defaultConfigurationName = Release;
		};
/* End XCConfigurationList section */

/* Begin XCRemoteSwiftPackageReference section */
		871B6E64276EE584008CEEBA /* XCRemoteSwiftPackageReference "Kingfisher" */ = {
			isa = XCRemoteSwiftPackageReference;
			repositoryURL = "https://github.com/onevcat/Kingfisher";
			requirement = {
				kind = upToNextMajorVersion;
				minimumVersion = 7.0.0;
			};
		};
		871B6E67276EE5AB008CEEBA /* XCRemoteSwiftPackageReference "Alamofire" */ = {
			isa = XCRemoteSwiftPackageReference;
			repositoryURL = "https://github.com/Alamofire/Alamofire";
			requirement = {
				kind = upToNextMajorVersion;
				minimumVersion = 5.0.0;
			};
		};
		871B6E6A276EE5E7008CEEBA /* XCRemoteSwiftPackageReference "GoogleSignIn-iOS" */ = {
			isa = XCRemoteSwiftPackageReference;
			repositoryURL = "https://github.com/google/GoogleSignIn-iOS";
			requirement = {
				kind = upToNextMajorVersion;
				minimumVersion = 6.0.0;
			};
		};
/* End XCRemoteSwiftPackageReference section */

/* Begin XCSwiftPackageProductDependency section */
		871B6E65276EE584008CEEBA /* Kingfisher */ = {
			isa = XCSwiftPackageProductDependency;
			package = 871B6E64276EE584008CEEBA /* XCRemoteSwiftPackageReference "Kingfisher" */;
			productName = Kingfisher;
		};
		871B6E68276EE5AB008CEEBA /* Alamofire */ = {
			isa = XCSwiftPackageProductDependency;
			package = 871B6E67276EE5AB008CEEBA /* XCRemoteSwiftPackageReference "Alamofire" */;
			productName = Alamofire;
		};
		871B6E6B276EE5E7008CEEBA /* GoogleSignIn */ = {
			isa = XCSwiftPackageProductDependency;
			package = 871B6E6A276EE5E7008CEEBA /* XCRemoteSwiftPackageReference "GoogleSignIn-iOS" */;
			productName = GoogleSignIn;
		};
/* End XCSwiftPackageProductDependency section */
	};
	rootObject = 871B6E45276EE48D008CEEBA /* Project object */;
}
