// !$*UTF8*$!
{
	archiveVersion = 1;
	classes = {
	};
	objectVersion = 52;
	objects = {

/* Begin PBXBuildFile section */
		1E717BC726FAF997009784CB /* Section_Core+CoreDataClass.swift in Sources */ = {isa = PBXBuildFile; fileRef = 1E717BC526FAF997009784CB /* Section_Core+CoreDataClass.swift */; };
		1E717BC826FAF997009784CB /* Section_Core+CoreDataProperties.swift in Sources */ = {isa = PBXBuildFile; fileRef = 1E717BC626FAF997009784CB /* Section_Core+CoreDataProperties.swift */; };
		4A12461B26F1F39F00402F58 /* ShowDetailOfWorkbookViewController.swift in Sources */ = {isa = PBXBuildFile; fileRef = 4A12461A26F1F39F00402F58 /* ShowDetailOfWorkbookViewController.swift */; };
		4A1E742126F70DBD001C3420 /* CertificationViewController.swift in Sources */ = {isa = PBXBuildFile; fileRef = 4A1E742026F70DBD001C3420 /* CertificationViewController.swift */; };
		4A1E742326F71AFB001C3420 /* CreateFirstViewController.swift in Sources */ = {isa = PBXBuildFile; fileRef = 4A1E742226F71AFB001C3420 /* CreateFirstViewController.swift */; };
		4A2BE42626D214AD0095CBCF /* CoreGraphics+Z.swift in Sources */ = {isa = PBXBuildFile; fileRef = 4A2BE42526D214AD0095CBCF /* CoreGraphics+Z.swift */; };
		4A3538B926FB07E800F3A1F3 /* Query.swift in Sources */ = {isa = PBXBuildFile; fileRef = 4A3538B826FB07E800F3A1F3 /* Query.swift */; };
		4A4D92B026EDA19E00B82EE9 /* SearchWorkbookViewController.swift in Sources */ = {isa = PBXBuildFile; fileRef = 4A4D92AF26EDA19E00B82EE9 /* SearchWorkbookViewController.swift */; };
		4A55DE5726F6FF7C008F1C35 /* UIButton.swift in Sources */ = {isa = PBXBuildFile; fileRef = 4A55DE5626F6FF7C008F1C35 /* UIButton.swift */; };
		4A55DE5A26F70151008F1C35 /* StartViewController.swift in Sources */ = {isa = PBXBuildFile; fileRef = 4A55DE5926F70151008F1C35 /* StartViewController.swift */; };
		4A6AFE9826D645CC00E65561 /* test_1ViewController.swift in Sources */ = {isa = PBXBuildFile; fileRef = 4A6AFE9726D645CC00E65561 /* test_1ViewController.swift */; };
		4A6AFE9A26D645DA00E65561 /* test_2ViewController.swift in Sources */ = {isa = PBXBuildFile; fileRef = 4A6AFE9926D645DA00E65561 /* test_2ViewController.swift */; };
		4A6AFE9C26D64B5F00E65561 /* test_3ViewController.swift in Sources */ = {isa = PBXBuildFile; fileRef = 4A6AFE9B26D64B5F00E65561 /* test_3ViewController.swift */; };
		4A7FA86F26FAFCD90052B6CD /* CreateSecondViewController.swift in Sources */ = {isa = PBXBuildFile; fileRef = 4A7FA86E26FAFCD90052B6CD /* CreateSecondViewController.swift */; };
		4A8BEE6426E4865700613602 /* PKDrawing.swift in Sources */ = {isa = PBXBuildFile; fileRef = 4A8BEE6326E4865700613602 /* PKDrawing.swift */; };
		4A8BEE6626E48D8B00613602 /* Problem.swift in Sources */ = {isa = PBXBuildFile; fileRef = 4A8BEE6526E48D8B00613602 /* Problem.swift */; };
		4A8BEE6826E48F3D00613602 /* Submission.swift in Sources */ = {isa = PBXBuildFile; fileRef = 4A8BEE6726E48F3D00613602 /* Submission.swift */; };
		4A8BEE6A26E48FBA00613602 /* View.swift in Sources */ = {isa = PBXBuildFile; fileRef = 4A8BEE6926E48FBA00613602 /* View.swift */; };
		4A8BEE6C26E4903A00613602 /* Section.swift in Sources */ = {isa = PBXBuildFile; fileRef = 4A8BEE6B26E4903A00613602 /* Section.swift */; };
		4A8BEE6E26E490AB00613602 /* Report.swift in Sources */ = {isa = PBXBuildFile; fileRef = 4A8BEE6D26E490AB00613602 /* Report.swift */; };
		4A8BEE7026E490FB00613602 /* Workbook.swift in Sources */ = {isa = PBXBuildFile; fileRef = 4A8BEE6F26E490FB00613602 /* Workbook.swift */; };
		4A8BEE7226E491BF00613602 /* User.swift in Sources */ = {isa = PBXBuildFile; fileRef = 4A8BEE7126E491BF00613602 /* User.swift */; };
		4A8BEE7426E4925100613602 /* History.swift in Sources */ = {isa = PBXBuildFile; fileRef = 4A8BEE7326E4925100613602 /* History.swift */; };
		4A9470C526EDED7D000BB59C /* Semomoon.xcdatamodeld in Sources */ = {isa = PBXBuildFile; fileRef = 4A9470C326EDED7D000BB59C /* Semomoon.xcdatamodeld */; };
		4A97577326FEEA7B002543D6 /* LoginViewController.swift in Sources */ = {isa = PBXBuildFile; fileRef = 4A97577226FEEA7B002543D6 /* LoginViewController.swift */; };
		4A97577526FEEBC1002543D6 /* FindIDViewController.swift in Sources */ = {isa = PBXBuildFile; fileRef = 4A97577426FEEBC1002543D6 /* FindIDViewController.swift */; };
		4A97577726FEEBCF002543D6 /* FindPasswordViewController.swift in Sources */ = {isa = PBXBuildFile; fileRef = 4A97577626FEEBCF002543D6 /* FindPasswordViewController.swift */; };
		4A97577926FEFA2F002543D6 /* SideMenuViewController.swift in Sources */ = {isa = PBXBuildFile; fileRef = 4A97577826FEFA2F002543D6 /* SideMenuViewController.swift */; };
		4A99CC2A26F5AE55000D0AF9 /* CoreDataManager.swift in Sources */ = {isa = PBXBuildFile; fileRef = 4A99CC2926F5AE55000D0AF9 /* CoreDataManager.swift */; };
		4AA8878726EC727E009D1A2C /* Preview.swift in Sources */ = {isa = PBXBuildFile; fileRef = 4AA8878626EC727E009D1A2C /* Preview.swift */; };
		4AA8878926EC81B6009D1A2C /* MainViewController.swift in Sources */ = {isa = PBXBuildFile; fileRef = 4AA8878826EC81B6009D1A2C /* MainViewController.swift */; };
		4AA9803326D6584D004E8FCC /* SolvingViewController.swift in Sources */ = {isa = PBXBuildFile; fileRef = 4AA9803226D6584D004E8FCC /* SolvingViewController.swift */; };
		4AF59D7926F1E53400E7AE26 /* Preview_Core+CoreDataClass.swift in Sources */ = {isa = PBXBuildFile; fileRef = 4AF59D7726F1E53400E7AE26 /* Preview_Core+CoreDataClass.swift */; };
		4AF59D7A26F1E53400E7AE26 /* Preview_Core+CoreDataProperties.swift in Sources */ = {isa = PBXBuildFile; fileRef = 4AF59D7826F1E53400E7AE26 /* Preview_Core+CoreDataProperties.swift */; };
		4AF5F32A26E3305600ED71E6 /* PageDatas.swift in Sources */ = {isa = PBXBuildFile; fileRef = 4AF5F32926E3305600ED71E6 /* PageDatas.swift */; };
		8719B8A726F7331F00423D12 /* Kingfisher in Frameworks */ = {isa = PBXBuildFile; productRef = 8719B8A626F7331F00423D12 /* Kingfisher */; };
		87AB9DD026CB2BDB0019A276 /* AppDelegate.swift in Sources */ = {isa = PBXBuildFile; fileRef = 87AB9DCF26CB2BDB0019A276 /* AppDelegate.swift */; };
		87AB9DD226CB2BDB0019A276 /* SceneDelegate.swift in Sources */ = {isa = PBXBuildFile; fileRef = 87AB9DD126CB2BDB0019A276 /* SceneDelegate.swift */; };
		87AB9DD726CB2BDB0019A276 /* Main.storyboard in Resources */ = {isa = PBXBuildFile; fileRef = 87AB9DD526CB2BDB0019A276 /* Main.storyboard */; };
		87AB9DD926CB2BDC0019A276 /* Assets.xcassets in Resources */ = {isa = PBXBuildFile; fileRef = 87AB9DD826CB2BDC0019A276 /* Assets.xcassets */; };
		87AB9DDC26CB2BDC0019A276 /* LaunchScreen.storyboard in Resources */ = {isa = PBXBuildFile; fileRef = 87AB9DDA26CB2BDC0019A276 /* LaunchScreen.storyboard */; };
		87AB9DE726CB2BDC0019A276 /* SemomoonTests.swift in Sources */ = {isa = PBXBuildFile; fileRef = 87AB9DE626CB2BDC0019A276 /* SemomoonTests.swift */; };
		87AB9DF226CB2BDC0019A276 /* SemomoonUITests.swift in Sources */ = {isa = PBXBuildFile; fileRef = 87AB9DF126CB2BDC0019A276 /* SemomoonUITests.swift */; };
/* End PBXBuildFile section */

/* Begin PBXContainerItemProxy section */
		87AB9DE326CB2BDC0019A276 /* PBXContainerItemProxy */ = {
			isa = PBXContainerItemProxy;
			containerPortal = 87AB9DC426CB2BDB0019A276 /* Project object */;
			proxyType = 1;
			remoteGlobalIDString = 87AB9DCB26CB2BDB0019A276;
			remoteInfo = Semomoon;
		};
		87AB9DEE26CB2BDC0019A276 /* PBXContainerItemProxy */ = {
			isa = PBXContainerItemProxy;
			containerPortal = 87AB9DC426CB2BDB0019A276 /* Project object */;
			proxyType = 1;
			remoteGlobalIDString = 87AB9DCB26CB2BDB0019A276;
			remoteInfo = Semomoon;
		};
/* End PBXContainerItemProxy section */

/* Begin PBXFileReference section */
		1E717BC526FAF997009784CB /* Section_Core+CoreDataClass.swift */ = {isa = PBXFileReference; lastKnownFileType = sourcecode.swift; path = "Section_Core+CoreDataClass.swift"; sourceTree = "<group>"; };
		1E717BC626FAF997009784CB /* Section_Core+CoreDataProperties.swift */ = {isa = PBXFileReference; lastKnownFileType = sourcecode.swift; path = "Section_Core+CoreDataProperties.swift"; sourceTree = "<group>"; };
		4A12461A26F1F39F00402F58 /* ShowDetailOfWorkbookViewController.swift */ = {isa = PBXFileReference; lastKnownFileType = sourcecode.swift; path = ShowDetailOfWorkbookViewController.swift; sourceTree = "<group>"; };
		4A1E742026F70DBD001C3420 /* CertificationViewController.swift */ = {isa = PBXFileReference; lastKnownFileType = sourcecode.swift; path = CertificationViewController.swift; sourceTree = "<group>"; };
		4A1E742226F71AFB001C3420 /* CreateFirstViewController.swift */ = {isa = PBXFileReference; lastKnownFileType = sourcecode.swift; path = CreateFirstViewController.swift; sourceTree = "<group>"; };
		4A2BE42526D214AD0095CBCF /* CoreGraphics+Z.swift */ = {isa = PBXFileReference; lastKnownFileType = sourcecode.swift; path = "CoreGraphics+Z.swift"; sourceTree = "<group>"; };
		4A3538B826FB07E800F3A1F3 /* Query.swift */ = {isa = PBXFileReference; lastKnownFileType = sourcecode.swift; path = Query.swift; sourceTree = "<group>"; };
		4A4D92AF26EDA19E00B82EE9 /* SearchWorkbookViewController.swift */ = {isa = PBXFileReference; lastKnownFileType = sourcecode.swift; path = SearchWorkbookViewController.swift; sourceTree = "<group>"; };
		4A55DE5626F6FF7C008F1C35 /* UIButton.swift */ = {isa = PBXFileReference; lastKnownFileType = sourcecode.swift; path = UIButton.swift; sourceTree = "<group>"; };
		4A55DE5926F70151008F1C35 /* StartViewController.swift */ = {isa = PBXFileReference; lastKnownFileType = sourcecode.swift; path = StartViewController.swift; sourceTree = "<group>"; };
		4A6AFE9726D645CC00E65561 /* test_1ViewController.swift */ = {isa = PBXFileReference; lastKnownFileType = sourcecode.swift; path = test_1ViewController.swift; sourceTree = "<group>"; };
		4A6AFE9926D645DA00E65561 /* test_2ViewController.swift */ = {isa = PBXFileReference; lastKnownFileType = sourcecode.swift; path = test_2ViewController.swift; sourceTree = "<group>"; };
		4A6AFE9B26D64B5F00E65561 /* test_3ViewController.swift */ = {isa = PBXFileReference; lastKnownFileType = sourcecode.swift; path = test_3ViewController.swift; sourceTree = "<group>"; };
		4A7FA86E26FAFCD90052B6CD /* CreateSecondViewController.swift */ = {isa = PBXFileReference; lastKnownFileType = sourcecode.swift; path = CreateSecondViewController.swift; sourceTree = "<group>"; };
		4A8BEE6326E4865700613602 /* PKDrawing.swift */ = {isa = PBXFileReference; lastKnownFileType = sourcecode.swift; path = PKDrawing.swift; sourceTree = "<group>"; };
		4A8BEE6526E48D8B00613602 /* Problem.swift */ = {isa = PBXFileReference; lastKnownFileType = sourcecode.swift; path = Problem.swift; sourceTree = "<group>"; };
		4A8BEE6726E48F3D00613602 /* Submission.swift */ = {isa = PBXFileReference; lastKnownFileType = sourcecode.swift; path = Submission.swift; sourceTree = "<group>"; };
		4A8BEE6926E48FBA00613602 /* View.swift */ = {isa = PBXFileReference; lastKnownFileType = sourcecode.swift; path = View.swift; sourceTree = "<group>"; };
		4A8BEE6B26E4903A00613602 /* Section.swift */ = {isa = PBXFileReference; lastKnownFileType = sourcecode.swift; path = Section.swift; sourceTree = "<group>"; };
		4A8BEE6D26E490AB00613602 /* Report.swift */ = {isa = PBXFileReference; lastKnownFileType = sourcecode.swift; path = Report.swift; sourceTree = "<group>"; };
		4A8BEE6F26E490FB00613602 /* Workbook.swift */ = {isa = PBXFileReference; lastKnownFileType = sourcecode.swift; path = Workbook.swift; sourceTree = "<group>"; };
		4A8BEE7126E491BF00613602 /* User.swift */ = {isa = PBXFileReference; lastKnownFileType = sourcecode.swift; path = User.swift; sourceTree = "<group>"; };
		4A8BEE7326E4925100613602 /* History.swift */ = {isa = PBXFileReference; lastKnownFileType = sourcecode.swift; path = History.swift; sourceTree = "<group>"; };
		4A9470C426EDED7D000BB59C /* Semomoon.xcdatamodel */ = {isa = PBXFileReference; lastKnownFileType = wrapper.xcdatamodel; path = Semomoon.xcdatamodel; sourceTree = "<group>"; };
		4A97577226FEEA7B002543D6 /* LoginViewController.swift */ = {isa = PBXFileReference; lastKnownFileType = sourcecode.swift; path = LoginViewController.swift; sourceTree = "<group>"; };
		4A97577426FEEBC1002543D6 /* FindIDViewController.swift */ = {isa = PBXFileReference; lastKnownFileType = sourcecode.swift; path = FindIDViewController.swift; sourceTree = "<group>"; };
		4A97577626FEEBCF002543D6 /* FindPasswordViewController.swift */ = {isa = PBXFileReference; lastKnownFileType = sourcecode.swift; path = FindPasswordViewController.swift; sourceTree = "<group>"; };
		4A97577826FEFA2F002543D6 /* SideMenuViewController.swift */ = {isa = PBXFileReference; lastKnownFileType = sourcecode.swift; path = SideMenuViewController.swift; sourceTree = "<group>"; };
		4A99CC2926F5AE55000D0AF9 /* CoreDataManager.swift */ = {isa = PBXFileReference; lastKnownFileType = sourcecode.swift; path = CoreDataManager.swift; sourceTree = "<group>"; };
		4AA8878626EC727E009D1A2C /* Preview.swift */ = {isa = PBXFileReference; lastKnownFileType = sourcecode.swift; path = Preview.swift; sourceTree = "<group>"; };
		4AA8878826EC81B6009D1A2C /* MainViewController.swift */ = {isa = PBXFileReference; lastKnownFileType = sourcecode.swift; path = MainViewController.swift; sourceTree = "<group>"; };
		4AA9803226D6584D004E8FCC /* SolvingViewController.swift */ = {isa = PBXFileReference; lastKnownFileType = sourcecode.swift; path = SolvingViewController.swift; sourceTree = "<group>"; };
		4AF59D7726F1E53400E7AE26 /* Preview_Core+CoreDataClass.swift */ = {isa = PBXFileReference; lastKnownFileType = sourcecode.swift; path = "Preview_Core+CoreDataClass.swift"; sourceTree = "<group>"; };
		4AF59D7826F1E53400E7AE26 /* Preview_Core+CoreDataProperties.swift */ = {isa = PBXFileReference; lastKnownFileType = sourcecode.swift; path = "Preview_Core+CoreDataProperties.swift"; sourceTree = "<group>"; };
		4AF5F32926E3305600ED71E6 /* PageDatas.swift */ = {isa = PBXFileReference; lastKnownFileType = sourcecode.swift; path = PageDatas.swift; sourceTree = "<group>"; };
		87AB9DCC26CB2BDB0019A276 /* Semomoon.app */ = {isa = PBXFileReference; explicitFileType = wrapper.application; includeInIndex = 0; path = Semomoon.app; sourceTree = BUILT_PRODUCTS_DIR; };
		87AB9DCF26CB2BDB0019A276 /* AppDelegate.swift */ = {isa = PBXFileReference; lastKnownFileType = sourcecode.swift; path = AppDelegate.swift; sourceTree = "<group>"; };
		87AB9DD126CB2BDB0019A276 /* SceneDelegate.swift */ = {isa = PBXFileReference; lastKnownFileType = sourcecode.swift; path = SceneDelegate.swift; sourceTree = "<group>"; };
		87AB9DD626CB2BDB0019A276 /* Base */ = {isa = PBXFileReference; lastKnownFileType = file.storyboard; name = Base; path = Base.lproj/Main.storyboard; sourceTree = "<group>"; };
		87AB9DD826CB2BDC0019A276 /* Assets.xcassets */ = {isa = PBXFileReference; lastKnownFileType = folder.assetcatalog; path = Assets.xcassets; sourceTree = "<group>"; };
		87AB9DDB26CB2BDC0019A276 /* Base */ = {isa = PBXFileReference; lastKnownFileType = file.storyboard; name = Base; path = Base.lproj/LaunchScreen.storyboard; sourceTree = "<group>"; };
		87AB9DDD26CB2BDC0019A276 /* Info.plist */ = {isa = PBXFileReference; lastKnownFileType = text.plist.xml; path = Info.plist; sourceTree = "<group>"; };
		87AB9DE226CB2BDC0019A276 /* SemomoonTests.xctest */ = {isa = PBXFileReference; explicitFileType = wrapper.cfbundle; includeInIndex = 0; path = SemomoonTests.xctest; sourceTree = BUILT_PRODUCTS_DIR; };
		87AB9DE626CB2BDC0019A276 /* SemomoonTests.swift */ = {isa = PBXFileReference; lastKnownFileType = sourcecode.swift; path = SemomoonTests.swift; sourceTree = "<group>"; };
		87AB9DE826CB2BDC0019A276 /* Info.plist */ = {isa = PBXFileReference; lastKnownFileType = text.plist.xml; path = Info.plist; sourceTree = "<group>"; };
		87AB9DED26CB2BDC0019A276 /* SemomoonUITests.xctest */ = {isa = PBXFileReference; explicitFileType = wrapper.cfbundle; includeInIndex = 0; path = SemomoonUITests.xctest; sourceTree = BUILT_PRODUCTS_DIR; };
		87AB9DF126CB2BDC0019A276 /* SemomoonUITests.swift */ = {isa = PBXFileReference; lastKnownFileType = sourcecode.swift; path = SemomoonUITests.swift; sourceTree = "<group>"; };
		87AB9DF326CB2BDC0019A276 /* Info.plist */ = {isa = PBXFileReference; lastKnownFileType = text.plist.xml; path = Info.plist; sourceTree = "<group>"; };
/* End PBXFileReference section */

/* Begin PBXFrameworksBuildPhase section */
		87AB9DC926CB2BDB0019A276 /* Frameworks */ = {
			isa = PBXFrameworksBuildPhase;
			buildActionMask = 2147483647;
			files = (
				8719B8A726F7331F00423D12 /* Kingfisher in Frameworks */,
			);
			runOnlyForDeploymentPostprocessing = 0;
		};
		87AB9DDF26CB2BDC0019A276 /* Frameworks */ = {
			isa = PBXFrameworksBuildPhase;
			buildActionMask = 2147483647;
			files = (
			);
			runOnlyForDeploymentPostprocessing = 0;
		};
		87AB9DEA26CB2BDC0019A276 /* Frameworks */ = {
			isa = PBXFrameworksBuildPhase;
			buildActionMask = 2147483647;
			files = (
			);
			runOnlyForDeploymentPostprocessing = 0;
		};
/* End PBXFrameworksBuildPhase section */

/* Begin PBXGroup section */
		4A55DE5826F70137008F1C35 /* Login */ = {
			isa = PBXGroup;
			children = (
				4A55DE5926F70151008F1C35 /* StartViewController.swift */,
				4A1E742026F70DBD001C3420 /* CertificationViewController.swift */,
				4A1E742226F71AFB001C3420 /* CreateFirstViewController.swift */,
				4A7FA86E26FAFCD90052B6CD /* CreateSecondViewController.swift */,
				4A97577226FEEA7B002543D6 /* LoginViewController.swift */,
				4A97577426FEEBC1002543D6 /* FindIDViewController.swift */,
				4A97577626FEEBCF002543D6 /* FindPasswordViewController.swift */,
			);
			path = Login;
			sourceTree = "<group>";
		};
		4A6AFE9426D6455F00E65561 /* ViewController */ = {
			isa = PBXGroup;
			children = (
				4AA8878826EC81B6009D1A2C /* MainViewController.swift */,
				4A4D92AF26EDA19E00B82EE9 /* SearchWorkbookViewController.swift */,
				4A12461A26F1F39F00402F58 /* ShowDetailOfWorkbookViewController.swift */,
				4AA9803226D6584D004E8FCC /* SolvingViewController.swift */,
				4A6AFE9B26D64B5F00E65561 /* test_3ViewController.swift */,
				4A6AFE9726D645CC00E65561 /* test_1ViewController.swift */,
				4A6AFE9926D645DA00E65561 /* test_2ViewController.swift */,
				4A97577826FEFA2F002543D6 /* SideMenuViewController.swift */,
			);
			path = ViewController;
			sourceTree = "<group>";
		};
		4A8BEE6226E4863400613602 /* Extension */ = {
			isa = PBXGroup;
			children = (
				4A8BEE6326E4865700613602 /* PKDrawing.swift */,
				4A55DE5626F6FF7C008F1C35 /* UIButton.swift */,
			);
			path = Extension;
			sourceTree = "<group>";
		};
		4AF59D7B26F1E53D00E7AE26 /* CoreData */ = {
			isa = PBXGroup;
			children = (
				1E717BC626FAF997009784CB /* Section_Core+CoreDataProperties.swift */,
				1E717BC526FAF997009784CB /* Section_Core+CoreDataClass.swift */,
				4AF59D7726F1E53400E7AE26 /* Preview_Core+CoreDataClass.swift */,
				4AF59D7826F1E53400E7AE26 /* Preview_Core+CoreDataProperties.swift */,
				4A99CC2926F5AE55000D0AF9 /* CoreDataManager.swift */,
			);
			path = CoreData;
			sourceTree = "<group>";
		};
		4AF5F32826E3302300ED71E6 /* Model */ = {
			isa = PBXGroup;
			children = (
				4AF5F32926E3305600ED71E6 /* PageDatas.swift */,
				4AA8878626EC727E009D1A2C /* Preview.swift */,
				4A8BEE6F26E490FB00613602 /* Workbook.swift */,
				4A8BEE6B26E4903A00613602 /* Section.swift */,
				4A8BEE6926E48FBA00613602 /* View.swift */,
				4A8BEE6526E48D8B00613602 /* Problem.swift */,
				4A8BEE6726E48F3D00613602 /* Submission.swift */,
				4A8BEE6D26E490AB00613602 /* Report.swift */,
				4A8BEE7126E491BF00613602 /* User.swift */,
				4A8BEE7326E4925100613602 /* History.swift */,
				4A3538B826FB07E800F3A1F3 /* Query.swift */,
			);
			path = Model;
			sourceTree = "<group>";
		};
		872A187326E79FCA00806320 /* View */ = {
			isa = PBXGroup;
			children = (
				87AB9DD526CB2BDB0019A276 /* Main.storyboard */,
			);
			path = View;
			sourceTree = "<group>";
		};
		872A187426E79FE500806320 /* App */ = {
			isa = PBXGroup;
			children = (
				87AB9DCF26CB2BDB0019A276 /* AppDelegate.swift */,
				87AB9DD126CB2BDB0019A276 /* SceneDelegate.swift */,
				87AB9DD826CB2BDC0019A276 /* Assets.xcassets */,
				87AB9DDA26CB2BDC0019A276 /* LaunchScreen.storyboard */,
				4A2BE42526D214AD0095CBCF /* CoreGraphics+Z.swift */,
			);
			path = App;
			sourceTree = "<group>";
		};
		87AB9DC326CB2BDB0019A276 = {
			isa = PBXGroup;
			children = (
				87AB9DCE26CB2BDB0019A276 /* Semomoon */,
				87AB9DE526CB2BDC0019A276 /* SemomoonTests */,
				87AB9DF026CB2BDC0019A276 /* SemomoonUITests */,
				87AB9DCD26CB2BDB0019A276 /* Products */,
			);
			sourceTree = "<group>";
		};
		87AB9DCD26CB2BDB0019A276 /* Products */ = {
			isa = PBXGroup;
			children = (
				87AB9DCC26CB2BDB0019A276 /* Semomoon.app */,
				87AB9DE226CB2BDC0019A276 /* SemomoonTests.xctest */,
				87AB9DED26CB2BDC0019A276 /* SemomoonUITests.xctest */,
			);
			name = Products;
			sourceTree = "<group>";
		};
		87AB9DCE26CB2BDB0019A276 /* Semomoon */ = {
			isa = PBXGroup;
			children = (
				4A55DE5826F70137008F1C35 /* Login */,
				4AF59D7B26F1E53D00E7AE26 /* CoreData */,
				4A8BEE6226E4863400613602 /* Extension */,
				4AF5F32826E3302300ED71E6 /* Model */,
				872A187326E79FCA00806320 /* View */,
				4A6AFE9426D6455F00E65561 /* ViewController */,
				872A187426E79FE500806320 /* App */,
				87AB9DDD26CB2BDC0019A276 /* Info.plist */,
				4A9470C326EDED7D000BB59C /* Semomoon.xcdatamodeld */,
			);
			path = Semomoon;
			sourceTree = "<group>";
		};
		87AB9DE526CB2BDC0019A276 /* SemomoonTests */ = {
			isa = PBXGroup;
			children = (
				87AB9DE626CB2BDC0019A276 /* SemomoonTests.swift */,
				87AB9DE826CB2BDC0019A276 /* Info.plist */,
			);
			path = SemomoonTests;
			sourceTree = "<group>";
		};
		87AB9DF026CB2BDC0019A276 /* SemomoonUITests */ = {
			isa = PBXGroup;
			children = (
				87AB9DF126CB2BDC0019A276 /* SemomoonUITests.swift */,
				87AB9DF326CB2BDC0019A276 /* Info.plist */,
			);
			path = SemomoonUITests;
			sourceTree = "<group>";
		};
/* End PBXGroup section */

/* Begin PBXNativeTarget section */
		87AB9DCB26CB2BDB0019A276 /* Semomoon */ = {
			isa = PBXNativeTarget;
			buildConfigurationList = 87AB9DF626CB2BDC0019A276 /* Build configuration list for PBXNativeTarget "Semomoon" */;
			buildPhases = (
				87AB9DC826CB2BDB0019A276 /* Sources */,
				87AB9DC926CB2BDB0019A276 /* Frameworks */,
				87AB9DCA26CB2BDB0019A276 /* Resources */,
			);
			buildRules = (
			);
			dependencies = (
			);
			name = Semomoon;
			packageProductDependencies = (
				8719B8A626F7331F00423D12 /* Kingfisher */,
			);
			productName = Semomoon;
			productReference = 87AB9DCC26CB2BDB0019A276 /* Semomoon.app */;
			productType = "com.apple.product-type.application";
		};
		87AB9DE126CB2BDC0019A276 /* SemomoonTests */ = {
			isa = PBXNativeTarget;
			buildConfigurationList = 87AB9DF926CB2BDC0019A276 /* Build configuration list for PBXNativeTarget "SemomoonTests" */;
			buildPhases = (
				87AB9DDE26CB2BDC0019A276 /* Sources */,
				87AB9DDF26CB2BDC0019A276 /* Frameworks */,
				87AB9DE026CB2BDC0019A276 /* Resources */,
			);
			buildRules = (
			);
			dependencies = (
				87AB9DE426CB2BDC0019A276 /* PBXTargetDependency */,
			);
			name = SemomoonTests;
			productName = SemomoonTests;
			productReference = 87AB9DE226CB2BDC0019A276 /* SemomoonTests.xctest */;
			productType = "com.apple.product-type.bundle.unit-test";
		};
		87AB9DEC26CB2BDC0019A276 /* SemomoonUITests */ = {
			isa = PBXNativeTarget;
			buildConfigurationList = 87AB9DFC26CB2BDC0019A276 /* Build configuration list for PBXNativeTarget "SemomoonUITests" */;
			buildPhases = (
				87AB9DE926CB2BDC0019A276 /* Sources */,
				87AB9DEA26CB2BDC0019A276 /* Frameworks */,
				87AB9DEB26CB2BDC0019A276 /* Resources */,
			);
			buildRules = (
			);
			dependencies = (
				87AB9DEF26CB2BDC0019A276 /* PBXTargetDependency */,
			);
			name = SemomoonUITests;
			productName = SemomoonUITests;
			productReference = 87AB9DED26CB2BDC0019A276 /* SemomoonUITests.xctest */;
			productType = "com.apple.product-type.bundle.ui-testing";
		};
/* End PBXNativeTarget section */

/* Begin PBXProject section */
		87AB9DC426CB2BDB0019A276 /* Project object */ = {
			isa = PBXProject;
			attributes = {
				LastSwiftUpdateCheck = 1250;
				LastUpgradeCheck = 1250;
				TargetAttributes = {
					87AB9DCB26CB2BDB0019A276 = {
						CreatedOnToolsVersion = 12.5.1;
					};
					87AB9DE126CB2BDC0019A276 = {
						CreatedOnToolsVersion = 12.5.1;
					};
					87AB9DEC26CB2BDC0019A276 = {
						CreatedOnToolsVersion = 12.5.1;
					};
				};
			};
			buildConfigurationList = 87AB9DC726CB2BDB0019A276 /* Build configuration list for PBXProject "Semomoon" */;
			compatibilityVersion = "Xcode 9.3";
			developmentRegion = en;
			hasScannedForEncodings = 0;
			knownRegions = (
				en,
				Base,
			);
			mainGroup = 87AB9DC326CB2BDB0019A276;
			packageReferences = (
				8719B8A526F7331F00423D12 /* XCRemoteSwiftPackageReference "Kingfisher" */,
			);
			productRefGroup = 87AB9DCD26CB2BDB0019A276 /* Products */;
			projectDirPath = "";
			projectRoot = "";
			targets = (
				87AB9DCB26CB2BDB0019A276 /* Semomoon */,
				87AB9DE126CB2BDC0019A276 /* SemomoonTests */,
				87AB9DEC26CB2BDC0019A276 /* SemomoonUITests */,
			);
		};
/* End PBXProject section */

/* Begin PBXResourcesBuildPhase section */
		87AB9DCA26CB2BDB0019A276 /* Resources */ = {
			isa = PBXResourcesBuildPhase;
			buildActionMask = 2147483647;
			files = (
				87AB9DDC26CB2BDC0019A276 /* LaunchScreen.storyboard in Resources */,
				87AB9DD926CB2BDC0019A276 /* Assets.xcassets in Resources */,
				87AB9DD726CB2BDB0019A276 /* Main.storyboard in Resources */,
			);
			runOnlyForDeploymentPostprocessing = 0;
		};
		87AB9DE026CB2BDC0019A276 /* Resources */ = {
			isa = PBXResourcesBuildPhase;
			buildActionMask = 2147483647;
			files = (
			);
			runOnlyForDeploymentPostprocessing = 0;
		};
		87AB9DEB26CB2BDC0019A276 /* Resources */ = {
			isa = PBXResourcesBuildPhase;
			buildActionMask = 2147483647;
			files = (
			);
			runOnlyForDeploymentPostprocessing = 0;
		};
/* End PBXResourcesBuildPhase section */

/* Begin PBXSourcesBuildPhase section */
		87AB9DC826CB2BDB0019A276 /* Sources */ = {
			isa = PBXSourcesBuildPhase;
			buildActionMask = 2147483647;
			files = (
				4A1E742326F71AFB001C3420 /* CreateFirstViewController.swift in Sources */,
				4A8BEE7426E4925100613602 /* History.swift in Sources */,
				4A55DE5726F6FF7C008F1C35 /* UIButton.swift in Sources */,
				4A8BEE6426E4865700613602 /* PKDrawing.swift in Sources */,
				4A7FA86F26FAFCD90052B6CD /* CreateSecondViewController.swift in Sources */,
				4AF5F32A26E3305600ED71E6 /* PageDatas.swift in Sources */,
				87AB9DD026CB2BDB0019A276 /* AppDelegate.swift in Sources */,
				4A55DE5A26F70151008F1C35 /* StartViewController.swift in Sources */,
				4A8BEE6626E48D8B00613602 /* Problem.swift in Sources */,
				4A97577526FEEBC1002543D6 /* FindIDViewController.swift in Sources */,
				4AF59D7A26F1E53400E7AE26 /* Preview_Core+CoreDataProperties.swift in Sources */,
				4A8BEE7226E491BF00613602 /* User.swift in Sources */,
				4A9470C526EDED7D000BB59C /* Semomoon.xcdatamodeld in Sources */,
				4A6AFE9C26D64B5F00E65561 /* test_3ViewController.swift in Sources */,
				4A8BEE7026E490FB00613602 /* Workbook.swift in Sources */,
				4A6AFE9A26D645DA00E65561 /* test_2ViewController.swift in Sources */,
				4A97577726FEEBCF002543D6 /* FindPasswordViewController.swift in Sources */,
				4A6AFE9826D645CC00E65561 /* test_1ViewController.swift in Sources */,
				4A3538B926FB07E800F3A1F3 /* Query.swift in Sources */,
				4AA8878926EC81B6009D1A2C /* MainViewController.swift in Sources */,
				4A8BEE6C26E4903A00613602 /* Section.swift in Sources */,
				4A1E742126F70DBD001C3420 /* CertificationViewController.swift in Sources */,
				4A8BEE6826E48F3D00613602 /* Submission.swift in Sources */,
				4A8BEE6E26E490AB00613602 /* Report.swift in Sources */,
				4A8BEE6A26E48FBA00613602 /* View.swift in Sources */,
				87AB9DD226CB2BDB0019A276 /* SceneDelegate.swift in Sources */,
				1E717BC726FAF997009784CB /* Section_Core+CoreDataClass.swift in Sources */,
				4A99CC2A26F5AE55000D0AF9 /* CoreDataManager.swift in Sources */,
				4A97577926FEFA2F002543D6 /* SideMenuViewController.swift in Sources */,
				4AF59D7926F1E53400E7AE26 /* Preview_Core+CoreDataClass.swift in Sources */,
				4A2BE42626D214AD0095CBCF /* CoreGraphics+Z.swift in Sources */,
				4AA8878726EC727E009D1A2C /* Preview.swift in Sources */,
				4A12461B26F1F39F00402F58 /* ShowDetailOfWorkbookViewController.swift in Sources */,
				4A97577326FEEA7B002543D6 /* LoginViewController.swift in Sources */,
				4A4D92B026EDA19E00B82EE9 /* SearchWorkbookViewController.swift in Sources */,
				4AA9803326D6584D004E8FCC /* SolvingViewController.swift in Sources */,
				1E717BC826FAF997009784CB /* Section_Core+CoreDataProperties.swift in Sources */,
			);
			runOnlyForDeploymentPostprocessing = 0;
		};
		87AB9DDE26CB2BDC0019A276 /* Sources */ = {
			isa = PBXSourcesBuildPhase;
			buildActionMask = 2147483647;
			files = (
				87AB9DE726CB2BDC0019A276 /* SemomoonTests.swift in Sources */,
			);
			runOnlyForDeploymentPostprocessing = 0;
		};
		87AB9DE926CB2BDC0019A276 /* Sources */ = {
			isa = PBXSourcesBuildPhase;
			buildActionMask = 2147483647;
			files = (
				87AB9DF226CB2BDC0019A276 /* SemomoonUITests.swift in Sources */,
			);
			runOnlyForDeploymentPostprocessing = 0;
		};
/* End PBXSourcesBuildPhase section */

/* Begin PBXTargetDependency section */
		87AB9DE426CB2BDC0019A276 /* PBXTargetDependency */ = {
			isa = PBXTargetDependency;
			target = 87AB9DCB26CB2BDB0019A276 /* Semomoon */;
			targetProxy = 87AB9DE326CB2BDC0019A276 /* PBXContainerItemProxy */;
		};
		87AB9DEF26CB2BDC0019A276 /* PBXTargetDependency */ = {
			isa = PBXTargetDependency;
			target = 87AB9DCB26CB2BDB0019A276 /* Semomoon */;
			targetProxy = 87AB9DEE26CB2BDC0019A276 /* PBXContainerItemProxy */;
		};
/* End PBXTargetDependency section */

/* Begin PBXVariantGroup section */
		87AB9DD526CB2BDB0019A276 /* Main.storyboard */ = {
			isa = PBXVariantGroup;
			children = (
				87AB9DD626CB2BDB0019A276 /* Base */,
			);
			name = Main.storyboard;
			sourceTree = "<group>";
		};
		87AB9DDA26CB2BDC0019A276 /* LaunchScreen.storyboard */ = {
			isa = PBXVariantGroup;
			children = (
				87AB9DDB26CB2BDC0019A276 /* Base */,
			);
			name = LaunchScreen.storyboard;
			sourceTree = "<group>";
		};
/* End PBXVariantGroup section */

/* Begin XCBuildConfiguration section */
		87AB9DF426CB2BDC0019A276 /* Debug */ = {
			isa = XCBuildConfiguration;
			buildSettings = {
				ALWAYS_SEARCH_USER_PATHS = NO;
				CLANG_ANALYZER_NONNULL = YES;
				CLANG_ANALYZER_NUMBER_OBJECT_CONVERSION = YES_AGGRESSIVE;
				CLANG_CXX_LANGUAGE_STANDARD = "gnu++14";
				CLANG_CXX_LIBRARY = "libc++";
				CLANG_ENABLE_MODULES = YES;
				CLANG_ENABLE_OBJC_ARC = YES;
				CLANG_ENABLE_OBJC_WEAK = YES;
				CLANG_WARN_BLOCK_CAPTURE_AUTORELEASING = YES;
				CLANG_WARN_BOOL_CONVERSION = YES;
				CLANG_WARN_COMMA = YES;
				CLANG_WARN_CONSTANT_CONVERSION = YES;
				CLANG_WARN_DEPRECATED_OBJC_IMPLEMENTATIONS = YES;
				CLANG_WARN_DIRECT_OBJC_ISA_USAGE = YES_ERROR;
				CLANG_WARN_DOCUMENTATION_COMMENTS = YES;
				CLANG_WARN_EMPTY_BODY = YES;
				CLANG_WARN_ENUM_CONVERSION = YES;
				CLANG_WARN_INFINITE_RECURSION = YES;
				CLANG_WARN_INT_CONVERSION = YES;
				CLANG_WARN_NON_LITERAL_NULL_CONVERSION = YES;
				CLANG_WARN_OBJC_IMPLICIT_RETAIN_SELF = YES;
				CLANG_WARN_OBJC_LITERAL_CONVERSION = YES;
				CLANG_WARN_OBJC_ROOT_CLASS = YES_ERROR;
				CLANG_WARN_QUOTED_INCLUDE_IN_FRAMEWORK_HEADER = YES;
				CLANG_WARN_RANGE_LOOP_ANALYSIS = YES;
				CLANG_WARN_STRICT_PROTOTYPES = YES;
				CLANG_WARN_SUSPICIOUS_MOVE = YES;
				CLANG_WARN_UNGUARDED_AVAILABILITY = YES_AGGRESSIVE;
				CLANG_WARN_UNREACHABLE_CODE = YES;
				CLANG_WARN__DUPLICATE_METHOD_MATCH = YES;
				COPY_PHASE_STRIP = NO;
				DEBUG_INFORMATION_FORMAT = dwarf;
				ENABLE_STRICT_OBJC_MSGSEND = YES;
				ENABLE_TESTABILITY = YES;
				GCC_C_LANGUAGE_STANDARD = gnu11;
				GCC_DYNAMIC_NO_PIC = NO;
				GCC_NO_COMMON_BLOCKS = YES;
				GCC_OPTIMIZATION_LEVEL = 0;
				GCC_PREPROCESSOR_DEFINITIONS = (
					"DEBUG=1",
					"$(inherited)",
				);
				GCC_WARN_64_TO_32_BIT_CONVERSION = YES;
				GCC_WARN_ABOUT_RETURN_TYPE = YES_ERROR;
				GCC_WARN_UNDECLARED_SELECTOR = YES;
				GCC_WARN_UNINITIALIZED_AUTOS = YES_AGGRESSIVE;
				GCC_WARN_UNUSED_FUNCTION = YES;
				GCC_WARN_UNUSED_VARIABLE = YES;
				IPHONEOS_DEPLOYMENT_TARGET = 14.5;
				MTL_ENABLE_DEBUG_INFO = INCLUDE_SOURCE;
				MTL_FAST_MATH = YES;
				ONLY_ACTIVE_ARCH = YES;
				SDKROOT = iphoneos;
				SWIFT_ACTIVE_COMPILATION_CONDITIONS = DEBUG;
				SWIFT_OPTIMIZATION_LEVEL = "-Onone";
			};
			name = Debug;
		};
		87AB9DF526CB2BDC0019A276 /* Release */ = {
			isa = XCBuildConfiguration;
			buildSettings = {
				ALWAYS_SEARCH_USER_PATHS = NO;
				CLANG_ANALYZER_NONNULL = YES;
				CLANG_ANALYZER_NUMBER_OBJECT_CONVERSION = YES_AGGRESSIVE;
				CLANG_CXX_LANGUAGE_STANDARD = "gnu++14";
				CLANG_CXX_LIBRARY = "libc++";
				CLANG_ENABLE_MODULES = YES;
				CLANG_ENABLE_OBJC_ARC = YES;
				CLANG_ENABLE_OBJC_WEAK = YES;
				CLANG_WARN_BLOCK_CAPTURE_AUTORELEASING = YES;
				CLANG_WARN_BOOL_CONVERSION = YES;
				CLANG_WARN_COMMA = YES;
				CLANG_WARN_CONSTANT_CONVERSION = YES;
				CLANG_WARN_DEPRECATED_OBJC_IMPLEMENTATIONS = YES;
				CLANG_WARN_DIRECT_OBJC_ISA_USAGE = YES_ERROR;
				CLANG_WARN_DOCUMENTATION_COMMENTS = YES;
				CLANG_WARN_EMPTY_BODY = YES;
				CLANG_WARN_ENUM_CONVERSION = YES;
				CLANG_WARN_INFINITE_RECURSION = YES;
				CLANG_WARN_INT_CONVERSION = YES;
				CLANG_WARN_NON_LITERAL_NULL_CONVERSION = YES;
				CLANG_WARN_OBJC_IMPLICIT_RETAIN_SELF = YES;
				CLANG_WARN_OBJC_LITERAL_CONVERSION = YES;
				CLANG_WARN_OBJC_ROOT_CLASS = YES_ERROR;
				CLANG_WARN_QUOTED_INCLUDE_IN_FRAMEWORK_HEADER = YES;
				CLANG_WARN_RANGE_LOOP_ANALYSIS = YES;
				CLANG_WARN_STRICT_PROTOTYPES = YES;
				CLANG_WARN_SUSPICIOUS_MOVE = YES;
				CLANG_WARN_UNGUARDED_AVAILABILITY = YES_AGGRESSIVE;
				CLANG_WARN_UNREACHABLE_CODE = YES;
				CLANG_WARN__DUPLICATE_METHOD_MATCH = YES;
				COPY_PHASE_STRIP = NO;
				DEBUG_INFORMATION_FORMAT = "dwarf-with-dsym";
				ENABLE_NS_ASSERTIONS = NO;
				ENABLE_STRICT_OBJC_MSGSEND = YES;
				GCC_C_LANGUAGE_STANDARD = gnu11;
				GCC_NO_COMMON_BLOCKS = YES;
				GCC_WARN_64_TO_32_BIT_CONVERSION = YES;
				GCC_WARN_ABOUT_RETURN_TYPE = YES_ERROR;
				GCC_WARN_UNDECLARED_SELECTOR = YES;
				GCC_WARN_UNINITIALIZED_AUTOS = YES_AGGRESSIVE;
				GCC_WARN_UNUSED_FUNCTION = YES;
				GCC_WARN_UNUSED_VARIABLE = YES;
				IPHONEOS_DEPLOYMENT_TARGET = 14.5;
				MTL_ENABLE_DEBUG_INFO = NO;
				MTL_FAST_MATH = YES;
				SDKROOT = iphoneos;
				SWIFT_COMPILATION_MODE = wholemodule;
				SWIFT_OPTIMIZATION_LEVEL = "-O";
				VALIDATE_PRODUCT = YES;
			};
			name = Release;
		};
		87AB9DF726CB2BDC0019A276 /* Debug */ = {
			isa = XCBuildConfiguration;
			buildSettings = {
				ASSETCATALOG_COMPILER_APPICON_NAME = AppIcon;
				ASSETCATALOG_COMPILER_GLOBAL_ACCENT_COLOR_NAME = AccentColor;
				CODE_SIGN_STYLE = Automatic;
				DEVELOPMENT_TEAM = 2C96RNDN63;
				INFOPLIST_FILE = Semomoon/Info.plist;
				IPHONEOS_DEPLOYMENT_TARGET = 14.0;
				LD_RUNPATH_SEARCH_PATHS = (
					"$(inherited)",
					"@executable_path/Frameworks",
				);
				PRODUCT_BUNDLE_IDENTIFIER = com.FDEE.test.Semomoon;
				PRODUCT_NAME = "$(TARGET_NAME)";
				SWIFT_VERSION = 5.0;
				TARGETED_DEVICE_FAMILY = 2;
			};
			name = Debug;
		};
		87AB9DF826CB2BDC0019A276 /* Release */ = {
			isa = XCBuildConfiguration;
			buildSettings = {
				ASSETCATALOG_COMPILER_APPICON_NAME = AppIcon;
				ASSETCATALOG_COMPILER_GLOBAL_ACCENT_COLOR_NAME = AccentColor;
				CODE_SIGN_STYLE = Automatic;
				DEVELOPMENT_TEAM = 2C96RNDN63;
				INFOPLIST_FILE = Semomoon/Info.plist;
				IPHONEOS_DEPLOYMENT_TARGET = 14.0;
				LD_RUNPATH_SEARCH_PATHS = (
					"$(inherited)",
					"@executable_path/Frameworks",
				);
				PRODUCT_BUNDLE_IDENTIFIER = com.FDEE.test.Semomoon;
				PRODUCT_NAME = "$(TARGET_NAME)";
				SWIFT_VERSION = 5.0;
				TARGETED_DEVICE_FAMILY = 2;
			};
			name = Release;
		};
		87AB9DFA26CB2BDC0019A276 /* Debug */ = {
			isa = XCBuildConfiguration;
			buildSettings = {
				ALWAYS_EMBED_SWIFT_STANDARD_LIBRARIES = YES;
				CODE_SIGN_STYLE = Automatic;
				INFOPLIST_FILE = SemomoonTests/Info.plist;
				IPHONEOS_DEPLOYMENT_TARGET = 14.5;
				LD_RUNPATH_SEARCH_PATHS = (
					"$(inherited)",
					"@executable_path/Frameworks",
					"@loader_path/Frameworks",
				);
				PRODUCT_BUNDLE_IDENTIFIER = com.FDEE.test.SemomoonTests;
				PRODUCT_NAME = "$(TARGET_NAME)";
				SWIFT_VERSION = 5.0;
				TARGETED_DEVICE_FAMILY = "1,2";
			};
			name = Debug;
		};
		87AB9DFB26CB2BDC0019A276 /* Release */ = {
			isa = XCBuildConfiguration;
			buildSettings = {
				ALWAYS_EMBED_SWIFT_STANDARD_LIBRARIES = YES;
				CODE_SIGN_STYLE = Automatic;
				INFOPLIST_FILE = SemomoonTests/Info.plist;
				IPHONEOS_DEPLOYMENT_TARGET = 14.5;
				LD_RUNPATH_SEARCH_PATHS = (
					"$(inherited)",
					"@executable_path/Frameworks",
					"@loader_path/Frameworks",
				);
				PRODUCT_BUNDLE_IDENTIFIER = com.FDEE.test.SemomoonTests;
				PRODUCT_NAME = "$(TARGET_NAME)";
				SWIFT_VERSION = 5.0;
				TARGETED_DEVICE_FAMILY = "1,2";
			};
			name = Release;
		};
		87AB9DFD26CB2BDC0019A276 /* Debug */ = {
			isa = XCBuildConfiguration;
			buildSettings = {
				ALWAYS_EMBED_SWIFT_STANDARD_LIBRARIES = YES;
				CODE_SIGN_STYLE = Automatic;
				INFOPLIST_FILE = SemomoonUITests/Info.plist;
				LD_RUNPATH_SEARCH_PATHS = (
					"$(inherited)",
					"@executable_path/Frameworks",
					"@loader_path/Frameworks",
				);
				PRODUCT_BUNDLE_IDENTIFIER = com.FDEE.test.SemomoonUITests;
				PRODUCT_NAME = "$(TARGET_NAME)";
				PROVISIONING_PROFILE = "";
				SWIFT_VERSION = 5.0;
				TARGETED_DEVICE_FAMILY = "1,2";
			};
			name = Debug;
		};
		87AB9DFE26CB2BDC0019A276 /* Release */ = {
			isa = XCBuildConfiguration;
			buildSettings = {
				ALWAYS_EMBED_SWIFT_STANDARD_LIBRARIES = YES;
				CODE_SIGN_STYLE = Automatic;
				INFOPLIST_FILE = SemomoonUITests/Info.plist;
				LD_RUNPATH_SEARCH_PATHS = (
					"$(inherited)",
					"@executable_path/Frameworks",
					"@loader_path/Frameworks",
				);
				PRODUCT_BUNDLE_IDENTIFIER = com.FDEE.test.SemomoonUITests;
				PRODUCT_NAME = "$(TARGET_NAME)";
				PROVISIONING_PROFILE = "";
				SWIFT_VERSION = 5.0;
				TARGETED_DEVICE_FAMILY = "1,2";
			};
			name = Release;
		};
/* End XCBuildConfiguration section */

/* Begin XCConfigurationList section */
		87AB9DC726CB2BDB0019A276 /* Build configuration list for PBXProject "Semomoon" */ = {
			isa = XCConfigurationList;
			buildConfigurations = (
				87AB9DF426CB2BDC0019A276 /* Debug */,
				87AB9DF526CB2BDC0019A276 /* Release */,
			);
			defaultConfigurationIsVisible = 0;
			defaultConfigurationName = Release;
		};
		87AB9DF626CB2BDC0019A276 /* Build configuration list for PBXNativeTarget "Semomoon" */ = {
			isa = XCConfigurationList;
			buildConfigurations = (
				87AB9DF726CB2BDC0019A276 /* Debug */,
				87AB9DF826CB2BDC0019A276 /* Release */,
			);
			defaultConfigurationIsVisible = 0;
			defaultConfigurationName = Release;
		};
		87AB9DF926CB2BDC0019A276 /* Build configuration list for PBXNativeTarget "SemomoonTests" */ = {
			isa = XCConfigurationList;
			buildConfigurations = (
				87AB9DFA26CB2BDC0019A276 /* Debug */,
				87AB9DFB26CB2BDC0019A276 /* Release */,
			);
			defaultConfigurationIsVisible = 0;
			defaultConfigurationName = Release;
		};
		87AB9DFC26CB2BDC0019A276 /* Build configuration list for PBXNativeTarget "SemomoonUITests" */ = {
			isa = XCConfigurationList;
			buildConfigurations = (
				87AB9DFD26CB2BDC0019A276 /* Debug */,
				87AB9DFE26CB2BDC0019A276 /* Release */,
			);
			defaultConfigurationIsVisible = 0;
			defaultConfigurationName = Release;
		};
/* End XCConfigurationList section */

/* Begin XCRemoteSwiftPackageReference section */
		8719B8A526F7331F00423D12 /* XCRemoteSwiftPackageReference "Kingfisher" */ = {
			isa = XCRemoteSwiftPackageReference;
			repositoryURL = "https://github.com/onevcat/Kingfisher";
			requirement = {
				kind = upToNextMajorVersion;
				minimumVersion = 6.3.1;
			};
		};
/* End XCRemoteSwiftPackageReference section */

/* Begin XCSwiftPackageProductDependency section */
		8719B8A626F7331F00423D12 /* Kingfisher */ = {
			isa = XCSwiftPackageProductDependency;
			package = 8719B8A526F7331F00423D12 /* XCRemoteSwiftPackageReference "Kingfisher" */;
			productName = Kingfisher;
		};
/* End XCSwiftPackageProductDependency section */

/* Begin XCVersionGroup section */
		4A9470C326EDED7D000BB59C /* Semomoon.xcdatamodeld */ = {
			isa = XCVersionGroup;
			children = (
				4A9470C426EDED7D000BB59C /* Semomoon.xcdatamodel */,
			);
			currentVersion = 4A9470C426EDED7D000BB59C /* Semomoon.xcdatamodel */;
			path = Semomoon.xcdatamodeld;
			sourceTree = "<group>";
			versionGroupType = wrapper.xcdatamodel;
		};
/* End XCVersionGroup section */
	};
	rootObject = 87AB9DC426CB2BDB0019A276 /* Project object */;
}
