// !$*UTF8*$!
{
	archiveVersion = 1;
	classes = {
	};
	objectVersion = 52;
	objects = {

/* Begin PBXBuildFile section */
		4A12461B26F1F39F00402F58 /* ShowDetailOfWorkbookViewController.swift in Sources */ = {isa = PBXBuildFile; fileRef = 4A12461A26F1F39F00402F58 /* ShowDetailOfWorkbookViewController.swift */; };
		4A1E742126F70DBD001C3420 /* CertificationViewController.swift in Sources */ = {isa = PBXBuildFile; fileRef = 4A1E742026F70DBD001C3420 /* CertificationViewController.swift */; };
		4A1E742326F71AFB001C3420 /* CreateFirstViewController.swift in Sources */ = {isa = PBXBuildFile; fileRef = 4A1E742226F71AFB001C3420 /* CreateFirstViewController.swift */; };
		4A2BE42626D214AD0095CBCF /* CoreGraphics+Z.swift in Sources */ = {isa = PBXBuildFile; fileRef = 4A2BE42526D214AD0095CBCF /* CoreGraphics+Z.swift */; };
		4A3538B926FB07E800F3A1F3 /* Query.swift in Sources */ = {isa = PBXBuildFile; fileRef = 4A3538B826FB07E800F3A1F3 /* Query.swift */; };
		4A3F97FE271A74A300880B86 /* Alamofire in Frameworks */ = {isa = PBXBuildFile; productRef = 4A3F97FD271A74A300880B86 /* Alamofire */; };
		4A3F9800271A74E900880B86 /* Network.swift in Sources */ = {isa = PBXBuildFile; fileRef = 4A3F97FF271A74E900880B86 /* Network.swift */; };
		4A3F9807271A90DA00880B86 /* PreviewManager.swift in Sources */ = {isa = PBXBuildFile; fileRef = 4A3F9806271A90DA00880B86 /* PreviewManager.swift */; };
		4A3F980C271A98C200880B86 /* CategoryCell.swift in Sources */ = {isa = PBXBuildFile; fileRef = 4A3F980B271A98C200880B86 /* CategoryCell.swift */; };
		4A3F980E271A990300880B86 /* PreviewCell.swift in Sources */ = {isa = PBXBuildFile; fileRef = 4A3F980D271A990300880B86 /* PreviewCell.swift */; };
		4A3F9810271A996B00880B86 /* MainViewController+Extension.swift in Sources */ = {isa = PBXBuildFile; fileRef = 4A3F980F271A996B00880B86 /* MainViewController+Extension.swift */; };
		4A3F9812271AAD3800880B86 /* LogicTest.swift in Sources */ = {isa = PBXBuildFile; fileRef = 4A3F9811271AAD3800880B86 /* LogicTest.swift */; };
		4A3F9814271BD47B00880B86 /* CoreUsecase.swift in Sources */ = {isa = PBXBuildFile; fileRef = 4A3F9813271BD47B00880B86 /* CoreUsecase.swift */; };
		4A4D92B026EDA19E00B82EE9 /* SearchWorkbookViewController.swift in Sources */ = {isa = PBXBuildFile; fileRef = 4A4D92AF26EDA19E00B82EE9 /* SearchWorkbookViewController.swift */; };
		4A55DE5726F6FF7C008F1C35 /* UIButton.swift in Sources */ = {isa = PBXBuildFile; fileRef = 4A55DE5626F6FF7C008F1C35 /* UIButton.swift */; };
		4A55DE5A26F70151008F1C35 /* StartViewController.swift in Sources */ = {isa = PBXBuildFile; fileRef = 4A55DE5926F70151008F1C35 /* StartViewController.swift */; };
		4A60E49127250F9A00946FD5 /* ProblemNameCell.swift in Sources */ = {isa = PBXBuildFile; fileRef = 4A60E49027250F9A00946FD5 /* ProblemNameCell.swift */; };
		4A60E4932725199100946FD5 /* SingleWith4Answer.swift in Sources */ = {isa = PBXBuildFile; fileRef = 4A60E4922725199100946FD5 /* SingleWith4Answer.swift */; };
		4A60E495272519B700946FD5 /* MultipleWithNoAnswer.swift in Sources */ = {isa = PBXBuildFile; fileRef = 4A60E494272519B700946FD5 /* MultipleWithNoAnswer.swift */; };
		4A60E49727251AB700946FD5 /* LayoutManager.swift in Sources */ = {isa = PBXBuildFile; fileRef = 4A60E49627251AB700946FD5 /* LayoutManager.swift */; };
		4A60E49A272549C700946FD5 /* PageData.swift in Sources */ = {isa = PBXBuildFile; fileRef = 4A60E499272549C700946FD5 /* PageData.swift */; };
		4A6AFE9826D645CC00E65561 /* SingleWith5Answer.swift in Sources */ = {isa = PBXBuildFile; fileRef = 4A6AFE9726D645CC00E65561 /* SingleWith5Answer.swift */; };
		4A6AFE9A26D645DA00E65561 /* SingleWithTextAnswer.swift in Sources */ = {isa = PBXBuildFile; fileRef = 4A6AFE9926D645DA00E65561 /* SingleWithTextAnswer.swift */; };
		4A6AFE9C26D64B5F00E65561 /* MultipleWith5Answer.swift in Sources */ = {isa = PBXBuildFile; fileRef = 4A6AFE9B26D64B5F00E65561 /* MultipleWith5Answer.swift */; };
		4A7FA86F26FAFCD90052B6CD /* CreateSecondViewController.swift in Sources */ = {isa = PBXBuildFile; fileRef = 4A7FA86E26FAFCD90052B6CD /* CreateSecondViewController.swift */; };
		4A8BEE6426E4865700613602 /* PKDrawing.swift in Sources */ = {isa = PBXBuildFile; fileRef = 4A8BEE6326E4865700613602 /* PKDrawing.swift */; };
		4A8BEE6626E48D8B00613602 /* Problem.swift in Sources */ = {isa = PBXBuildFile; fileRef = 4A8BEE6526E48D8B00613602 /* Problem.swift */; };
		4A8BEE6826E48F3D00613602 /* Submission.swift in Sources */ = {isa = PBXBuildFile; fileRef = 4A8BEE6726E48F3D00613602 /* Submission.swift */; };
		4A8BEE6A26E48FBA00613602 /* Page.swift in Sources */ = {isa = PBXBuildFile; fileRef = 4A8BEE6926E48FBA00613602 /* Page.swift */; };
		4A8BEE6C26E4903A00613602 /* Section.swift in Sources */ = {isa = PBXBuildFile; fileRef = 4A8BEE6B26E4903A00613602 /* Section.swift */; };
		4A8BEE6E26E490AB00613602 /* Report.swift in Sources */ = {isa = PBXBuildFile; fileRef = 4A8BEE6D26E490AB00613602 /* Report.swift */; };
		4A8BEE7026E490FB00613602 /* Workbook.swift in Sources */ = {isa = PBXBuildFile; fileRef = 4A8BEE6F26E490FB00613602 /* Workbook.swift */; };
		4A8BEE7226E491BF00613602 /* User.swift in Sources */ = {isa = PBXBuildFile; fileRef = 4A8BEE7126E491BF00613602 /* User.swift */; };
		4A8BEE7426E4925100613602 /* History.swift in Sources */ = {isa = PBXBuildFile; fileRef = 4A8BEE7326E4925100613602 /* History.swift */; };
		4A8EA9DC27095CDB007B4900 /* Problem_Core.swift in Sources */ = {isa = PBXBuildFile; fileRef = 4A8EA9DA27095CDB007B4900 /* Problem_Core.swift */; };
		4A9470C526EDED7D000BB59C /* Semomoon.xcdatamodeld in Sources */ = {isa = PBXBuildFile; fileRef = 4A9470C326EDED7D000BB59C /* Semomoon.xcdatamodeld */; };
		4A97577326FEEA7B002543D6 /* LoginViewController.swift in Sources */ = {isa = PBXBuildFile; fileRef = 4A97577226FEEA7B002543D6 /* LoginViewController.swift */; };
		4A97577526FEEBC1002543D6 /* FindIDViewController.swift in Sources */ = {isa = PBXBuildFile; fileRef = 4A97577426FEEBC1002543D6 /* FindIDViewController.swift */; };
		4A97577726FEEBCF002543D6 /* FindPasswordViewController.swift in Sources */ = {isa = PBXBuildFile; fileRef = 4A97577626FEEBCF002543D6 /* FindPasswordViewController.swift */; };
		4A97577926FEFA2F002543D6 /* SideMenuViewController.swift in Sources */ = {isa = PBXBuildFile; fileRef = 4A97577826FEFA2F002543D6 /* SideMenuViewController.swift */; };
		4A99CC2A26F5AE55000D0AF9 /* CoreDataManager.swift in Sources */ = {isa = PBXBuildFile; fileRef = 4A99CC2926F5AE55000D0AF9 /* CoreDataManager.swift */; };
		4AA19F6F2700357F00C600CF /* NetworkUsecase.swift in Sources */ = {isa = PBXBuildFile; fileRef = 4AA19F6E2700357F00C600CF /* NetworkUsecase.swift */; };
		4AA8878726EC727E009D1A2C /* Preview.swift in Sources */ = {isa = PBXBuildFile; fileRef = 4AA8878626EC727E009D1A2C /* Preview.swift */; };
		4AA8878926EC81B6009D1A2C /* MainViewController.swift in Sources */ = {isa = PBXBuildFile; fileRef = 4AA8878826EC81B6009D1A2C /* MainViewController.swift */; };
		4AA9803326D6584D004E8FCC /* SolvingViewController.swift in Sources */ = {isa = PBXBuildFile; fileRef = 4AA9803226D6584D004E8FCC /* SolvingViewController.swift */; };
		4AC446042709828D000DD64B /* ImageCache.swift in Sources */ = {isa = PBXBuildFile; fileRef = 4AC446032709828D000DD64B /* ImageCache.swift */; };
		4AC446062709834E000DD64B /* SearchWorkbookManager.swift in Sources */ = {isa = PBXBuildFile; fileRef = 4AC446052709834E000DD64B /* SearchWorkbookManager.swift */; };
		4AC4460927098521000DD64B /* SearchPreviewCell.swift in Sources */ = {isa = PBXBuildFile; fileRef = 4AC4460827098521000DD64B /* SearchPreviewCell.swift */; };
		4ACAEB602709617D0085ABAE /* Section_Core.swift in Sources */ = {isa = PBXBuildFile; fileRef = 4ACAEB5E2709617D0085ABAE /* Section_Core.swift */; };
		4ACAEB64270962720085ABAE /* Page_Core.swift in Sources */ = {isa = PBXBuildFile; fileRef = 4ACAEB62270962720085ABAE /* Page_Core.swift */; };
		4ACAEB6827097D3F0085ABAE /* SectionHeader_Core.swift in Sources */ = {isa = PBXBuildFile; fileRef = 4ACAEB6627097D3F0085ABAE /* SectionHeader_Core.swift */; };
		4ACAEB6F27097DE50085ABAE /* PreviewOfDB.swift in Sources */ = {isa = PBXBuildFile; fileRef = 4ACAEB6E27097DE50085ABAE /* PreviewOfDB.swift */; };
		4ACAEB7127097DFC0085ABAE /* WorkbookOfDB.swift in Sources */ = {isa = PBXBuildFile; fileRef = 4ACAEB7027097DFC0085ABAE /* WorkbookOfDB.swift */; };
		4ACAEB7327097E130085ABAE /* SectionOfDB.swift in Sources */ = {isa = PBXBuildFile; fileRef = 4ACAEB7227097E130085ABAE /* SectionOfDB.swift */; };
		4ACAEB7527097E500085ABAE /* PageOfDB.swift in Sources */ = {isa = PBXBuildFile; fileRef = 4ACAEB7427097E500085ABAE /* PageOfDB.swift */; };
		4ACAEB7727097E650085ABAE /* ProblemOfDB.swift in Sources */ = {isa = PBXBuildFile; fileRef = 4ACAEB7627097E650085ABAE /* ProblemOfDB.swift */; };
		4AF59D7A26F1E53400E7AE26 /* Preview_Core.swift in Sources */ = {isa = PBXBuildFile; fileRef = 4AF59D7826F1E53400E7AE26 /* Preview_Core.swift */; };
		4AF5F32A26E3305600ED71E6 /* PageDatas.swift in Sources */ = {isa = PBXBuildFile; fileRef = 4AF5F32926E3305600ED71E6 /* PageDatas.swift */; };
		8719B8A726F7331F00423D12 /* Kingfisher in Frameworks */ = {isa = PBXBuildFile; productRef = 8719B8A626F7331F00423D12 /* Kingfisher */; };
		87AB9DD026CB2BDB0019A276 /* AppDelegate.swift in Sources */ = {isa = PBXBuildFile; fileRef = 87AB9DCF26CB2BDB0019A276 /* AppDelegate.swift */; };
		87AB9DD226CB2BDB0019A276 /* SceneDelegate.swift in Sources */ = {isa = PBXBuildFile; fileRef = 87AB9DD126CB2BDB0019A276 /* SceneDelegate.swift */; };
		87AB9DD726CB2BDB0019A276 /* Main.storyboard in Resources */ = {isa = PBXBuildFile; fileRef = 87AB9DD526CB2BDB0019A276 /* Main.storyboard */; };
		87AB9DD926CB2BDC0019A276 /* Assets.xcassets in Resources */ = {isa = PBXBuildFile; fileRef = 87AB9DD826CB2BDC0019A276 /* Assets.xcassets */; };
		87AB9DDC26CB2BDC0019A276 /* LaunchScreen.storyboard in Resources */ = {isa = PBXBuildFile; fileRef = 87AB9DDA26CB2BDC0019A276 /* LaunchScreen.storyboard */; };
/* End PBXBuildFile section */

/* Begin PBXFileReference section */
		4A12461A26F1F39F00402F58 /* ShowDetailOfWorkbookViewController.swift */ = {isa = PBXFileReference; lastKnownFileType = sourcecode.swift; path = ShowDetailOfWorkbookViewController.swift; sourceTree = "<group>"; };
		4A1E742026F70DBD001C3420 /* CertificationViewController.swift */ = {isa = PBXFileReference; lastKnownFileType = sourcecode.swift; path = CertificationViewController.swift; sourceTree = "<group>"; };
		4A1E742226F71AFB001C3420 /* CreateFirstViewController.swift */ = {isa = PBXFileReference; lastKnownFileType = sourcecode.swift; path = CreateFirstViewController.swift; sourceTree = "<group>"; };
		4A2BE42526D214AD0095CBCF /* CoreGraphics+Z.swift */ = {isa = PBXFileReference; lastKnownFileType = sourcecode.swift; path = "CoreGraphics+Z.swift"; sourceTree = "<group>"; };
		4A3538B826FB07E800F3A1F3 /* Query.swift */ = {isa = PBXFileReference; lastKnownFileType = sourcecode.swift; path = Query.swift; sourceTree = "<group>"; };
		4A3F97FF271A74E900880B86 /* Network.swift */ = {isa = PBXFileReference; lastKnownFileType = sourcecode.swift; path = Network.swift; sourceTree = "<group>"; };
		4A3F9806271A90DA00880B86 /* PreviewManager.swift */ = {isa = PBXFileReference; lastKnownFileType = sourcecode.swift; path = PreviewManager.swift; sourceTree = "<group>"; };
		4A3F980B271A98C200880B86 /* CategoryCell.swift */ = {isa = PBXFileReference; lastKnownFileType = sourcecode.swift; path = CategoryCell.swift; sourceTree = "<group>"; };
		4A3F980D271A990300880B86 /* PreviewCell.swift */ = {isa = PBXFileReference; lastKnownFileType = sourcecode.swift; path = PreviewCell.swift; sourceTree = "<group>"; };
		4A3F980F271A996B00880B86 /* MainViewController+Extension.swift */ = {isa = PBXFileReference; lastKnownFileType = sourcecode.swift; path = "MainViewController+Extension.swift"; sourceTree = "<group>"; };
		4A3F9811271AAD3800880B86 /* LogicTest.swift */ = {isa = PBXFileReference; lastKnownFileType = sourcecode.swift; path = LogicTest.swift; sourceTree = "<group>"; };
		4A3F9813271BD47B00880B86 /* CoreUsecase.swift */ = {isa = PBXFileReference; lastKnownFileType = sourcecode.swift; path = CoreUsecase.swift; sourceTree = "<group>"; };
		4A4D92AF26EDA19E00B82EE9 /* SearchWorkbookViewController.swift */ = {isa = PBXFileReference; lastKnownFileType = sourcecode.swift; path = SearchWorkbookViewController.swift; sourceTree = "<group>"; };
		4A55DE5626F6FF7C008F1C35 /* UIButton.swift */ = {isa = PBXFileReference; lastKnownFileType = sourcecode.swift; path = UIButton.swift; sourceTree = "<group>"; };
		4A55DE5926F70151008F1C35 /* StartViewController.swift */ = {isa = PBXFileReference; lastKnownFileType = sourcecode.swift; path = StartViewController.swift; sourceTree = "<group>"; };
		4A60E49027250F9A00946FD5 /* ProblemNameCell.swift */ = {isa = PBXFileReference; lastKnownFileType = sourcecode.swift; path = ProblemNameCell.swift; sourceTree = "<group>"; };
		4A60E4922725199100946FD5 /* SingleWith4Answer.swift */ = {isa = PBXFileReference; lastKnownFileType = sourcecode.swift; path = SingleWith4Answer.swift; sourceTree = "<group>"; };
		4A60E494272519B700946FD5 /* MultipleWithNoAnswer.swift */ = {isa = PBXFileReference; lastKnownFileType = sourcecode.swift; path = MultipleWithNoAnswer.swift; sourceTree = "<group>"; };
		4A60E49627251AB700946FD5 /* LayoutManager.swift */ = {isa = PBXFileReference; lastKnownFileType = sourcecode.swift; path = LayoutManager.swift; sourceTree = "<group>"; };
		4A60E499272549C700946FD5 /* PageData.swift */ = {isa = PBXFileReference; lastKnownFileType = sourcecode.swift; path = PageData.swift; sourceTree = "<group>"; };
		4A6AFE9726D645CC00E65561 /* SingleWith5Answer.swift */ = {isa = PBXFileReference; lastKnownFileType = sourcecode.swift; path = SingleWith5Answer.swift; sourceTree = "<group>"; };
		4A6AFE9926D645DA00E65561 /* SingleWithTextAnswer.swift */ = {isa = PBXFileReference; lastKnownFileType = sourcecode.swift; path = SingleWithTextAnswer.swift; sourceTree = "<group>"; };
		4A6AFE9B26D64B5F00E65561 /* MultipleWith5Answer.swift */ = {isa = PBXFileReference; lastKnownFileType = sourcecode.swift; path = MultipleWith5Answer.swift; sourceTree = "<group>"; };
		4A7FA86E26FAFCD90052B6CD /* CreateSecondViewController.swift */ = {isa = PBXFileReference; lastKnownFileType = sourcecode.swift; path = CreateSecondViewController.swift; sourceTree = "<group>"; };
		4A8BEE6326E4865700613602 /* PKDrawing.swift */ = {isa = PBXFileReference; lastKnownFileType = sourcecode.swift; path = PKDrawing.swift; sourceTree = "<group>"; };
		4A8BEE6526E48D8B00613602 /* Problem.swift */ = {isa = PBXFileReference; lastKnownFileType = sourcecode.swift; path = Problem.swift; sourceTree = "<group>"; };
		4A8BEE6726E48F3D00613602 /* Submission.swift */ = {isa = PBXFileReference; lastKnownFileType = sourcecode.swift; path = Submission.swift; sourceTree = "<group>"; };
		4A8BEE6926E48FBA00613602 /* Page.swift */ = {isa = PBXFileReference; lastKnownFileType = sourcecode.swift; path = Page.swift; sourceTree = "<group>"; };
		4A8BEE6B26E4903A00613602 /* Section.swift */ = {isa = PBXFileReference; lastKnownFileType = sourcecode.swift; path = Section.swift; sourceTree = "<group>"; };
		4A8BEE6D26E490AB00613602 /* Report.swift */ = {isa = PBXFileReference; lastKnownFileType = sourcecode.swift; path = Report.swift; sourceTree = "<group>"; };
		4A8BEE6F26E490FB00613602 /* Workbook.swift */ = {isa = PBXFileReference; lastKnownFileType = sourcecode.swift; path = Workbook.swift; sourceTree = "<group>"; };
		4A8BEE7126E491BF00613602 /* User.swift */ = {isa = PBXFileReference; lastKnownFileType = sourcecode.swift; path = User.swift; sourceTree = "<group>"; };
		4A8BEE7326E4925100613602 /* History.swift */ = {isa = PBXFileReference; lastKnownFileType = sourcecode.swift; path = History.swift; sourceTree = "<group>"; };
		4A8EA9DA27095CDB007B4900 /* Problem_Core.swift */ = {isa = PBXFileReference; lastKnownFileType = sourcecode.swift; path = Problem_Core.swift; sourceTree = "<group>"; };
		4A9470C426EDED7D000BB59C /* Semomoon.xcdatamodel */ = {isa = PBXFileReference; lastKnownFileType = wrapper.xcdatamodel; path = Semomoon.xcdatamodel; sourceTree = "<group>"; };
		4A97577226FEEA7B002543D6 /* LoginViewController.swift */ = {isa = PBXFileReference; lastKnownFileType = sourcecode.swift; path = LoginViewController.swift; sourceTree = "<group>"; };
		4A97577426FEEBC1002543D6 /* FindIDViewController.swift */ = {isa = PBXFileReference; lastKnownFileType = sourcecode.swift; path = FindIDViewController.swift; sourceTree = "<group>"; };
		4A97577626FEEBCF002543D6 /* FindPasswordViewController.swift */ = {isa = PBXFileReference; lastKnownFileType = sourcecode.swift; path = FindPasswordViewController.swift; sourceTree = "<group>"; };
		4A97577826FEFA2F002543D6 /* SideMenuViewController.swift */ = {isa = PBXFileReference; lastKnownFileType = sourcecode.swift; path = SideMenuViewController.swift; sourceTree = "<group>"; };
		4A99CC2926F5AE55000D0AF9 /* CoreDataManager.swift */ = {isa = PBXFileReference; lastKnownFileType = sourcecode.swift; path = CoreDataManager.swift; sourceTree = "<group>"; };
		4AA19F6E2700357F00C600CF /* NetworkUsecase.swift */ = {isa = PBXFileReference; lastKnownFileType = sourcecode.swift; path = NetworkUsecase.swift; sourceTree = "<group>"; };
		4AA8878626EC727E009D1A2C /* Preview.swift */ = {isa = PBXFileReference; lastKnownFileType = sourcecode.swift; path = Preview.swift; sourceTree = "<group>"; };
		4AA8878826EC81B6009D1A2C /* MainViewController.swift */ = {isa = PBXFileReference; lastKnownFileType = sourcecode.swift; path = MainViewController.swift; sourceTree = "<group>"; };
		4AA9803226D6584D004E8FCC /* SolvingViewController.swift */ = {isa = PBXFileReference; lastKnownFileType = sourcecode.swift; path = SolvingViewController.swift; sourceTree = "<group>"; };
		4AC446032709828D000DD64B /* ImageCache.swift */ = {isa = PBXFileReference; lastKnownFileType = sourcecode.swift; path = ImageCache.swift; sourceTree = "<group>"; };
		4AC446052709834E000DD64B /* SearchWorkbookManager.swift */ = {isa = PBXFileReference; lastKnownFileType = sourcecode.swift; path = SearchWorkbookManager.swift; sourceTree = "<group>"; };
		4AC4460827098521000DD64B /* SearchPreviewCell.swift */ = {isa = PBXFileReference; lastKnownFileType = sourcecode.swift; path = SearchPreviewCell.swift; sourceTree = "<group>"; };
		4ACAEB5E2709617D0085ABAE /* Section_Core.swift */ = {isa = PBXFileReference; lastKnownFileType = sourcecode.swift; path = Section_Core.swift; sourceTree = "<group>"; };
		4ACAEB62270962720085ABAE /* Page_Core.swift */ = {isa = PBXFileReference; lastKnownFileType = sourcecode.swift; path = Page_Core.swift; sourceTree = "<group>"; };
		4ACAEB6627097D3F0085ABAE /* SectionHeader_Core.swift */ = {isa = PBXFileReference; lastKnownFileType = sourcecode.swift; path = SectionHeader_Core.swift; sourceTree = "<group>"; };
		4ACAEB6E27097DE50085ABAE /* PreviewOfDB.swift */ = {isa = PBXFileReference; lastKnownFileType = sourcecode.swift; path = PreviewOfDB.swift; sourceTree = "<group>"; };
		4ACAEB7027097DFC0085ABAE /* WorkbookOfDB.swift */ = {isa = PBXFileReference; lastKnownFileType = sourcecode.swift; path = WorkbookOfDB.swift; sourceTree = "<group>"; };
		4ACAEB7227097E130085ABAE /* SectionOfDB.swift */ = {isa = PBXFileReference; lastKnownFileType = sourcecode.swift; path = SectionOfDB.swift; sourceTree = "<group>"; };
		4ACAEB7427097E500085ABAE /* PageOfDB.swift */ = {isa = PBXFileReference; lastKnownFileType = sourcecode.swift; path = PageOfDB.swift; sourceTree = "<group>"; };
		4ACAEB7627097E650085ABAE /* ProblemOfDB.swift */ = {isa = PBXFileReference; lastKnownFileType = sourcecode.swift; path = ProblemOfDB.swift; sourceTree = "<group>"; };
		4AF59D7826F1E53400E7AE26 /* Preview_Core.swift */ = {isa = PBXFileReference; lastKnownFileType = sourcecode.swift; path = Preview_Core.swift; sourceTree = "<group>"; };
		4AF5F32926E3305600ED71E6 /* PageDatas.swift */ = {isa = PBXFileReference; lastKnownFileType = sourcecode.swift; path = PageDatas.swift; sourceTree = "<group>"; };
		87AB9DCC26CB2BDB0019A276 /* Semomoon.app */ = {isa = PBXFileReference; explicitFileType = wrapper.application; includeInIndex = 0; path = Semomoon.app; sourceTree = BUILT_PRODUCTS_DIR; };
		87AB9DCF26CB2BDB0019A276 /* AppDelegate.swift */ = {isa = PBXFileReference; lastKnownFileType = sourcecode.swift; path = AppDelegate.swift; sourceTree = "<group>"; };
		87AB9DD126CB2BDB0019A276 /* SceneDelegate.swift */ = {isa = PBXFileReference; lastKnownFileType = sourcecode.swift; path = SceneDelegate.swift; sourceTree = "<group>"; };
		87AB9DD626CB2BDB0019A276 /* Base */ = {isa = PBXFileReference; lastKnownFileType = file.storyboard; name = Base; path = Base.lproj/Main.storyboard; sourceTree = "<group>"; };
		87AB9DD826CB2BDC0019A276 /* Assets.xcassets */ = {isa = PBXFileReference; lastKnownFileType = folder.assetcatalog; path = Assets.xcassets; sourceTree = "<group>"; };
		87AB9DDB26CB2BDC0019A276 /* Base */ = {isa = PBXFileReference; lastKnownFileType = file.storyboard; name = Base; path = Base.lproj/LaunchScreen.storyboard; sourceTree = "<group>"; };
		87AB9DDD26CB2BDC0019A276 /* Info.plist */ = {isa = PBXFileReference; lastKnownFileType = text.plist.xml; path = Info.plist; sourceTree = "<group>"; };
/* End PBXFileReference section */

/* Begin PBXFrameworksBuildPhase section */
		87AB9DC926CB2BDB0019A276 /* Frameworks */ = {
			isa = PBXFrameworksBuildPhase;
			buildActionMask = 2147483647;
			files = (
				8719B8A726F7331F00423D12 /* Kingfisher in Frameworks */,
				4A3F97FE271A74A300880B86 /* Alamofire in Frameworks */,
			);
			runOnlyForDeploymentPostprocessing = 0;
		};
/* End PBXFrameworksBuildPhase section */

/* Begin PBXGroup section */
		4A3F97FA271A731400880B86 /* Main */ = {
			isa = PBXGroup;
			children = (
				4AA8878826EC81B6009D1A2C /* MainViewController.swift */,
				4A3F980F271A996B00880B86 /* MainViewController+Extension.swift */,
				4A97577826FEFA2F002543D6 /* SideMenuViewController.swift */,
				4A3F980A271A98A000880B86 /* Cell */,
				4A3F9805271A90CB00880B86 /* PreviewManager */,
				4A3F9804271A903000880B86 /* Usecase */,
			);
			path = Main;
			sourceTree = "<group>";
		};
		4A3F9801271A7B3900880B86 /* SearchWorkbook */ = {
			isa = PBXGroup;
			children = (
				4A4D92AF26EDA19E00B82EE9 /* SearchWorkbookViewController.swift */,
				4AC446052709834E000DD64B /* SearchWorkbookManager.swift */,
				4AC4460827098521000DD64B /* SearchPreviewCell.swift */,
			);
			path = SearchWorkbook;
			sourceTree = "<group>";
		};
		4A3F9804271A903000880B86 /* Usecase */ = {
			isa = PBXGroup;
			children = (
				4A3F9813271BD47B00880B86 /* CoreUsecase.swift */,
				4A3F9811271AAD3800880B86 /* LogicTest.swift */,
			);
			path = Usecase;
			sourceTree = "<group>";
		};
		4A3F9805271A90CB00880B86 /* PreviewManager */ = {
			isa = PBXGroup;
			children = (
				4A3F9806271A90DA00880B86 /* PreviewManager.swift */,
			);
			path = PreviewManager;
			sourceTree = "<group>";
		};
		4A3F980A271A98A000880B86 /* Cell */ = {
			isa = PBXGroup;
			children = (
				4A3F980B271A98C200880B86 /* CategoryCell.swift */,
				4A3F980D271A990300880B86 /* PreviewCell.swift */,
			);
			path = Cell;
			sourceTree = "<group>";
		};
		4A55DE5826F70137008F1C35 /* Login */ = {
			isa = PBXGroup;
			children = (
				4A55DE5926F70151008F1C35 /* StartViewController.swift */,
				4A1E742026F70DBD001C3420 /* CertificationViewController.swift */,
				4A1E742226F71AFB001C3420 /* CreateFirstViewController.swift */,
				4A7FA86E26FAFCD90052B6CD /* CreateSecondViewController.swift */,
				4A97577226FEEA7B002543D6 /* LoginViewController.swift */,
				4A97577426FEEBC1002543D6 /* FindIDViewController.swift */,
				4A97577626FEEBCF002543D6 /* FindPasswordViewController.swift */,
			);
			path = Login;
			sourceTree = "<group>";
		};
		4A60E48D27250BDA00946FD5 /* Solving */ = {
			isa = PBXGroup;
			children = (
				4AA9803226D6584D004E8FCC /* SolvingViewController.swift */,
				4A60E49027250F9A00946FD5 /* ProblemNameCell.swift */,
				4A60E49627251AB700946FD5 /* LayoutManager.swift */,
				4A60E4982725499D00946FD5 /* Models */,
				4A60E48E27250BF000946FD5 /* LayoutViewControllers */,
			);
			path = Solving;
			sourceTree = "<group>";
		};
		4A60E48E27250BF000946FD5 /* LayoutViewControllers */ = {
			isa = PBXGroup;
			children = (
				4A6AFE9726D645CC00E65561 /* SingleWith5Answer.swift */,
				4A6AFE9926D645DA00E65561 /* SingleWithTextAnswer.swift */,
				4A6AFE9B26D64B5F00E65561 /* MultipleWith5Answer.swift */,
				4A60E4922725199100946FD5 /* SingleWith4Answer.swift */,
				4A60E494272519B700946FD5 /* MultipleWithNoAnswer.swift */,
			);
			path = LayoutViewControllers;
			sourceTree = "<group>";
		};
		4A60E48F27250C2800946FD5 /* Model */ = {
			isa = PBXGroup;
			children = (
			);
			name = Model;
			path = Solving/Model;
			sourceTree = "<group>";
		};
		4A60E4982725499D00946FD5 /* Models */ = {
			isa = PBXGroup;
			children = (
				4A60E499272549C700946FD5 /* PageData.swift */,
			);
			path = Models;
			sourceTree = "<group>";
		};
		4A6AFE9426D6455F00E65561 /* ViewController */ = {
			isa = PBXGroup;
			children = (
				4A12461A26F1F39F00402F58 /* ShowDetailOfWorkbookViewController.swift */,
			);
			path = ViewController;
			sourceTree = "<group>";
		};
		4A8BEE6226E4863400613602 /* Extension */ = {
			isa = PBXGroup;
			children = (
				4A8BEE6326E4865700613602 /* PKDrawing.swift */,
				4A55DE5626F6FF7C008F1C35 /* UIButton.swift */,
			);
			path = Extension;
			sourceTree = "<group>";
		};
		4AC4460227098284000DD64B /* Cache */ = {
			isa = PBXGroup;
			children = (
				4AC446032709828D000DD64B /* ImageCache.swift */,
			);
			path = Cache;
			sourceTree = "<group>";
		};
		4ACAEB6927097D6D0085ABAE /* Network */ = {
			isa = PBXGroup;
			children = (
				4A3F97FF271A74E900880B86 /* Network.swift */,
				4AA19F6E2700357F00C600CF /* NetworkUsecase.swift */,
				4A3538B826FB07E800F3A1F3 /* Query.swift */,
				4ACAEB6D27097DD60085ABAE /* JsonObjects */,
			);
			path = Network;
			sourceTree = "<group>";
		};
		4ACAEB6D27097DD60085ABAE /* JsonObjects */ = {
			isa = PBXGroup;
			children = (
				4ACAEB6E27097DE50085ABAE /* PreviewOfDB.swift */,
				4ACAEB7027097DFC0085ABAE /* WorkbookOfDB.swift */,
				4ACAEB7227097E130085ABAE /* SectionOfDB.swift */,
				4ACAEB7427097E500085ABAE /* PageOfDB.swift */,
				4ACAEB7627097E650085ABAE /* ProblemOfDB.swift */,
			);
			path = JsonObjects;
			sourceTree = "<group>";
		};
		4AF59D7B26F1E53D00E7AE26 /* CoreData */ = {
			isa = PBXGroup;
			children = (
				4A99CC2926F5AE55000D0AF9 /* CoreDataManager.swift */,
				4AF59D7826F1E53400E7AE26 /* Preview_Core.swift */,
				4ACAEB6627097D3F0085ABAE /* SectionHeader_Core.swift */,
				4ACAEB5E2709617D0085ABAE /* Section_Core.swift */,
				4ACAEB62270962720085ABAE /* Page_Core.swift */,
				4A8EA9DA27095CDB007B4900 /* Problem_Core.swift */,
			);
			path = CoreData;
			sourceTree = "<group>";
		};
		4AF5F32826E3302300ED71E6 /* Model */ = {
			isa = PBXGroup;
			children = (
				4AF5F32926E3305600ED71E6 /* PageDatas.swift */,
				4AA8878626EC727E009D1A2C /* Preview.swift */,
				4A8BEE6F26E490FB00613602 /* Workbook.swift */,
				4A8BEE6B26E4903A00613602 /* Section.swift */,
				4A8BEE6926E48FBA00613602 /* Page.swift */,
				4A8BEE6526E48D8B00613602 /* Problem.swift */,
				4A8BEE6726E48F3D00613602 /* Submission.swift */,
				4A8BEE6D26E490AB00613602 /* Report.swift */,
				4A8BEE7126E491BF00613602 /* User.swift */,
				4A8BEE7326E4925100613602 /* History.swift */,
			);
			path = Model;
			sourceTree = "<group>";
		};
		872A187426E79FE500806320 /* App */ = {
			isa = PBXGroup;
			children = (
				4A2BE42526D214AD0095CBCF /* CoreGraphics+Z.swift */,
			);
			path = App;
			sourceTree = "<group>";
		};
		87AB9DC326CB2BDB0019A276 = {
			isa = PBXGroup;
			children = (
				87AB9DCE26CB2BDB0019A276 /* Semomoon */,
				87AB9DCD26CB2BDB0019A276 /* Products */,
			);
			sourceTree = "<group>";
		};
		87AB9DCD26CB2BDB0019A276 /* Products */ = {
			isa = PBXGroup;
			children = (
				87AB9DCC26CB2BDB0019A276 /* Semomoon.app */,
			);
			name = Products;
			sourceTree = "<group>";
		};
		87AB9DCE26CB2BDB0019A276 /* Semomoon */ = {
			isa = PBXGroup;
			children = (
				4A55DE5826F70137008F1C35 /* Login */,
				4A3F97FA271A731400880B86 /* Main */,
				4A3F9801271A7B3900880B86 /* SearchWorkbook */,
				4A60E48D27250BDA00946FD5 /* Solving */,
				4A60E48F27250C2800946FD5 /* Model */,
				4A6AFE9426D6455F00E65561 /* ViewController */,
				4A8BEE6226E4863400613602 /* Extension */,
				4AF5F32826E3302300ED71E6 /* Model */,
				4AF59D7B26F1E53D00E7AE26 /* CoreData */,
				4AC4460227098284000DD64B /* Cache */,
				4ACAEB6927097D6D0085ABAE /* Network */,
				872A187426E79FE500806320 /* App */,
				87AB9DCF26CB2BDB0019A276 /* AppDelegate.swift */,
				87AB9DD126CB2BDB0019A276 /* SceneDelegate.swift */,
				87AB9DDA26CB2BDC0019A276 /* LaunchScreen.storyboard */,
				87AB9DD526CB2BDB0019A276 /* Main.storyboard */,
				87AB9DD826CB2BDC0019A276 /* Assets.xcassets */,
				87AB9DDD26CB2BDC0019A276 /* Info.plist */,
				4A9470C326EDED7D000BB59C /* Semomoon.xcdatamodeld */,
			);
			path = Semomoon;
			sourceTree = "<group>";
		};
/* End PBXGroup section */

/* Begin PBXNativeTarget section */
		87AB9DCB26CB2BDB0019A276 /* Semomoon */ = {
			isa = PBXNativeTarget;
			buildConfigurationList = 87AB9DF626CB2BDC0019A276 /* Build configuration list for PBXNativeTarget "Semomoon" */;
			buildPhases = (
				87AB9DC826CB2BDB0019A276 /* Sources */,
				87AB9DC926CB2BDB0019A276 /* Frameworks */,
				87AB9DCA26CB2BDB0019A276 /* Resources */,
			);
			buildRules = (
			);
			dependencies = (
			);
			name = Semomoon;
			packageProductDependencies = (
				8719B8A626F7331F00423D12 /* Kingfisher */,
				4A3F97FD271A74A300880B86 /* Alamofire */,
			);
			productName = Semomoon;
			productReference = 87AB9DCC26CB2BDB0019A276 /* Semomoon.app */;
			productType = "com.apple.product-type.application";
		};
/* End PBXNativeTarget section */

/* Begin PBXProject section */
		87AB9DC426CB2BDB0019A276 /* Project object */ = {
			isa = PBXProject;
			attributes = {
				LastSwiftUpdateCheck = 1250;
				LastUpgradeCheck = 1250;
				TargetAttributes = {
					87AB9DCB26CB2BDB0019A276 = {
						CreatedOnToolsVersion = 12.5.1;
					};
				};
			};
			buildConfigurationList = 87AB9DC726CB2BDB0019A276 /* Build configuration list for PBXProject "Semomoon" */;
			compatibilityVersion = "Xcode 9.3";
			developmentRegion = en;
			hasScannedForEncodings = 0;
			knownRegions = (
				en,
				Base,
			);
			mainGroup = 87AB9DC326CB2BDB0019A276;
			packageReferences = (
				8719B8A526F7331F00423D12 /* XCRemoteSwiftPackageReference "Kingfisher" */,
				4A3F97FC271A74A300880B86 /* XCRemoteSwiftPackageReference "Alamofire" */,
			);
			productRefGroup = 87AB9DCD26CB2BDB0019A276 /* Products */;
			projectDirPath = "";
			projectRoot = "";
			targets = (
				87AB9DCB26CB2BDB0019A276 /* Semomoon */,
			);
		};
/* End PBXProject section */

/* Begin PBXResourcesBuildPhase section */
		87AB9DCA26CB2BDB0019A276 /* Resources */ = {
			isa = PBXResourcesBuildPhase;
			buildActionMask = 2147483647;
			files = (
				87AB9DDC26CB2BDC0019A276 /* LaunchScreen.storyboard in Resources */,
				87AB9DD926CB2BDC0019A276 /* Assets.xcassets in Resources */,
				87AB9DD726CB2BDB0019A276 /* Main.storyboard in Resources */,
			);
			runOnlyForDeploymentPostprocessing = 0;
		};
/* End PBXResourcesBuildPhase section */

/* Begin PBXSourcesBuildPhase section */
		87AB9DC826CB2BDB0019A276 /* Sources */ = {
			isa = PBXSourcesBuildPhase;
			buildActionMask = 2147483647;
			files = (
				4A1E742326F71AFB001C3420 /* CreateFirstViewController.swift in Sources */,
				4AC446042709828D000DD64B /* ImageCache.swift in Sources */,
				4A3F9800271A74E900880B86 /* Network.swift in Sources */,
				4A8BEE7426E4925100613602 /* History.swift in Sources */,
				4ACAEB6F27097DE50085ABAE /* PreviewOfDB.swift in Sources */,
				4ACAEB7327097E130085ABAE /* SectionOfDB.swift in Sources */,
				4A55DE5726F6FF7C008F1C35 /* UIButton.swift in Sources */,
				4ACAEB7127097DFC0085ABAE /* WorkbookOfDB.swift in Sources */,
				4A8BEE6426E4865700613602 /* PKDrawing.swift in Sources */,
				4A7FA86F26FAFCD90052B6CD /* CreateSecondViewController.swift in Sources */,
				4AF5F32A26E3305600ED71E6 /* PageDatas.swift in Sources */,
				87AB9DD026CB2BDB0019A276 /* AppDelegate.swift in Sources */,
				4A60E495272519B700946FD5 /* MultipleWithNoAnswer.swift in Sources */,
				4A55DE5A26F70151008F1C35 /* StartViewController.swift in Sources */,
				4A8BEE6626E48D8B00613602 /* Problem.swift in Sources */,
				4A97577526FEEBC1002543D6 /* FindIDViewController.swift in Sources */,
				4ACAEB7727097E650085ABAE /* ProblemOfDB.swift in Sources */,
				4AF59D7A26F1E53400E7AE26 /* Preview_Core.swift in Sources */,
				4AC446062709834E000DD64B /* SearchWorkbookManager.swift in Sources */,
				4A60E49727251AB700946FD5 /* LayoutManager.swift in Sources */,
				4A8BEE7226E491BF00613602 /* User.swift in Sources */,
				4AC4460927098521000DD64B /* SearchPreviewCell.swift in Sources */,
				4A9470C526EDED7D000BB59C /* Semomoon.xcdatamodeld in Sources */,
				4A6AFE9C26D64B5F00E65561 /* MultipleWith5Answer.swift in Sources */,
				4A8BEE7026E490FB00613602 /* Workbook.swift in Sources */,
				4ACAEB6827097D3F0085ABAE /* SectionHeader_Core.swift in Sources */,
				4A6AFE9A26D645DA00E65561 /* SingleWithTextAnswer.swift in Sources */,
				4ACAEB602709617D0085ABAE /* Section_Core.swift in Sources */,
				4A97577726FEEBCF002543D6 /* FindPasswordViewController.swift in Sources */,
				4A3F9812271AAD3800880B86 /* LogicTest.swift in Sources */,
				4A60E49127250F9A00946FD5 /* ProblemNameCell.swift in Sources */,
				4A6AFE9826D645CC00E65561 /* SingleWith5Answer.swift in Sources */,
				4A3538B926FB07E800F3A1F3 /* Query.swift in Sources */,
				4A60E49A272549C700946FD5 /* PageData.swift in Sources */,
				4A3F9807271A90DA00880B86 /* PreviewManager.swift in Sources */,
				4A3F980E271A990300880B86 /* PreviewCell.swift in Sources */,
				4AA8878926EC81B6009D1A2C /* MainViewController.swift in Sources */,
				4A8BEE6C26E4903A00613602 /* Section.swift in Sources */,
				4A1E742126F70DBD001C3420 /* CertificationViewController.swift in Sources */,
				4A60E4932725199100946FD5 /* SingleWith4Answer.swift in Sources */,
				4A8BEE6826E48F3D00613602 /* Submission.swift in Sources */,
				4A8BEE6E26E490AB00613602 /* Report.swift in Sources */,
				4A8BEE6A26E48FBA00613602 /* Page.swift in Sources */,
				4A3F9810271A996B00880B86 /* MainViewController+Extension.swift in Sources */,
				4ACAEB64270962720085ABAE /* Page_Core.swift in Sources */,
				4A3F980C271A98C200880B86 /* CategoryCell.swift in Sources */,
				87AB9DD226CB2BDB0019A276 /* SceneDelegate.swift in Sources */,
				4A99CC2A26F5AE55000D0AF9 /* CoreDataManager.swift in Sources */,
				4AA19F6F2700357F00C600CF /* NetworkUsecase.swift in Sources */,
				4A97577926FEFA2F002543D6 /* SideMenuViewController.swift in Sources */,
				4A3F9814271BD47B00880B86 /* CoreUsecase.swift in Sources */,
				4A2BE42626D214AD0095CBCF /* CoreGraphics+Z.swift in Sources */,
				4AA8878726EC727E009D1A2C /* Preview.swift in Sources */,
				4A12461B26F1F39F00402F58 /* ShowDetailOfWorkbookViewController.swift in Sources */,
				4A97577326FEEA7B002543D6 /* LoginViewController.swift in Sources */,
				4A8EA9DC27095CDB007B4900 /* Problem_Core.swift in Sources */,
				4ACAEB7527097E500085ABAE /* PageOfDB.swift in Sources */,
				4A4D92B026EDA19E00B82EE9 /* SearchWorkbookViewController.swift in Sources */,
				4AA9803326D6584D004E8FCC /* SolvingViewController.swift in Sources */,
			);
			runOnlyForDeploymentPostprocessing = 0;
		};
/* End PBXSourcesBuildPhase section */

/* Begin PBXVariantGroup section */
		87AB9DD526CB2BDB0019A276 /* Main.storyboard */ = {
			isa = PBXVariantGroup;
			children = (
				87AB9DD626CB2BDB0019A276 /* Base */,
			);
			name = Main.storyboard;
			sourceTree = "<group>";
		};
		87AB9DDA26CB2BDC0019A276 /* LaunchScreen.storyboard */ = {
			isa = PBXVariantGroup;
			children = (
				87AB9DDB26CB2BDC0019A276 /* Base */,
			);
			name = LaunchScreen.storyboard;
			sourceTree = "<group>";
		};
/* End PBXVariantGroup section */

/* Begin XCBuildConfiguration section */
		87AB9DF426CB2BDC0019A276 /* Debug */ = {
			isa = XCBuildConfiguration;
			buildSettings = {
				ALWAYS_SEARCH_USER_PATHS = NO;
				CLANG_ANALYZER_NONNULL = YES;
				CLANG_ANALYZER_NUMBER_OBJECT_CONVERSION = YES_AGGRESSIVE;
				CLANG_CXX_LANGUAGE_STANDARD = "gnu++14";
				CLANG_CXX_LIBRARY = "libc++";
				CLANG_ENABLE_MODULES = YES;
				CLANG_ENABLE_OBJC_ARC = YES;
				CLANG_ENABLE_OBJC_WEAK = YES;
				CLANG_WARN_BLOCK_CAPTURE_AUTORELEASING = YES;
				CLANG_WARN_BOOL_CONVERSION = YES;
				CLANG_WARN_COMMA = YES;
				CLANG_WARN_CONSTANT_CONVERSION = YES;
				CLANG_WARN_DEPRECATED_OBJC_IMPLEMENTATIONS = YES;
				CLANG_WARN_DIRECT_OBJC_ISA_USAGE = YES_ERROR;
				CLANG_WARN_DOCUMENTATION_COMMENTS = YES;
				CLANG_WARN_EMPTY_BODY = YES;
				CLANG_WARN_ENUM_CONVERSION = YES;
				CLANG_WARN_INFINITE_RECURSION = YES;
				CLANG_WARN_INT_CONVERSION = YES;
				CLANG_WARN_NON_LITERAL_NULL_CONVERSION = YES;
				CLANG_WARN_OBJC_IMPLICIT_RETAIN_SELF = YES;
				CLANG_WARN_OBJC_LITERAL_CONVERSION = YES;
				CLANG_WARN_OBJC_ROOT_CLASS = YES_ERROR;
				CLANG_WARN_QUOTED_INCLUDE_IN_FRAMEWORK_HEADER = YES;
				CLANG_WARN_RANGE_LOOP_ANALYSIS = YES;
				CLANG_WARN_STRICT_PROTOTYPES = YES;
				CLANG_WARN_SUSPICIOUS_MOVE = YES;
				CLANG_WARN_UNGUARDED_AVAILABILITY = YES_AGGRESSIVE;
				CLANG_WARN_UNREACHABLE_CODE = YES;
				CLANG_WARN__DUPLICATE_METHOD_MATCH = YES;
				COPY_PHASE_STRIP = NO;
				DEBUG_INFORMATION_FORMAT = dwarf;
				ENABLE_STRICT_OBJC_MSGSEND = YES;
				ENABLE_TESTABILITY = YES;
				GCC_C_LANGUAGE_STANDARD = gnu11;
				GCC_DYNAMIC_NO_PIC = NO;
				GCC_NO_COMMON_BLOCKS = YES;
				GCC_OPTIMIZATION_LEVEL = 0;
				GCC_PREPROCESSOR_DEFINITIONS = (
					"DEBUG=1",
					"$(inherited)",
				);
				GCC_WARN_64_TO_32_BIT_CONVERSION = YES;
				GCC_WARN_ABOUT_RETURN_TYPE = YES_ERROR;
				GCC_WARN_UNDECLARED_SELECTOR = YES;
				GCC_WARN_UNINITIALIZED_AUTOS = YES_AGGRESSIVE;
				GCC_WARN_UNUSED_FUNCTION = YES;
				GCC_WARN_UNUSED_VARIABLE = YES;
				IPHONEOS_DEPLOYMENT_TARGET = 14.5;
				MTL_ENABLE_DEBUG_INFO = INCLUDE_SOURCE;
				MTL_FAST_MATH = YES;
				ONLY_ACTIVE_ARCH = YES;
				SDKROOT = iphoneos;
				SWIFT_ACTIVE_COMPILATION_CONDITIONS = DEBUG;
				SWIFT_OPTIMIZATION_LEVEL = "-Onone";
			};
			name = Debug;
		};
		87AB9DF526CB2BDC0019A276 /* Release */ = {
			isa = XCBuildConfiguration;
			buildSettings = {
				ALWAYS_SEARCH_USER_PATHS = NO;
				CLANG_ANALYZER_NONNULL = YES;
				CLANG_ANALYZER_NUMBER_OBJECT_CONVERSION = YES_AGGRESSIVE;
				CLANG_CXX_LANGUAGE_STANDARD = "gnu++14";
				CLANG_CXX_LIBRARY = "libc++";
				CLANG_ENABLE_MODULES = YES;
				CLANG_ENABLE_OBJC_ARC = YES;
				CLANG_ENABLE_OBJC_WEAK = YES;
				CLANG_WARN_BLOCK_CAPTURE_AUTORELEASING = YES;
				CLANG_WARN_BOOL_CONVERSION = YES;
				CLANG_WARN_COMMA = YES;
				CLANG_WARN_CONSTANT_CONVERSION = YES;
				CLANG_WARN_DEPRECATED_OBJC_IMPLEMENTATIONS = YES;
				CLANG_WARN_DIRECT_OBJC_ISA_USAGE = YES_ERROR;
				CLANG_WARN_DOCUMENTATION_COMMENTS = YES;
				CLANG_WARN_EMPTY_BODY = YES;
				CLANG_WARN_ENUM_CONVERSION = YES;
				CLANG_WARN_INFINITE_RECURSION = YES;
				CLANG_WARN_INT_CONVERSION = YES;
				CLANG_WARN_NON_LITERAL_NULL_CONVERSION = YES;
				CLANG_WARN_OBJC_IMPLICIT_RETAIN_SELF = YES;
				CLANG_WARN_OBJC_LITERAL_CONVERSION = YES;
				CLANG_WARN_OBJC_ROOT_CLASS = YES_ERROR;
				CLANG_WARN_QUOTED_INCLUDE_IN_FRAMEWORK_HEADER = YES;
				CLANG_WARN_RANGE_LOOP_ANALYSIS = YES;
				CLANG_WARN_STRICT_PROTOTYPES = YES;
				CLANG_WARN_SUSPICIOUS_MOVE = YES;
				CLANG_WARN_UNGUARDED_AVAILABILITY = YES_AGGRESSIVE;
				CLANG_WARN_UNREACHABLE_CODE = YES;
				CLANG_WARN__DUPLICATE_METHOD_MATCH = YES;
				COPY_PHASE_STRIP = NO;
				DEBUG_INFORMATION_FORMAT = "dwarf-with-dsym";
				ENABLE_NS_ASSERTIONS = NO;
				ENABLE_STRICT_OBJC_MSGSEND = YES;
				GCC_C_LANGUAGE_STANDARD = gnu11;
				GCC_NO_COMMON_BLOCKS = YES;
				GCC_WARN_64_TO_32_BIT_CONVERSION = YES;
				GCC_WARN_ABOUT_RETURN_TYPE = YES_ERROR;
				GCC_WARN_UNDECLARED_SELECTOR = YES;
				GCC_WARN_UNINITIALIZED_AUTOS = YES_AGGRESSIVE;
				GCC_WARN_UNUSED_FUNCTION = YES;
				GCC_WARN_UNUSED_VARIABLE = YES;
				IPHONEOS_DEPLOYMENT_TARGET = 14.5;
				MTL_ENABLE_DEBUG_INFO = NO;
				MTL_FAST_MATH = YES;
				SDKROOT = iphoneos;
				SWIFT_COMPILATION_MODE = wholemodule;
				SWIFT_OPTIMIZATION_LEVEL = "-O";
				VALIDATE_PRODUCT = YES;
			};
			name = Release;
		};
		87AB9DF726CB2BDC0019A276 /* Debug */ = {
			isa = XCBuildConfiguration;
			buildSettings = {
				ASSETCATALOG_COMPILER_APPICON_NAME = AppIcon;
				ASSETCATALOG_COMPILER_GLOBAL_ACCENT_COLOR_NAME = AccentColor;
				CODE_SIGN_STYLE = Automatic;
				DEVELOPMENT_TEAM = 2C96RNDN63;
				INFOPLIST_FILE = Semomoon/Info.plist;
				IPHONEOS_DEPLOYMENT_TARGET = 14.0;
				LD_RUNPATH_SEARCH_PATHS = (
					"$(inherited)",
					"@executable_path/Frameworks",
				);
				PRODUCT_BUNDLE_IDENTIFIER = com.FDEE.test.Semomoon;
				PRODUCT_NAME = "$(TARGET_NAME)";
				SWIFT_VERSION = 5.0;
				TARGETED_DEVICE_FAMILY = "1,2";
			};
			name = Debug;
		};
		87AB9DF826CB2BDC0019A276 /* Release */ = {
			isa = XCBuildConfiguration;
			buildSettings = {
				ASSETCATALOG_COMPILER_APPICON_NAME = AppIcon;
				ASSETCATALOG_COMPILER_GLOBAL_ACCENT_COLOR_NAME = AccentColor;
				CODE_SIGN_STYLE = Automatic;
				DEVELOPMENT_TEAM = 2C96RNDN63;
				INFOPLIST_FILE = Semomoon/Info.plist;
				IPHONEOS_DEPLOYMENT_TARGET = 14.0;
				LD_RUNPATH_SEARCH_PATHS = (
					"$(inherited)",
					"@executable_path/Frameworks",
				);
				PRODUCT_BUNDLE_IDENTIFIER = com.FDEE.test.Semomoon;
				PRODUCT_NAME = "$(TARGET_NAME)";
				SWIFT_VERSION = 5.0;
				TARGETED_DEVICE_FAMILY = "1,2";
			};
			name = Release;
		};
/* End XCBuildConfiguration section */

/* Begin XCConfigurationList section */
		87AB9DC726CB2BDB0019A276 /* Build configuration list for PBXProject "Semomoon" */ = {
			isa = XCConfigurationList;
			buildConfigurations = (
				87AB9DF426CB2BDC0019A276 /* Debug */,
				87AB9DF526CB2BDC0019A276 /* Release */,
			);
			defaultConfigurationIsVisible = 0;
			defaultConfigurationName = Release;
		};
		87AB9DF626CB2BDC0019A276 /* Build configuration list for PBXNativeTarget "Semomoon" */ = {
			isa = XCConfigurationList;
			buildConfigurations = (
				87AB9DF726CB2BDC0019A276 /* Debug */,
				87AB9DF826CB2BDC0019A276 /* Release */,
			);
			defaultConfigurationIsVisible = 0;
			defaultConfigurationName = Release;
		};
/* End XCConfigurationList section */

/* Begin XCRemoteSwiftPackageReference section */
		4A3F97FC271A74A300880B86 /* XCRemoteSwiftPackageReference "Alamofire" */ = {
			isa = XCRemoteSwiftPackageReference;
			repositoryURL = "https://github.com/Alamofire/Alamofire";
			requirement = {
				kind = upToNextMajorVersion;
				minimumVersion = 5.0.0;
			};
		};
		8719B8A526F7331F00423D12 /* XCRemoteSwiftPackageReference "Kingfisher" */ = {
			isa = XCRemoteSwiftPackageReference;
			repositoryURL = "https://github.com/onevcat/Kingfisher";
			requirement = {
				kind = upToNextMajorVersion;
				minimumVersion = 6.3.1;
			};
		};
/* End XCRemoteSwiftPackageReference section */

/* Begin XCSwiftPackageProductDependency section */
		4A3F97FD271A74A300880B86 /* Alamofire */ = {
			isa = XCSwiftPackageProductDependency;
			package = 4A3F97FC271A74A300880B86 /* XCRemoteSwiftPackageReference "Alamofire" */;
			productName = Alamofire;
		};
		8719B8A626F7331F00423D12 /* Kingfisher */ = {
			isa = XCSwiftPackageProductDependency;
			package = 8719B8A526F7331F00423D12 /* XCRemoteSwiftPackageReference "Kingfisher" */;
			productName = Kingfisher;
		};
/* End XCSwiftPackageProductDependency section */

/* Begin XCVersionGroup section */
		4A9470C326EDED7D000BB59C /* Semomoon.xcdatamodeld */ = {
			isa = XCVersionGroup;
			children = (
				4A9470C426EDED7D000BB59C /* Semomoon.xcdatamodel */,
			);
			currentVersion = 4A9470C426EDED7D000BB59C /* Semomoon.xcdatamodel */;
			path = Semomoon.xcdatamodeld;
			sourceTree = "<group>";
			versionGroupType = wrapper.xcdatamodel;
		};
/* End XCVersionGroup section */
	};
	rootObject = 87AB9DC426CB2BDB0019A276 /* Project object */;
}
